U2FsdGVkX1/fN8aWj17FcjOjNDVwO9R5oWCgSjYdz59rckhiu97pniyUWKYnOZvj
GsSzzsaMqohLU6QkST1Bn4eVkxsawpEFHjnZvdrrfvrPjdgclAcqL8SgQ0ES4ANS
Is26tIJ6mrW1ZdphefFVKDr6vLczKXxwNoPxFw5PtVPNirIkrFTfycIIKd1aLAm4
e4Tl2OTF00MrJKvqB1xngXI75VYdX2FUA8doIWXwRDS/56mDfe8E7MPedoi7ryg3
q7CYYf9lrFXLSzh26LbD7+tNj11A5k13wwJjt2yB0KlHAdF3/9/ORFKmw4cyuMMT
TmCLpkfaYiVBlvnqs5nRBE8IyAyAzBdVNSIPQdBDv6kr9yO/0LVQ3ALTqjLewdXt
FTKmGSSgUKdpxC8B/0ZTVK1rUdh1+F9u7Y64kOuj+Ww/cZ2iH+mV6gysNDaLhG5M
BLI2pSKVF4W1OZvVyznVAUeB5A/f0z9U8NiBq9De/62Q+QTcosN/W00aBVRN4jkC
tPblEl9UzjhMAawIwp87yFkm1aQROgcTI4Jd0bCqK4ZpPsEbP7eaz5lHpuPMqSDo
CyJUc0+DVp7tkAK7EVHFs7r90CIfF0rB0UUK5aqUeDPqzQ9gOL4sDLExeTD/isam
4QDKoKBKdgXy2h13wrYE+dkzecBQxz4xsVjrj6F4i0XC709rG/GPfV5xS+UreefJ
ukAIhlycr+3Zm7XwgI9aWUeB5A/f0z9U8NiBq9De/62Q+QTcosN/W00aBVRN4jkC
oBFSQPNvu6n2iR5g7pliVCFXCDRMjJYa1mAPJ/caXm6lLA8QXGzQRfI1hauD0Qxi
M1izphd1jwq2NAuyPPrJjJxaxbnWn6x+QmV/p25crtxKzAbqMkwQ+SQrmYkOTxTK
RWGoIvEYAwY/6rI6vOdkCimZVTkq/fzZS+92nJUYXXOw/IUtUZ8k+8FYrDpfmoRv
BiWF9r3CzDSsi5aAJO/jyrmFMnS7PeSF80mDdi+wSh14ajfmk7iU+JV9whpWEUYz
y8DX94VOxN754tUXmoaVIpZO0Ryz13SHoOLb2/nsM4AEQhe8VqwzhvvYk2DnTAwr
O4bncwCPpOtVgt7SAmANPnGlUUadkTIEnRy3Ue8XyAesL+0RGJnrOX3gOJEjqI8z
IFy5RBOcQSwW0ghK2UJn7eYModRG7HtcqHRUXOKkWTHvvkHGROPXLbik3rBdhjfi
+YE9MkSn3UyOP0bphGTlFiODNBypN/lXgpJGtItweAk6iSqHDt1wtJJXiG1rd8R0
pfarliKzjHoRhB5d5IwyJUjl8p0zxi+9b1FXpMYOf05GS8ouVvoOs4Az4amiO1os
C6SO2y3Nu84qEjoWc/+4IbgJbcrKmWJ1o0/LQ3VAwbx7fIn+1Bn+HEBRP/fMpYVj
YM5osuunnrEX9+5lBwAc+1v23I2ZgWMbMAQLfjLKrW2WTtEcs9d0h6Di29v57DOA
BEIXvFasM4b72JNg50wMKzuG53MAj6TrVYLe0gJgDT5xpVFGnZEyBJ0ct1HvF8gH
rC/tERiZ6zl94DiRI6iPMzdh68/8Pg4AlDvJSttznq1BUffKt34IlgRL43iFluwh
xV7LzGgEPYlmbd906x5N7wkXc+Ui9WbWNQLucZ5xrjkpDi5F74wYVPrD14lJcUmt
oEQQuWsOlyxvPSm6oNaeNcFueDp8ICBMgtFyDZnYEWtMAxKYoiLO6kIeuUtcaJPr
dgzaW2Ari36hHwBH8ohvqfRGelQkBZOavjYbkE7Kud23yF3hlI1a6wa38ZQXjUiz
NQirB7lxFXU6MxbDj5ZmmcOhpooBw84VzYCUWZft0A3ZklrztFHCfT6GJQXYe5bp
d2pQQI1BV3wt+ozqngG1s39SRKPNZy4sb5jBmajhcISztg0nHBHHi7Hi+I4cdA4o
djz3VXHxjVk4ozL1NCQ6IEfvTe3Vwjf0rrh8QjyWf4VTGTbwybZC3FYdGM4Czymt
WzeqNwZkJGz6gVC/ftAJGeYModRG7HtcqHRUXOKkWTHvvkHGROPXLbik3rBdhjfi
+YE9MkSn3UyOP0bphGTlFiODNBypN/lXgpJGtItweAk6iSqHDt1wtJJXiG1rd8R0
mnbGphJCnrR3Hzr2ezhRYCN2zYTYVgLjmlFeWDmVn9NuxVJgF6FNYTUhmk3KWxo9
Un+Bs0wl78pD51SXIkVB9bTncFjXb/6Znmx3bR+Zs39bKlcHkvM7cwRinKbaYsXS
NQeUSfzqCyf8yL1O5/D6HG4n2nUP0pwLJY2mXh5eBwcefHCEGqJSBv4dh3k7VWum
u771D1CVP5G8LmYKCgXXNVi0HLJNrQlheHgQSWcpvrgLKODqbd5c+6euaNMIID71
nX6Anqi/iHUTQPOFGb8c0wLLYfXYPQrEYejh2Fj9CxHfQ4135MR5jzFnG8LmTFtX
/bAHcSD/q+36pNnMD97k4gt03f+NnJRDOi6/vHjEg6eXj8D51bAPZ3pYE1aOIYDh
1hnHb+NmrbWK9s/NRunEp2OuHoku7GoQqF2UwIE0XmPmSpSajWJwxOP45oVq8oq6
xliSZr80calzS9D+x+adcrtKmX01Ff78HmycJlHLaZSAGp/6ko6ChsnLhypmazKb
NlFyFQxY91X85nCKlQ30olL/VOQ3h/7+XMsCRbDdX+DTr2lAdXRr7aK/qqLic/3e
R7TWOoWmKKWcbmRbMRYFFVQMdGYY/Mjzzb0cAIaxNo246y4cic5NZieSII+AMAAT
OS7g/oDgCcdi9QsDYvVjPNqYt3HwtnMz4l4UWb/PACt9dSFq4YyxhRx4PmGIDdHM
tCnMkxxFFPvHxu76VoKXVmJIgPusKzXhbIJGmcJ/eD6ua9Ag0O1UVZISq5Sv1gp0
cxvURpeYtSzDQtNh/4su+PT45JVTO4FwuERMxd8GOLBJFcwKIJjYELWgRuDK4OIr
nhq9T0x2KkZkiyO97T2lLWPx24KzBtzEN0HFgV+GPfJYq966tlwcUrxXxqeV1uOq
kZr0szZX6cPMYpBQ1ewVc1i0HLJNrQlheHgQSWcpvrgLKODqbd5c+6euaNMIID71
nX6Anqi/iHUTQPOFGb8c0wLLYfXYPQrEYejh2Fj9CxHfQ4135MR5jzFnG8LmTFtX
k7tEH53+cVPXCD9Z/MpyBDqQtICiQdaTuh0zlhpFhrWf505cnqLJsEkGjbVrI1DU
C6SO2y3Nu84qEjoWc/+4IZPhILU42bePJ6WkPadfb8cKtHVZILgMqo6Fw6T95BuV
YM5osuunnrEX9+5lBwAc++y/4DwZZLa9hBqgFqvD/ztOpgQ1jFrtHPl9p5JowTgd
n+dOXJ6iybBJBo21ayNQ1AukjtstzbvOKhI6FnP/uCGT4SC1ONm3jyelpD2nX2/H
ZLM+vj/dekvVq61Q/2rpkr0ErnvTPD2CPRmpEx+gTnP1DexlNuvUeOpwxFuGWYMb
hP8jq5A069v6ToLJNm/59Ygej3LzwPv7Hn+ADk2mB1czgz2yvp1Rb9P52H0FNUGV
Un+Bs0wl78pD51SXIkVB9fuqoWAD19Y0co9ZSv9WP840Ir8rLc+dgiNSLPKcHVfv
vlKxKax41zdu1nGZ/bKhRLzt4KIXVJ7UFd6eDniQgregeoPV1QhenU7RYZtG9cvf
3udSM9ySk7P8Jr884yFacQBBaSPL4PfZSe5WO92JHxZLzoakhqPqhBwVrTZu5b1c
Cyjg6m3eXPunrmjTCCA+9U2/P13iieyp9L2+keUXTz3FUF2qCMygs2WL5Zxx6Zhm
kxp4RxoHMcPPhCoB03e+tlf7keC8K7ET9mD0M/E9EVs=
