U2FsdGVkX1/fN8aWj17Fcg76E7UgHDFX9G3RYHRLN2/0rBa/8TRjRVkFJXLgQVBF
UasCAynD5wocrTAqZ7mEgCt2+M2w4k52yTbCi2KrCDL+i10VHzWPqsCYokXWomNf
kRfGuQAwR7ltuRid929IBmi2F9+GtEi0meaiuU3SVdg/D77PYTRmUP3po0aIsGC4
gPRcyynC26Ec1kP97naBsnFVvgzMgdU1RWWj+gtbOEly6SuIWFj+czq3bLmIx/wI
kyZebM6+Qg6vQHE59jEVVgbJXDdvBTOlMg+V9iL86yVMRFbe9CvCrm3OSbYEHhRf
TKVHat/FiPK9PNqlM8sQdr5wmRNKPXZ9IF8AmM0ywBA014uceVgukU1rFvcv1K3N
piEJowzz4dHDii/kkFuh1OOiDDT/+R3PXhj+r/9BLmJczd7F/qZb5dCcyhzKrl7T
T9rmt6Hj3Oma9imTlzgyD8rSXNENTrBpsOcjVW4CF/xRx8aXXL5ragbHk3AVxYeU
WrxeGY6dtGzTCTUybKvNtw/ZrbWUswABumdSbsI84C6/0DHj1YdIdGUhfY0YPUTF
jOJnYtZw5fp7bt1QIBVRvMvIzx0daZhrQmxevvEsOD2d0VUhT6leV3auoPoF6ocP
F6bTGy8XFlNs5MDvIIgV8Aq7rHWJIa6mEqP8HDQMolqYa9FiwOgiiQ+znYiJHmkh
TkUw641ssa0LelGCISQCFY9CIkWbRh4inIu80x6xnb+gAo2zsNWxPOx4pg0f57gE
y5o4+DScbOGweWmQzvRGNxdEMZ+jFVDZQfqa93pvWzpwh8QFbmR58YVjOz94rle/
2egnr2tCiMEzUdDYcYduh0AF24TSa/O5EDWrrBE3Kcgxm65ZAZjrH/9YtsJVUcCm
2XeUaEN760MLtH+kY+pypEJZjznvaygOqAKd/m3FgM6eoKTHZjzwx01wxa5LlCvb
Vvju9aNPBnkTlEsWEzboFDgFKM2/4/re3TSWRwttNZ5BkZBy8WN2Y2OQOq23Ynjd
L/7ItZFS7fj2Ot5iE5H7j1RdYBxoIDLqW0dnbpA+1ZA8l/2nWuttHA72W9yMm7sy
SgGbxJN9GsMgB4UsV5Dtih0uoLnGrUbKt2rMU2n356T++GDBC39UDaKUKwbUVOjM
6ZASRJx68/EN81vZYgBiXxzLMaKqWy2noeLqs/3MBITKmZxHrBu2m1Gn1RWevfsW
I2zGJgJwCEi5eenYjFb8WA2AMbUkMBXbo8bep52x46GnDdBHkiVD56ECA00RX6b1
TizuxxxU5Ok3sq2gSx3BUALKm/T2KLHQawB8wFaUcDN1nVvNUyta2VxY11B8ph7/
akS2rur2fBbz+qUuVX1MehYkfLuEPIiJbFx3UursSW/KDc4yhSjG5JKOs69ds2D6
rt4p7Pi8VcS67a1odm3DIsJCBsFqPHLWxKuyckvUlGdvI8Pzx4dK/h805UdQhJIv
k/682LfiYOjTDp8DIDvPhL5wmRNKPXZ9IF8AmM0ywBA014uceVgukU1rFvcv1K3N
piEJowzz4dHDii/kkFuh1LYDjqWTEcZFq3gbyDw/LzVZZ3t10UmMB8bFnri0cZXw
BB+4V+K3ZOobc/59IBhy2a7gwgat+PVOC3utW2gsl3xf5avKdnrhrlUF+KGPdxQe
LHd+kUAUGgCUn8lMbFh2W3YgUswEktiLXtZ61KicR73d+rLuL1wPJ2q8F4jfza7a
7WHKJ47qlnrvBxXtTzxsEwAL+2fiIZRrGjITYvi/rPyKRNCVdncC7JbBlI2JoHwW
uR7mD7oRFH2YVk42JezHIOpkb0ISICHew3Tt0hYh326eCOSMtym0mfH2wgqtvqVE
jF6HmKl3hE1AdA5j8pG3pxYeMgx+YRhT1O+y3scpzu+aXWnUtJicGHX7xPuVNXSX
Gn/QWQxge+UQm6C4+ZpGutY2vUTa1AnksNayHg+XZrt4c6BEmBMdq7OfJqluYA5U
8kNKQ24okrmcnOOl6HNCoi4QS9IL8P93fHgUYk7b6BgJXO1pJHUiVyQ0kecM1jQr
gxnibnlLrp4S3ScKphnwA14LVHA98AE5ArUeomSExMhhqe4quIfqB+wBdNAcACMx
SDZdssPbEq8i4lViwIZtzCLEqSEDssKq/na1kR3g5CPmxuIEAIYxoYr9z6xOpQjA
BnVDAxgjtlaBja6R3p9DQWhUu7as+Z23WXh0i+zDeNspmj2OZ90HLDQd09QCiV7y
qLWfDrAz0bExcTlusoikkKUiE6rzvaEhJ2HHHwjfFL/NXlZDGm7D146m0MEna3kK
2UJIO68IM/HIjUinBWgW5awznmLaKvYnaqHCQw1ressGyVw3bwUzpTIPlfYi/Osl
TERW3vQrwq5tzkm2BB4UX7hI5ER9GiEnM9cWPLW0IoZvHXAzCZuRrZPcPxZiS3xI
bzQVQqeKK6Lq3tYm0aFDmsFo2pWlv/wgZwkbkAQV8nROSbnbpuYU0lyFrTi2qsoy
jRxgLuRRZIA7mK/qdJSlyPyhGlti7OMH6UIET/vJDgSWSfpzUAOAxqfAu9XXzQY1
k96dThw6/SOI1irxshiSdLVwY4fzwObyKVfVy0Ro92rIllHx4Z7zTWpnPUVPxyxF
0J4qPti5SJKliUNFoiSd4KvJYRxAAm2FNiIvp+2yFX1+JTdAtaGluyGyGjuuWTGM
C4oDxdsgjTyZlhaFl+uaQqNOZPISsE5LYJpA4wcP4UyifMcBuMdyYYbjvQVzGPkL
BslcN28FM6UyD5X2IvzrJUxEVt70K8Kubc5JtgQeFF9E2jmlC1Q9a+x52M57EqaX
LcGo4GvJAK4y2VqOOK5lY6J8xwG4x3JhhuO9BXMY+QsGyVw3bwUzpTIPlfYi/Osl
TERW3vQrwq5tzkm2BB4UXyk1dLTUXkh6lGRry+Uhj3qjTmTyErBOS2CaQOMHD+FM
p6LWeb/Tc9zflWzTp3oHDKvJYRxAAm2FNiIvp+2yFX1+JTdAtaGluyGyGjuuWTGM
MZNoLGQvhdG3tTjgbGX2s5VgPTLxHNs/yy5EAqG01YH/VzstjQsj7fm2NUd8nOCS
+tqWdjPsP1NSA4bP8QjtjeA+Ckua7Od0eQP4GbDuSQE9kehVk/y6JrAH7dnX1cHF
1X68qHIg6OiRLgb4iKleSj+cimrL4fh+RmqCxlIvajqpJb9GCM520sDniHGYKs1M
wuvGVFRuVV1BgRtkatF9Ir2n94gSKXdkc9QRxMM6YJb8/WharXromoB5uw6YiJqf
r09ZitopHriXBYl506eCNqUiE6rzvaEhJ2HHHwjfFL8IlBqbzIb9mEdxJuo7xxsi
+NBF2JcW5AffLqu7++ungF4LVHA98AE5ArUeomSExMgXug6mov1KD09WvOUpg7te
SGfenoKoMU1Q7vXUxcugvzh0vfGjsngX1JMydtUxqi0b0ACSOYyCKs79xVgydzbP
c6ohcihSfxxecO/f335m1r7vWYhJJ1HfkBkxhf8kUwi6JbV6mlvdtKrnNDO0ZJnN
dMq4/AUKJuMCxzAH0PkD9dlCSDuvCDPxyI1IpwVoFuVlu6933iYMqfqjYYkTX80i
cvFHf57w+OhY7HOqo2QSEd6trqnzFMvQLmcipPte9VS4SOREfRohJzPXFjy1tCKG
bx1wMwmbka2T3D8WYkt8SJ/I3Z9VrUxnK3kZjeyAt59oMz2HhAcgEiG7o86mO9PO
7Q7aTjH4Bvp9FMJoSJFWKI0cYC7kUWSAO5iv6nSUpcj8oRpbYuzjB+lCBE/7yQ4E
Njt2lzqVey36cDbb+F8JxbY2t5IsYUcnGPUd5RFM5YC4j+GIU9/1FFpaNX3/gmbx
yJZR8eGe801qZz1FT8csRQ+88s3DPBk/ywaqGUNrYCjdOwy2pBgeA8YXGURhbe//
VZ9FOTyTR8/wC3D74ivszAuKA8XbII08mZYWhZfrmkKjTmTyErBOS2CaQOMHD+FM
BQudjOEH2bPYV/LO4/SOSXLxR3+e8PjoWOxzqqNkEhHera6p8xTL0C5nIqT7XvVU
RNo5pQtUPWvsedjOexKmly3BqOBryQCuMtlajjiuZWMFC52M4QfZs9hX8s7j9I5J
cvFHf57w+OhY7HOqo2QSEd6trqnzFMvQLmcipPte9VQpNXS01F5IepRka8vlIY96
o05k8hKwTktgmkDjBw/hTI6lHPPjKFrka2BIPMTj/L3dOwy2pBgeA8YXGURhbe//
VZ9FOTyTR8/wC3D74ivszDGTaCxkL4XRt7U44Gxl9rOVYD0y8RzbP8suRAKhtNWB
xstUdH4JKEg75Hxkt9b+0L85yzlu+t01i8iYvFcvZqjirZYiXv7b+BRdX1tEV8Bs
PZHoVZP8uiawB+3Z19XBxdV+vKhyIOjokS4G+IipXkrF/01DG1jJ+f7Nkfvo//qS
BGf6avw0QCh5dOn9cx/K12NPa0/XU4WKcRwV/GEszjeYmlrbjOZD8LMvgXe1YdlD
Dbs/dWx9UEslzNfFEROnC5P29vxgLmsNlt8mVz43o1JaAMwweNyPb5UHFfBWFQlw
zqHXGHIZMjJDfXrcCnyCVHWQ/bppgJ/H/a//ltI2lG/OsAgY9PD6nJR/jnX9yCul
3NejpKIpVtEgnUYp7vrjby9wYX/tFtNsbsJQSWbnk9lH23dDX9g1VeRTpnA7gwQ3
uiD9EC24hTpi3HQ4z6aOMllC94nBBtJzUzbmiqht7u4Oi2nsXDV+9xYnFaEnzzi3
o+rkYi2Dm3lBsB9u0lzveu1VedW1BXYJltseVL2Lq0GZ2ayMnCVX7wrfegcQAeCS
xf9NQxtYyfn+zZH76P/6kgRn+mr8NEAoeXTp/XMfytcxmS4VPTZiwZ7ty6NdzK4I
XGZx4gpQftg1lAfNYXuWxGLNva5PtwFpYrAZEk1MNF7F/01DG1jJ+f7Nkfvo//qS
BGf6avw0QCh5dOn9cx/K1zGZLhU9NmLBnu3Lo13MrgiLYK2wsTC4uJBCUF9xR0t7
RxtbTnxzuSRO6L6k1JTxUFlC94nBBtJzUzbmiqht7u4Oi2nsXDV+9xYnFaEnzzi3
o+rkYi2Dm3lBsB9u0lzvehMh7c1xvWtxk/x9yRzz/7FzqiFyKFJ/HF5w79/ffmbW
sn9hTAdy1Z3H+94AeZy67nADC0O3Dy2sYGMn+slQZaldNz+Xk7TVfMz8tqp3z7Ss
2UJIO68IM/HIjUinBWgW5b0/qN0soIPmVYmuvT1dUxPKu733AD7ntI5eXBVpktHO
2WbyLpYGcUEYF5n/IaVBszV0i5AAJ3AAeHL798C3lT5vHXAzCZuRrZPcPxZiS3xI
RxOT7Jw0roQJp8emSoWLAAa6jOahAHwAyzoSqn7+F4Nzw3vkRKzKtZL73Fktycyv
jRxgLuRRZIA7mK/qdJSlyPyhGlti7OMH6UIET/vJDgTZBnqU/vElsfMWBqlTWSz4
VD8gqp2j8XG+1TwLY3+gT6paE8awp8EO10w3ShWs4pPIllHx4Z7zTWpnPUVPxyxF
7UWAmq6yoB6jJpmcDAnWgxpV6WoZRBi7+GolGuHe/qHH0eh6miCzuTndghyd6J/d
C4oDxdsgjTyZlhaFl+uaQqNOZPISsE5LYJpA4wcP4UypGXol+XlCCFRt1W8HKnXm
yru99wA+57SOXlwVaZLRztlm8i6WBnFBGBeZ/yGlQbMwqRyYlbJgb3A7nnkxyMhJ
LcGo4GvJAK4y2VqOOK5lY6kZeiX5eUIIVG3VbwcqdebKu733AD7ntI5eXBVpktHO
2WbyLpYGcUEYF5n/IaVBs+kfTqX/SEXcr84qrBWVKGKjTmTyErBOS2CaQOMHD+FM
tPa4TntOgVsywXFW/nee0hpV6WoZRBi7+GolGuHe/qHH0eh6miCzuTndghyd6J/d
MZNoLGQvhdG3tTjgbGX2s5VgPTLxHNs/yy5EAqG01YHByJtnN6DbxjMAyrqClbcN
NOhfZlv01nTUee9yR28gtDzS10+Sk4DvdE1TTwJfOuw9kehVk/y6JrAH7dnX1cHF
1X68qHIg6OiRLgb4iKleShzGFS8+HbYduXSBEoTgsSZgfRbhqb+EaLYDoXPkBhd7
0nsbRYp1WkScQhHCqvg6S5iaWtuM5kPwsy+Bd7Vh2UMNuz91bH1QSyXM18URE6cL
pNSwNtgnq1tSvYQWLr0uZN6M6oHhVaZZArYDJSsOf+L+a+DpEuQSakDJg8HWADzn
dZD9ummAn8f9r/+W0jaUbzAdqlsAegw+GajuR4KnbSzDQZGLBHivJIX+M+E5qk+W
nyNeqRmUPplMZ/MG4XwSU0fbd0Nf2DVV5FOmcDuDBDe6IP0QLbiFOmLcdDjPpo4y
H8h+onhae8AcwZjw4rGxvsj75ppJvMNbtKiD9j6ukePKxNFIIG5FkQH7mWXEDyU4
7VV51bUFdgmW2x5UvYurQZnZrIycJVfvCt96BxAB4JIcxhUvPh22Hbl0gRKE4LEm
YH0W4am/hGi2A6Fz5AYXe4aMzah05YP/ZePE2e/3slFcZnHiClB+2DWUB81he5bE
Ys29rk+3AWlisBkSTUw0XhzGFS8+HbYduXSBEoTgsSZgfRbhqb+EaLYDoXPkBhd7
hozNqHTlg/9l48TZ7/eyUYtgrbCxMLi4kEJQX3FHS3tHG1tOfHO5JE7ovqTUlPFQ
H8h+onhae8AcwZjw4rGxvsj75ppJvMNbtKiD9j6ukePKxNFIIG5FkQH7mWXEDyU4
EyHtzXG9a3GT/H3JHPP/sXOqIXIoUn8cXnDv399+ZtZgCtU1O0eFzE8oXVLMNc7m
ZDDEggrxnc9zGBe8koRb3RVAnS2DYTY/mhrMA48b98HZQkg7rwgz8ciNSKcFaBbl
OcPwiy4L2/uxYQNzv2y4QKG6oahNrT4KNQ11MSMLwYwdFDLJIV1yvhLm87CjmUx0
MQBvmCA1yQ5aPi+JKD9Vrm8dcDMJm5Gtk9w/FmJLfEh0Fxdb4fUhDBCY/3ocLVNC
iRl2hpu3NGi4UclfjZLQMmMnZr/MGLxd+bXwiRRIoQeNHGAu5FFkgDuYr+p0lKXI
/KEaW2Ls4wfpQgRP+8kOBKe3Go3ZGU9XGm7DrWFwLz0Fp4q8ya0PlhGR9VYBqy5B
9A/XFwP8CGanLrpi2ECg/MiWUfHhnvNNamc9RU/HLEVC9DCFMPIoBQUPayMXwsJZ
i2npuUn4m1Qd6A8wkMCxgNnGN2om6SuHAPqw5RdK47kLigPF2yCNPJmWFoWX65pC
o05k8hKwTktgmkDjBw/hTBI6qag9yN1mJQu3fa+RUJuhuqGoTa0+CjUNdTEjC8GM
HRQyySFdcr4S5vOwo5lMdFsTHcJWgXBoCJSwQJPT5l4twajga8kArjLZWo44rmVj
EjqpqD3I3WYlC7d9r5FQm6G6oahNrT4KNQ11MSMLwYwdFDLJIV1yvhLm87CjmUx0
h4Uky6VSuJ/N5cwe0FhcE6NOZPISsE5LYJpA4wcP4UzmlkHDDKo3BQZ2P15LSdE+
i2npuUn4m1Qd6A8wkMCxgNnGN2om6SuHAPqw5RdK47kxk2gsZC+F0be1OOBsZfaz
lWA9MvEc2z/LLkQCobTVgXccjYpiwF7c3ESaxLrqyY7oMwsbW80Rse0+APaxhH/r
dUtt8B3JHYSkV4Y0Byg4lz2R6FWT/LomsAft2dfVwcXVfryociDo6JEuBviIqV5K
YcsabjJ7INtxggfdUP87aeEpDde66UpBSv6PzNfUKf9HwkuLHDMoQY6EZaj08JSZ
mJpa24zmQ/CzL4F3tWHZQw27P3VsfVBLJczXxRETpwv2iLIJvX8hf2sFvQww3ZHU
xBLXUp/TWCG6gtmOg7XsE6eL4YoUP0jIw3Pkycz7qyR1kP26aYCfx/2v/5bSNpRv
bISiBKlg838lJ/NMLcN9MU5d7tFHrGdqBOMPxBodKI9KjS12sjzpBLI9gPRwncRt
R9t3Q1/YNVXkU6ZwO4MEN7og/RAtuIU6Ytx0OM+mjjJPXhyfQPgh0Rf5a5EvTFVs
k+LDWwfbIgat8qu1jiLlacO3t5ELydw4qJBdAh1OjJHtVXnVtQV2CZbbHlS9i6tB
mdmsjJwlV+8K33oHEAHgkmHLGm4yeyDbcYIH3VD/O2nhKQ3XuulKQUr+j8zX1Cn/
AeAvAXCrqk3rkO3LPG+KGFxmceIKUH7YNZQHzWF7lsRizb2uT7cBaWKwGRJNTDRe
YcsabjJ7INtxggfdUP87aeEpDde66UpBSv6PzNfUKf8B4C8BcKuqTeuQ7cs8b4oY
i2CtsLEwuLiQQlBfcUdLe0cbW058c7kkTui+pNSU8VBPXhyfQPgh0Rf5a5EvTFVs
k+LDWwfbIgat8qu1jiLlacO3t5ELydw4qJBdAh1OjJETIe3Ncb1rcZP8fckc8/+x
4peuciirUqijfjtlGkwSYWYTvUSGVUtvWa1FrcByhFcTBCM1REglfOdblqdLGqQJ
3Hbtj3d3xi3B1+DWgSXTg6NZOIwtM67DhJ0HX8+cMInbESQzOXWh8c8FGdBhxRKh
1XcEwcQoNinDIZrU4/cBp9psJ358/gW7REv6SDfbRvUpVBMjoAoquXswNBcv/djP
