U2FsdGVkX1/fN8aWj17FcqUQKcdFj7xjPIZ5ibfJp25rMZh19Aauz/nZ1MX/jowe
6aCzqzh+WiBmI8fpQpPh3fyxv/ZytbYDyHUpggn7sDtHVRhm4fS/w2/RpY4lO0fj
J7rg5i3i0cCmUTfmH/8jBnWdW81TK1rZXFjXUHymHv9qRLau6vZ8FvP6pS5VfUx6
gKROwxzXMbI0/lSZ/1h53qTpG04sSHWtz0qJ8icEnAv5nUyDfzdJDzT9/RvgTiCu
n0unxyNKZkM6wj1/dV8elvpsscpWA9cmTBdYPkeTjIaApGlrqNznYVBufAM9lqOF
WZ40dD/jA9H2t0H1Nr5OZcAYVsOijPn06YuI6fCm/g4UYKtPijXp+YlZMKNPzr+e
XWPVDU5Q0StJxgq0K/NyW9F7+iISY8aFh+jaZYLL+uH9RTFHW/fDV0KktlYASlmx
LlvZpIdgBzdqrBsZFpWfiqzKQLycwI59p7emhZvED8arS7e4XbrJE3vLqzSYQu6M
uroziv/j3HTGIFa7OooaXv3nKKRJIEDGT+R8QNloYFQnsixX1ZzEKjoBtH5NkEfj
uf8QXAk3OwMtKXOhxp91SitmlJVZ1RgDOTAAv0Pao9D/9S3c+FO6t115mnN/M4MU
tMtN3Scm5y2gcg6QrmOuHyPZwmNEbzvRGwaV6UAW6x7B/wRfpxJCmXGefVtbMe4L
7vSmcdXpcY83Kpxq5E+62V1Ah/Cnq3mDAqUPTSxsfVhxpNlZGe0yyeKh/4Z4apbU
M/EkccBuQMf6VIHjbPmGpe0jafNLfDoYryuJfT7r4+a8kAPKxtLmaZVqaIBYOL6U
XR3fhQ3oRf8Su2TOSonLtF95KW1jX7pzq5EF+yUnVrMzczBMqYrVOobEYSjv+Sp9
P5ZWeLxXeNJMtrGwjZcA3xryJEdwmVgpl3AmL2CKeZw2R+Oeqnhp+tu1l/qSQP7n
UlZMny2tLHA3eGQiiNsNth5xMnvMQteHkAEbX3vTX5cVT645I5NeqMIHAFUhEjwR
icukQr2k/EGlicJLbU7+W0Egog9pWuLsZuHLLZrYjLmlWJ0/LnG22FOlY1X2Wqai
WZ40dD/jA9H2t0H1Nr5OZSqSW4+TdHV9PEBPADARXHBj9cYhLJZzSRRLYWx6WDg6
HK89j48b0GLFzh2L2qG6XsenpWiOL4I0Q6iGjtWmBpBm5Skw1UFQZ7DJNP5HP+Tu
/oOSbEAutdaDUejaha20RO95vvxGJr6SsSg8lYkG4PlqTiPvoTI49NRwGGqU15X4
cgieCFdc5Q+7nsIQDOM6kGTkZTUvRWZvQ2+4UubjvjLzHoD1CgB+/5IRfubyCgvG
Ecbzk/05dcoSOBQDgWTcqM7WJl6ObQ7QznjXoRDWvNksSXL8rRkEvPPrJARB3lNR
Tr95/AiI2jKqjNGtn1OpnacbZHHOsvxhIbRsWeZk9LhEy5Dp8x/KA3iekDMWZx6+
Bus9a2miNagzD7P+UPpM3fYVpcth9l1zFrs99y2vVIDFGFi+z9I90BDZZk9hp5iN
TUQYCIDpFRTYmm76L/mlxgZXzYN9aTNnCVUzde2q2nfk6MaooRGFymKEdWIbSXYD
DcVYFDiAo59GKfe+hM8CxCxJcvytGQS88+skBEHeU1EZJjTlirdnxwzyZMnZJFwp
+RZd+ZjpnwKHULByuvk/Xwc3dUojqOfWHcDEtzxE1Uq2wY2ik9ihAlWlMqFPXomu
OTP//kcqNP8NeP3oZJyMI485UDxzZDnQOhuL8NmvMDXR8EGG+y7Z52OEvq954TMo
LEly/K0ZBLzz6yQEQd5TUcwAcre/fdNaW6Sz2OgiSpVvzosSBHdC3dWB053LSNoO
J90sMEf8UDGxkm7839A0Vm06plNz4d/nxUMOqStXV7iit6J0PYd2C79IFmSdA9yZ
EudPN+RCH/HsDEIhKleV0sAN6QIPU/9Rh9ZZY0qzRYjtYP/VktZmiseOSL+Er2AO
ak4j76EyOPTUcBhqlNeV+Dm5KwMOGUl98Tp/TippMDhJghparkbmZTvhBOMc8u/b
2VmbQY+RttXnadcy9Q21jeehKgHpGCAx8NjIWWqKzqxSwA0BxJ4/MAuluOSCPzOK
IuNw5B03PeIFUDSrrsBd5OToxqihEYXKYoR1YhtJdgMdXtBkk/mKrLvnTBrLLtIl
SYIaWq5G5mU74QTjHPLv239YXjbaOlv6rAjTzqMlerONgAiA0oBaXXrv88z4Uoy7
Y1qBeT9tHc+L8ggxp7FT4k9YhnW4cZVRXnml5Qwv2OD2FaXLYfZdcxa7Pfctr1SA
H6W6TAnFo2BGqCj/KYtbo/mFUAnPiWDidXGDFoQCH7ra8MtjQKXkmMYPPKYRhcvx
+YVQCc+JYOJ1cYMWhAIfumCP6WWQtmSBrnh64/6/pnVvzosSBHdC3dWB053LSNoO
0v+ijGqm4o+9SXmgitNRVG/OixIEd0Ld1YHTnctI2g7ZrkkoPeffEmP+8ODs2+O5
IsSpIQOywqr+drWRHeDkI+bG4gQAhjGhiv3PrE6lCMAGdUMDGCO2VoGNrpHen0NB
aFS7tqz5nbdZeHSL7MN42ymaPY5n3QcsNB3T1AKJXvKEzXmXNQro3lq4LXQDnCSc
sdQN2hMGsBXyEbFDwQVewTz+7MTJS7xVlHWFe2HUaffr3tO0YFnV9GB1/FLBTXiC
0LW0bmUJyfXcHwJakf8sN7bBjaKT2KECVaUyoU9eia4ENIJ8fPlQRnjGaGfMLzha
v4DPxsXlwLcR5eMDvcb2ZsCmX956Jnm/Sz0MeO7l8IdnaT4eNqLwO0G4Jb+EGjQT
5OjGqKERhcpihHViG0l2A6cHTqhIh/sjwanlSeDLeUXvkWtdFarJc3lnEC34Hckf
dvDm9BNFmGcuhNSPXH7pBjMeBPuQaKnJDCcNqIV3bHyzpVzOXgqy7/AmOTdqgmHi
VtdfE1cFeq9SkQAGCj2R6BHG85P9OXXKEjgUA4Fk3KjSAZ7iLv9DB+TUfyda5LmH
ueayOEz+8mtSR/tVtujav+ve07RgWdX0YHX8UsFNeIJT3wBGLdTHWD2HIxv22+Y3
L++/lA4XDXwDjPqGGdjT6vUbOxhCsqBa0DGvSCAoo8DyBwAq/FgrDf1YSB+OQ12v
iQuCmVSx4fUFFKBf3NTI+u+n2KuzKk5Q/3jyQHPyeGLk6MaooRGFymKEdWIbSXYD
UhYmKCHbwliEbn8Bu8spOqECg8EKYub0VXSGb3yD1T8PSl/CTm4kxLug4+SpVwGw
pjU8x/NW7gR/72dnp11F8lLADQHEnj8wC6W45II/M4oh+K63HwSbvaMyrJmCTX3J
Ecbzk/05dcoSOBQDgWTcqIMlsRTsJ4roVby6GLzHBMbPgNFrvWyvzWMdoxi4z4cB
f2+gqAJTh+W08HSVyX4XJ5vPxiD0xJWLohxl7ooKeq36QVv22+SWrLy43f7L8aJu
XwZ5N+gXqpcwrnXCb/SB1fIHACr8WCsN/VhIH45DXa+jZJhEkpFEOxxgna5KPBtM
/+8LApficMn6nsO7NG5LUZ4UstEGjtYhnJKIVQXGMpXGqauOlYGtmKALjdvSd1ZX
TUQYCIDpFRTYmm76L/mlxmlvIuIPM8gr8uYxthxdcSDyJJPtEZcgbhHY5MVeoJPj
wA3pAg9T/1GH1lljSrNFiKZ2RsPPtE9tLEizqvBAWVn6bLHKVgPXJkwXWD5Hk4yG
gKRpa6jc52FQbnwDPZajhat53/yYrR60Pl982f/9OI1Ey5Dp8x/KA3iekDMWZx6+
HrMGq3qHFY0m+HwjqIlP2yxJcvytGQS88+skBEHeU1H2qBZYyIJB7vCHoSUqy1nM
v4DPxsXlwLcR5eMDvcb2ZsCmX956Jnm/Sz0MeO7l8IdnaT4eNqLwO0G4Jb+EGjQT
5OjGqKERhcpihHViG0l2AxiopQbqZ9E2rWw6WAYeILwk4cx7c5OMpJvGaZ20R6JY
9hWly2H2XXMWuz33La9UgGRrAJz8HiaihP7byBpqwUihAoPBCmLm9FV0hm98g9U/
D0pfwk5uJMS7oOPkqVcBsKY1PMfzVu4Ef+9nZ6ddRfJzmfrxlu712O6NY2zO1ulh
bvh5wWlrfjDTs3qSKcQnPyxJcvytGQS88+skBEHeU1FVPld9CSzf0GtappmIRLX6
DJIYFnWbF1MhHQiCqj5e7MAffYpdRUegDzofbffQwhIA/ZBfooWA21x60g7XajK0
9hWly2H2XXMWuz33La9UgLGKhh+SMo3drCoPycOVkbGPOVA8c2Q50Dobi/DZrzA1
x2vQpGGhBmdq/xThNTB3UkB00jUfX9sZvAHb19hfulgjH2UTK2tD6wwKGpf9lE7e
DOjOzSMr43Gveb+8V37cuWpOI++hMjj01HAYapTXlfgrbXb2DKXtXCkRoha24mPD
75FrXRWqyXN5ZxAt+B3JH3OZ+vGW7vXY7o1jbM7W6WEzHgT7kGipyQwnDaiFd2x8
s6Vczl4Ksu/wJjk3aoJh4lbXXxNXBXqvUpEABgo9kegRxvOT/Tl1yhI4FAOBZNyo
G89ARg4KUS934YVarG+8ze+n2KuzKk5Q/3jyQHPyeGLk6MaooRGFymKEdWIbSXYD
wbGJ8ucopmWEybFZSjStUYTNeZc1CujeWrgtdAOcJJyx1A3aEwawFfIRsUPBBV7B
PP7sxMlLvFWUdYV7YdRp98AN6QIPU/9Rh9ZZY0qzRYjcTPyOeKBUE/FLZq9OwfJB
pxtkcc6y/GEhtGxZ5mT0uPatk2ahV5jduQhamWMXGH+Zz8bZBo3o06CpjRxRJT1y
BULI/h2g6KV8u8gBFjUVVQyUwzvwps95AcunlGmfy98sSXL8rRkEvPPrJARB3lNR
5iKcAg+rQiSYrt9gcjgVFWVTcFL2JLNEn/dM53BBcuVk5GU1L0Vmb0NvuFLm474y
YXbmAI3oKmx7K4m1AZFVhwySGBZ1mxdTIR0Igqo+XuzAH32KXUVHoA86H2330MIS
AP2QX6KFgNtcetIO12oytKgfocsJNR6X6j/lno3sR4pT9IxRzuH32kA4EEB5LLmB
8gcAKvxYKw39WEgfjkNdr7MuPLZsb5ZP54gohcKIyB/PgNFrvWyvzWMdoxi4z4cB
f2+gqAJTh+W08HSVyX4XJ5vPxiD0xJWLohxl7ooKeq3fWFMTcnmqSpDk82Erj/Oq
7NZjxLQMpwWHsAmZNU2sH2TkZTUvRWZvQ2+4UubjvjISdTGsSXeBSok3jRrSz2WK
2TzVgGvaqzFRAke5938r0xl99uA3yP4Dnc4jc9yAb/524BcMiMAzh5/RWABkaYcs
WitH4NPFTPQOEWRPdq9blu5faP/pwU12YWh4ySBa8CpGY0PfNX0ixJs9oK3mnpKp
OM+ZhynqKK3kELMWcltoIQVCyP4doOilfLvIARY1FVUMlMM78KbPeQHLp5Rpn8vf
LEly/K0ZBLzz6yQEQd5TURQ8VOMSL2Dt0ZPRGCEpy07yJJPtEZcgbhHY5MVeoJPj
MPRbVAa3M+0Wx7jQSf+9UzMeBPuQaKnJDCcNqIV3bHyzpVzOXgqy7/AmOTdqgmHi
VtdfE1cFeq9SkQAGCj2R6BHG85P9OXXKEjgUA4Fk3Ki6hpM9BHLlGvqtpS4AKffU
pxtkcc6y/GEhtGxZ5mT0uKL9DNrcOWFinAqzJ5cRdUL/7wsCl+Jwyfqew7s0bktR
nhSy0QaO1iGckohVBcYylcapq46Vga2YoAuN29J3VlfylWFjtbT9666KvfAcn0GL
7Q2JukY8O+76BypmddAG7vIHACr8WCsN/VhIH45DXa8StyASbDPMU3fhN0Tv8WVA
z4DRa71sr81jHaMYuM+HAX9voKgCU4fltPB0lcl+Fyc/QVz8AklDyjUWwNIYh8rG
K1hbPmUV59Ffmd+/L8FiCM5PQbtG2DlwJ3bmOA2QJA4w/nY64b05jLDThB4dkpf0
RzvDU1Yzn0dKbMaO7BUx6zv4WppunGFDfnAC+HDcuGmXI2w59pyzd0Q9XKvTHHnh
T+qqqAH3zm3cXBVkFiDtqW/OixIEd0Ld1YHTnctI2g6y6DIFptHEVqtzeQe0jBAR
lWA9MvEc2z/LLkQCobTVgeToxqihEYXKYoR1YhtJdgOc7R48Q98lAWqFfZmXTY/p
oQKDwQpi5vRVdIZvfIPVPw9KX8JObiTEu6Dj5KlXAbDRecBxi4MAdM2ahQ0ttSyb
NhZkTiGLPC8PIO3tKXAjv85dI+mXxJapBfshD8kano2NgAiA0oBaXXrv88z4Uoy7
BDSCfHz5UEZ4xmhnzC84Wr+Az8bF5cC3EeXjA73G9mbApl/eeiZ5v0s9DHju5fCH
Z4TEsIKxRfGNxffOJ47g4LvwiTp/bYuP6ydauq6Tj9SCIVfKWykkeiSohltaLCrY
nrcQVUe7YOdHoioDEWPoqGpOI++hMjj01HAYapTXlfjJIy0zOEiSo54iH4FVjvvR
+myxylYD1yZMF1g+R5OMhoCkaWuo3OdhUG58Az2Wo4U6sXguSdhPH6V8POnPkSK1
xTiOvzndd1roec29Lex75t4gMuS93modH56Enw+3x0VvzosSBHdC3dWB053LSNoO
o2SYRJKRRDscYJ2uSjwbTP/vCwKX4nDJ+p7DuzRuS1GeFLLRBo7WIZySiFUFxjKV
cYPgc+p7H1fM1Sv5EWs+0+ToxqihEYXKYoR1YhtJdgOv8/h9uwEgAW8IkKfrhOMb
tCf2gTArvbuaqC9AJCNHV8AN6QIPU/9Rh9ZZY0qzRYiUYlU3i64+aFa30Vr+A0IH
L++/lA4XDXwDjPqGGdjT6pph46ckiKF3iMEG433jm1eNgAiA0oBaXXrv88z4Uoy7
+LNCibZ5ZXtLoNel1t58YhkRr5SFRViVGKCkbapbRBONgAiA0oBaXXrv88z4Uoy7
+LNCibZ5ZXtLoNel1t58YkyBl9N/nidtwDAXgfXO+MiXI2w59pyzd0Q9XKvTHHnh
T+qqqAH3zm3cXBVkFiDtqW/OixIEd0Ld1YHTnctI2g7z4hkh4iKUa0FHuWplP3yt
ZGBoxP4dKC2WxL2a5TcnlkmCGlquRuZlO+EE4xzy79vdrhtHBN3gLDhAqAVJ94Ut
QHTSNR9f2xm8AdvX2F+6WCMfZRMra0PrDAoal/2UTt4ZZAuOSdtMwSKCkjbYJaYq
ZORlNS9FZm9Db7hS5uO+MjFbSNQ5aM8W6ThBhBAL2qmGnZyIA5smodrZHdyDUnIR
5OjGqKERhcpihHViG0l2A6uitMO0LOkj+9sCgnofUrCEzXmXNQro3lq4LXQDnCSc
sdQN2hMGsBXyEbFDwQVewXbHH5efdmOf9JuiY4jKSwVNRBgIgOkVFNiabvov+aXG
bU9+4nSzF9dJVQraAgxHlgXbYa+TdgWF2TIhbNZcBd76QVv22+SWrLy43f7L8aJu
XoD+Nnf7V5KCdUdEx3hQewVCyP4doOilfLvIARY1FVVdt73MJGUEaHnzpMI8XHT6
Zf2A84o2ldl8a7+SuQRde6BipmSuQu2JxF9fg2bwT8gsLt++pVfzbZsxo9GaK7Ct
ZORlNS9FZm9Db7hS5uO+Mr6MbpgMtpBx6VGudSZ5gXm2bz85V78Q8Jgdnn60idG+
Zvpw9dlIEiDut5xpyPSm1vnDtJ5au44ngiH8EOqzqtLADekCD1P/UYfWWWNKs0WI
b4VL5DsNBtSxOX5jcZswz206plNz4d/nxUMOqStXV7gqR4EnCqZ97OLi65CBqdhG
niY8AyZ892HTV/jXqplXmaPrBDJQt1terIxf/4ndupzBiGtJglikzS9O53L51UjW
SYIaWq5G5mU74QTjHPLv2+kXnVNm1ie4z+oCStkbFGhLiJ9H4PGNZggH5BrIJLuN
SYIaWq5G5mU74QTjHPLv25OHoKbxVLiYbPZN/VF5+rtAdNI1H1/bGbwB29fYX7pY
Ix9lEytrQ+sMChqX/ZRO3hlkC45J20zBIoKSNtglpipk5GU1L0Vmb0NvuFLm474y
Q1GseDfcKcYaB6bTf1t9GRkUJ5JaUegUPhSsnjYhwHtqTiPvoTI49NRwGGqU15X4
ar9atuWTfZ9IRNRGKczir8+A0Wu9bK/NYx2jGLjPhwF/b6CoAlOH5bTwdJXJfhcn
P0Fc/AJJQ8o1FsDSGIfKxvYVpcth9l1zFrs99y2vVICF3BIoE8jIn2wkmOr8EUH5
tCf2gTArvbuaqC9AJCNHV8AN6QIPU/9Rh9ZZY0qzRYgzY9dgb5Ofs6CRFKni802m
+myxylYD1yZMF1g+R5OMhoCkaWuo3OdhUG58Az2Wo4U6sXguSdhPH6V8POnPkSK1
NpWrbKZzpXLOjMCrEA0CbaNOZPISsE5LYJpA4wcP4Uz5hVAJz4lg4nVxgxaEAh+6
kz6PtzpZFe+ZtlKnbM4irLZvPzlXvxDwmB2efrSJ0b5m+nD12UgSIO63nGnI9KbW
+cO0nlq7jieCIfwQ6rOq0idx5flD7GpX0YTfcZOmlnugkERAkWaI9ZBSCiw+Ms8J
+YVQCc+JYOJ1cYMWhAIfupM+j7c6WRXvmbZSp2zOIqy2bz85V78Q8Jgdnn60idG+
Zvpw9dlIEiDut5xpyPSm1vnDtJ5au44ngiH8EOqzqtInceX5Q+xqV9GE33GTppZ7
EGBIbffamkFJbT8oqqrHC2/OixIEd0Ld1YHTnctI2g6zLjy2bG+WT+eIKIXCiMgf
z4DRa71sr81jHaMYuM+HAX9voKgCU4fltPB0lcl+Fyc/QVz8AklDyjUWwNIYh8rG
NmuzFH5cBnU+iWa5T7A8bOTM95ttmRklHh+GbuzOU6qNgAiA0oBaXXrv88z4Uoy7
Zs3L6SJ+4bPkzP8CLneIvAySGBZ1mxdTIR0Igqo+XuzAH32KXUVHoA86H2330MIS
e0EJVLvdY/XR0BhHVOGojWpOI++hMjj01HAYapTXlfgRD8WShLtPmhWlc8Gd4aQe
jYAIgNKAWl167/PM+FKMu2bNy+kifuGz5Mz/Ai53iLwMkhgWdZsXUyEdCIKqPl7s
wB99il1FR6APOh9t99DCEntBCVS73WP10dAYR1ThqI1qTiPvoTI49NRwGGqU15X4
PvuwLXmpXppWkn6PuPldRm06plNz4d/nxUMOqStXV7ii/Qza3DlhYpwKsyeXEXVC
QZ0FXwAiP7acwiwVCplAJzlrwG1hbtMk8O4x3aY6MKPYBJ6OUDxQ+gJMSTFI7TMm
/oOSbEAutdaDUejaha20RJIRZau0KBt6JIddbNK66tbvkWtdFarJc3lnEC34Hckf
dvDm9BNFmGcuhNSPXH7pBrCey5nfyXnlO0j0pqBob758KjiC/ysSQAHAuKkrb8zi
/hblg9Rvjr8MuptK/LZNkxHG85P9OXXKEjgUA4Fk3KhQsRhxni0/bi6tMHrZPZc1
9+Aqp3y1KanmPyUE4XFO6TYWZE4hizwvDyDt7SlwI79OLBATEBdxTAOZGYuP4/cp
reGrFaPip2K2iKsbNA84MSRZwoqEzvjEIMbK0TrPDDYsSXL8rRkEvPPrJARB3lNR
uYz/4LtXlD3fsbix9rc52O5faP/pwU12YWh4ySBa8Cr+g5JsQC611oNR6NqFrbRE
+7MYfw+zeW/LWmp+zhsP/azKQLycwI59p7emhZvED8arS7e4XbrJE3vLqzSYQu6M
duAXDIjAM4ef0VgAZGmHLLFnCQUORq/sYCIyJYMoYqfXaXSuMXmb7gQGAbJBtuUp
Ecbzk/05dcoSOBQDgWTcqGEKfDbzEAn5NL7FsqNOlWaIhU/WkZeuzW4edD0x/7nR
EOYk58crrwuA30Jg6nkVMWYRjIyRXJr8sB0V/OdZo0v6QVv22+SWrLy43f7L8aJu
Hnek1ax4UmK7oTHcHqw2gyxJcvytGQS88+skBEHeU1FAxzw8PuQH5FUXTgkOVi23
dhJbtSVFN8gJoN3rnhlZ0weSC6zH8oOyLs1EH00QgnM4oOleb2HIF//cDHHsxklg
9hWly2H2XXMWuz33La9UgMurTh2lBye7vyHH4O505cq2wY2ik9ihAlWlMqFPXomu
s/NdYMQFMwGTWwoxx4babvVnyVYy6DF+/GOd/r75CCPWBo759sxOLv9GnA8ypVwe
Zr1vSPiwK/hzOBsRdaLZkuToxqihEYXKYoR1YhtJdgMW2mTCYf9y4rBoqwlP9ESX
vMS9wKJpQr8rhnnelM19tk1EGAiA6RUU2Jpu+i/5pca5XEW6p5zX61cJgPy4CWHR
1vg+YHDAHI4DEaocKNtqE+VJ6wt9DarQDddbboG/0IwyJIrx9uq9hyO+Oe5TqyAe
xTiOvzndd1roec29Lex75ohV07dzRDf/jPLD0Ln4LYePOVA8c2Q50Dobi/DZrzA1
pfzFl/z9/P0m7yeTGGvpMLCey5nfyXnlO0j0pqBob758KjiC/ysSQAHAuKkrb8zi
/hblg9Rvjr8MuptK/LZNkxHG85P9OXXKEjgUA4Fk3KgAb0rJe4Rn3w8IU+RALn+b
kw7S4etxiLK8Q8T+flLIcGpOI++hMjj01HAYapTXlfiSxj7l7g2rYxfV0cmZYW2c
iIVP1pGXrs1uHnQ9Mf+50RDmJOfHK68LgN9CYOp5FTFmEYyMkVya/LAdFfznWaNL
+kFb9tvklqy8uN3+y/GiboY1vW68WnCYRa3LM30gcJePOVA8c2Q50Dobi/DZrzA1
x2vQpGGhBmdq/xThNTB3Uix0mHC1l/koqGN6n23TfN6vu3kIjxrgp+yRsiB6vtnk
oeLyQta/yEFd+22ujK400GpOI++hMjj01HAYapTXlfi+LiXcu8wjwviTw/ynWZ8w
pxtkcc6y/GEhtGxZ5mT0uCpHgScKpn3s4uLrkIGp2EZg25bTE6VXBrWq9DbFeZD6
Vec/XQf/vMhcZHey8Sg5l3j1cd2PUbwU6b0BnZ8QBxxk5GU1L0Vmb0NvuFLm474y
fL3GdNatlXmaZUrQQFeeBvfgKqd8tSmp5j8lBOFxTun6QVv22+SWrLy43f7L8aJu
yaZ5p/t6uC4UrgHHahbg5q3hqxWj4qditoirGzQPODEkWcKKhM74xCDGytE6zww2
LEly/K0ZBLzz6yQEQd5TUeYinAIPq0IkmK7fYHI4FRXXaXSuMXmb7gQGAbJBtuUp
Ecbzk/05dcoSOBQDgWTcqC75hfNl9uHaI92TkVoNrVtBnQVfACI/tpzCLBUKmUAn
OWvAbWFu0yTw7jHdpjowo9gEno5QPFD6AkxJMUjtMyZNRBgIgOkVFNiabvov+aXG
hRK8PdlJFLu44FlEz4jcl+CbxMRn6n7SgEM3okUuxjXFOI6/Od13Wuh5zb0t7Hvm
3OTY7d8VpfjgNsPiiRn5z60w+LCEsLHaT28vXRIx0qdkOAmBVhhXf6HmZmwknmAN
jzlQPHNkOdA6G4vw2a8wNVVt23dZvv5ZMbB3stlkDmm+w9QA6DVrG6+GzpM0i79D
MR+Me0ZAckVikgSBoJltv5OHoKbxVLiYbPZN/VF5+rssdJhwtZf5KKhjep9t03ze
r7t5CI8a4KfskbIger7Z5KHi8kLWv8hBXfttroyuNNBqTiPvoTI49NRwGGqU15X4
osarUAaFFIX8TR7O1ke2p7bBjaKT2KECVaUyoU9eia45M//+Ryo0/w14/ehknIwj
dhJbtSVFN8gJoN3rnhlZ0weSC6zH8oOyLs1EH00QgnM4oOleb2HIF//cDHHsxklg
qB+hywk1HpfqP+WejexHitHYoZz+Fij8aiBAqi7BOSIxH4x7RkByRWKSBIGgmW2/
1LdBOn6S3F6G0Mx5+IiBzpIxpxg4S28ljLd6UyMhayQHcQOwNeEpa5akwBaPvI92
sJiBTfAanVZ+99689zcxCoGErlnHNRwJQsaQ7ZFTsNuJCBgKtZgyGLza2u8/+aeA
5OjGqKERhcpihHViG0l2A3yXAtKhHM+GilPpPO3bwZmtMPiwhLCx2k9vL10SMdKn
ZDgJgVYYV3+h5mZsJJ5gDY85UDxzZDnQOhuL8NmvMDUDqaP7Ga2Srl0hMUkCGjQ8
vMS9wKJpQr8rhnnelM19tvKVYWO1tP3rroq98ByfQYtU6h+mRq3IV91rUb4aPAsU
reGrFaPip2K2iKsbNA84MSRZwoqEzvjEIMbK0TrPDDYsSXL8rRkEvPPrJARB3lNR
IrckTdGB9tEcuYGhYx5DNeCbxMRn6n7SgEM3okUuxjUFNN5azv+gVqvY9eTD3QtF
9WfJVjLoMX78Y53+vvkII9YGjvn2zE4u/0acDzKlXB5mvW9I+LAr+HM4GxF1otmS
5OjGqKERhcpihHViG0l2A0T6Xwa1BSkWZO6BQWuEQ4m2wY2ik9ihAlWlMqFPXomu
Zs3L6SJ+4bPkzP8CLneIvHYSW7UlRTfICaDd654ZWdMHkgusx/KDsi7NRB9NEIJz
tm7dhgBdDOuCzDXe2bulHGpOI++hMjj01HAYapTXlfgrMxouQW3uqa4/FacAVbz6
DB1rz49t5NY6fJvI5/kaMuve07RgWdX0YHX8UsFNeIIcyJjAZ/1OT1A7n3fsstSH
5+PvUXIpQy6q243/I8brcqpozmz4+H8l8hoLLE9otFmNgAiA0oBaXXrv88z4Uoy7
7w5nIWbCtTnVh4eA7g1qu6J+J2aU71En/rQNi4rwIve78Ik6f22Lj+snWrquk4/U
3AEwOykQEyi66G9rD7gYIoiFT9aRl67Nbh50PTH/udEQ5iTnxyuvC4DfQmDqeRUx
KzqrGJ0UIeQyxLHqIU8R2ytYWz5lFefRX5nfvy/BYgi3RS3mXEm0FOrLbolA4ukD
56EqAekYIDHw2MhZaorOrHbw5vQTRZhnLoTUj1x+6QawnsuZ38l55TtI9KagaG++
fCo4gv8rEkABwLipK2/M4hjrjcdzLAhTvBK5/r01Zdj5hVAJz4lg4nVxgxaEAh+6
CYMRovWSkiRugf7j0ALWQPTCEOSOA6NRzjvYYyhOwFpk5GU1L0Vmb0NvuFLm474y
Va07jNAhL5AyU4/tb+79vNb4PmBwwByOAxGqHCjbahPlSesLfQ2q0A3XW26Bv9CM
cLQDdEuDuAA/llUDu5I28MAN6QIPU/9Rh9ZZY0qzRYiSr87YrTpSACTGvWqtf7mQ
jYAIgNKAWl167/PM+FKMu7PzXWDEBTMBk1sKMceG2m71Z8lWMugxfvxjnf6++Qgj
1gaO+fbMTi7/RpwPMqVcHsOllfJ7KwhJJyGewAEDwmu78Ik6f22Lj+snWrquk4/U
VBz37Tw8JCZi3CEK++hsd5mWWv7Nxp5k74UZQm7ZXFhNRBgIgOkVFNiabvov+aXG
f8QFlXdQNtFl1btQzPPikqzKQLycwI59p7emhZvED8arS7e4XbrJE3vLqzSYQu6M
FgXb+FqBBl83odlde3fJ6lLADQHEnj8wC6W45II/M4oywOY6vnryGFsRR0VqSgsB
56EqAekYIDHw2MhZaorOrFLADQHEnj8wC6W45II/M4oI5iutW4LQ8Rt5vrLDxEOp
5+PvUXIpQy6q243/I8brcqpozmz4+H8l8hoLLE9otFmNgAiA0oBaXXrv88z4Uoy7
+LNCibZ5ZXtLoNel1t58Yl3KGxK38eLtlqcxmHEyZ0hvzosSBHdC3dWB053LSNoO
8+IZIeIilGtBR7lqZT98rWDbltMTpVcGtar0NsV5kPpV5z9dB/+8yFxkd7LxKDmX
PxfSWhQ9RtiNkf/3o1qzj0mCGlquRuZlO+EE4xzy79tsf2nij+4IVd7KUgPOCSMA
MRUqseKtUCRq+bja0D7r7bvwiTp/bYuP6ydauq6Tj9Re0IqaUL9xBpLa61pKX7JN
QZ0FXwAiP7acwiwVCplAJzlrwG1hbtMk8O4x3aY6MKOJTeKehf+T4tdXu2lVimy/
5OjGqKERhcpihHViG0l2A74Af00xgnIxD3WraQ+TNkJP//27jHPHAjG0WdVETZFQ
9hWly2H2XXMWuz33La9UgBy3XdP45MzAL6RiBFoOtcatMPiwhLCx2k9vL10SMdKn
ZDgJgVYYV3+h5mZsJJ5gDW06plNz4d/nxUMOqStXV7gqR4EnCqZ97OLi65CBqdhG
ZGBoxP4dKC2WxL2a5TcnlkmCGlquRuZlO+EE4xzy79tHNblWNy7R5BSfKYc9Mqur
/xmAnHGMxrW7cHxlRVTYKXWS9qHiM3F7NFOZJ9Y+4/4gnkczFdwHkoX/fb+bUgAa
TUQYCIDpFRTYmm76L/mlxjkj5d7GwSn5JMb1PwWw+jkw/nY64b05jLDThB4dkpf0
xTiOvzndd1roec29Lex75kpKno/ZW9lHnwaCHQiNWo3bezlqOVaH+ySGK7FJHwDm
3Babe2qLXzvOFbMBWS6XK2/OixIEd0Ld1YHTnctI2g6hcOroF12yhk8j1z1XW/D3
SAmDTjUVx2IYMeR1Ez1eGm/OixIEd0Ld1YHTnctI2g6hcOroF12yhk8j1z1XW/D3
YNuW0xOlVwa1qvQ2xXmQ+lXnP10H/7zIXGR3svEoOZc/F9JaFD1G2I2R//ejWrOP
SYIaWq5G5mU74QTjHPLv27/eICHIYU2jUuNiHuC6jRssLt++pVfzbZsxo9GaK7Ct
ZORlNS9FZm9Db7hS5uO+MmF25gCN6CpseyuJtQGRVYd2Elu1JUU3yAmg3eueGVnT
B5ILrMfyg7IuzUQfTRCCc7Zu3YYAXQzrgsw13tm7pRxqTiPvoTI49NRwGGqU15X4
/k44YHRkDr33weKgTABjQJmWWv7Nxp5k74UZQm7ZXFhNRBgIgOkVFNiabvov+aXG
+ev+Uk/l4n7TNJd822ohZdb4PmBwwByOAxGqHCjbahPlSesLfQ2q0A3XW26Bv9CM
cLQDdEuDuAA/llUDu5I28Cdx5flD7GpX0YTfcZOmlnvpT8bDpU5O9dnrpBZX3tUu
Zf2A84o2ldl8a7+SuQRde2UirnxAeAejs93Hjz0iPr//GYCccYzGtbtwfGVFVNgp
dZL2oeIzcXs0U5kn1j7j/iCeRzMV3AeShf99v5tSABpGY0PfNX0ixJs9oK3mnpKp
yzwV1JNkiN6Yuuikg94yyWX9gPOKNpXZfGu/krkEXXtlIq58QHgHo7Pdx489Ij6/
/xmAnHGMxrW7cHxlRVTYKXWS9qHiM3F7NFOZJ9Y+4/4gnkczFdwHkoX/fb+bUgAa
RmND3zV9IsSbPaCt5p6SqY5uhdrFpzLHOgzxMJLMccqNgAiA0oBaXXrv88z4Uoy7
OTP//kcqNP8NeP3oZJyMI3YSW7UlRTfICaDd654ZWdMHkgusx/KDsi7NRB9NEIJz
tm7dhgBdDOuCzDXe2bulHGpOI++hMjj01HAYapTXlfjZAVYkJWmlQAbM+AQZGmya
56EqAekYIDHw2MhZaorOrEPLtyQ9ohBZPJAh6Xo4fBYsdJhwtZf5KKhjep9t03ze
r7t5CI8a4KfskbIger7Z5EtIHd9dsuTGHOC1OLTnFWFk5GU1L0Vmb0NvuFLm474y
CZ/fIWRjViyJzxywNg1SBuehKgHpGCAx8NjIWWqKzqxDy7ckPaIQWTyQIel6OHwW
LHSYcLWX+SioY3qfbdN83q+7eQiPGuCn7JGyIHq+2eRLSB3fXbLkxhzgtTi05xVh
ZORlNS9FZm9Db7hS5uO+MpRbKGb6CIHTIt3iVJQ14qgw/nY64b05jLDThB4dkpf0
BTTeWs7/oFar2PXkw90LRRbMm+l+K3YELFkzipfCIs7IfnVcgf1Gv+SfpZyNPlOL
3skr3Lwu8JsbiNP6iVTGtOToxqihEYXKYoR1YhtJdgP37uSteNnuufuLWDk7Nzxx
Rfz3dd4EyC1znl2lRD2goTYWZE4hizwvDyDt7SlwI7/76xcmIsXCxNZ/874OeP1o
3h1PXARvs0+Q+BmBvfYm/3JeLFk+lGemB1GV5NAgOy4sSXL8rRkEvPPrJARB3lNR
HyGETEQFf7o/gAutaL/8PJJglIuUlVV0qLsk+SilUGMrWFs+ZRXn0V+Z378vwWII
Voa8I38BQ18e3h4WeTjhUsL9Hxs9uxika/6QSfsstodwxlz0vpz/CGPC5WvAfH6E
jzlQPHNkOdA6G4vw2a8wNfH8RW+ogowyQCD+LgNPUf+JCBgKtZgyGLza2u8/+aeA
5OjGqKERhcpihHViG0l2Az/nm/VTGqo6RxLVd7y7o+JzfsCZvWwKHSAcsHkCRsbR
1E0cF4zbWqY90lqOcz/KeAPIoEQroL7MJUrkl73r2rRSwA0BxJ4/MAuluOSCPzOK
bvh5wWlrfjDTs3qSKcQnPyxJcvytGQS88+skBEHeU1FAxzw8PuQH5FUXTgkOVi23
sO1UyfDu7zHkeW1AKhtN2NhfcgBO8M27Oeeow7XyUgFiuJDsppOeDw3eHe1CQLWY
9hWly2H2XXMWuz33La9UgBp48n7RAjVB7bZ1IwRPGqWPOVA8c2Q50Dobi/DZrzA1
9+tazNVZgnFLeZ03ztYhdVrdCm0Y29vjOHxmbWxoAsM5weGa/ZljosLP+WE6t2Oa
2ef0p9DB/BwTZfOSoRxI3mpOI++hMjj01HAYapTXlfgTPBfANZhdWlEqyCWQCq7n
75FrXRWqyXN5ZxAt+B3JH1LADQHEnj8wC6W45II/M4rx8JW+Biv0yt5Q/r0mAMZU
AodPULrRAlMycdSnfFGaxCURfm+QY+v2GjWxNLn1QrgRxvOT/Tl1yhI4FAOBZNyo
0cnGEjrnVK6uxcLATzpLMe+n2KuzKk5Q/3jyQHPyeGLk6MaooRGFymKEdWIbSXYD
q6K0w7Qs6SP72wKCeh9SsMk5YJKai7I1MFxzIneOzpDEUEH5u9vzPyrLI5Zy03iF
n2G8Kik4D9uIm6W7PYgI5sAN6QIPU/9Rh9ZZY0qzRYimB9Rg1RSDOPfYaAIbgr7N
pxtkcc6y/GEhtGxZ5mT0uETLkOnzH8oDeJ6QMxZnHr4+nVOrPDTf/QO9Zn+DGugf
3h1PXARvs0+Q+BmBvfYm/3JeLFk+lGemB1GV5NAgOy4sSXL8rRkEvPPrJARB3lNR
iX1ZF6S0HnIoAQ4U5r2Vt2VTcFL2JLNEn/dM53BBcuVk5GU1L0Vmb0NvuFLm474y
QESjS3qJy2wGSGVREeZlQbDtVMnw7u8x5HltQCobTdjYX3IATvDNuznnqMO18lIB
YriQ7KaTng8N3h3tQkC1mPYVpcth9l1zFrs99y2vVIAI8pD1jpRzL+yiA8QRcM3u
pxtkcc6y/GEhtGxZ5mT0uCpHgScKpn3s4uLrkIGp2EaKI8/Q+nWHQoLGWv8gZO9b
fdmgns9Nb9v93XEyN/Lxe8fa9dejyfuGC1A9DiSfiqtk5GU1L0Vmb0NvuFLm474y
bFlP7ysR8zwD+XqMWNp4t+CbxMRn6n7SgEM3okUuxjXFOI6/Od13Wuh5zb0t7Hvm
szP1QhQyjNyDHiNBi1H4C90cMmosTSc5DHBS7v0SoqP0U0xMUkqPFZVqCMnyhhR9
MR+Me0ZAckVikgSBoJltv+1b0nYwU8wIHritKv7ic8kk4cx7c5OMpJvGaZ20R6JY
9hWly2H2XXMWuz33La9UgGu8bnflSjM3RRbnPzc+/KfC/R8bPbsYpGv+kEn7LLaH
cMZc9L6c/whjwuVrwHx+hI85UDxzZDnQOhuL8NmvMDVVbdt3Wb7+WTGwd7LZZA5p
bvh5wWlrfjDTs3qSKcQnPyxJcvytGQS88+skBEHeU1EZJjTlirdnxwzyZMnZJFwp
Fsyb6X4rdgQsWTOKl8Iizsh+dVyB/Ua/5J+lnI0+U4veySvcvC7wmxuI0/qJVMa0
5OjGqKERhcpihHViG0l2A7/rk3k8i0lhMTdik413jQO46ge5YGlldALNTGsaM930
wA3pAg9T/1GH1lljSrNFiFR4GgJ8Sf5/llQQH1EFfPOUPEz9jQBK+6vuC+rYQs1c
XrneGT77R0JG86QlOdltn6t53/yYrR60Pl982f/9OI32rZNmoVeY3bkIWpljFxh/
t0Y6dlFoV72BLtqZxG3lhfIHACr8WCsN/VhIH45DXa+hcOroF12yhk8j1z1XW/D3
iiPP0Pp1h0KCxlr/IGTvW33ZoJ7PTW/b/d1xMjfy8XvH2vXXo8n7hgtQPQ4kn4qr
ZORlNS9FZm9Db7hS5uO+Mofq7qv9TdofpdD/O7zZ+JPvkWtdFarJc3lnEC34Hckf
Z7+MghjKQxqL7JcDTK3DplrdCm0Y29vjOHxmbWxoAsM5weGa/ZljosLP+WE6t2Oa
2ef0p9DB/BwTZfOSoRxI3mpOI++hMjj01HAYapTXlfg8ANEbnhUZPWiVlrNTWr4m
8gcAKvxYKw39WEgfjkNdr8kQtCG1KcCDPHksDVqm7dUD00kArH/wiO6O3hzJIcAF
I3bLsUSHyZ6t4+FnH/B6V0rMXjDLXSUyMkTDsACHMFrfWFMTcnmqSpDk82Erj/Oq
y/zlbgOp1UzfRWhOGrQpIRHG85P9OXXKEjgUA4Fk3KizMqGXlM2DajecRUr3ram/
lDxM/Y0ASvur7gvq2ELNXF653hk++0dCRvOkJTnZbZ+red/8mK0etD5ffNn//TiN
ORAz5fL5eJkdQ3eSZeWUHu+n2KuzKk5Q/3jyQHPyeGLk6MaooRGFymKEdWIbSXYD
A3u3Ww3+aGJnl1B8AN2/bsL9Hxs9uxika/6QSfsstodwxlz0vpz/CGPC5WvAfH6E
jzlQPHNkOdA6G4vw2a8wNSO9Iv/UWP2j6L8xiNMIqfq46ge5YGlldALNTGsaM930
MPRbVAa3M+0Wx7jQSf+9U/Hwlb4GK/TK3lD+vSYAxlQCh09QutECUzJx1Kd8UZrE
JRF+b5Bj6/YaNbE0ufVCuBHG85P9OXXKEjgUA4Fk3Kg2aT5mOrxSLbwcFcWnOujo
75FrXRWqyXN5ZxAt+B3JH0PLtyQ9ohBZPJAh6Xo4fBZa3QptGNvb4zh8Zm1saALD
OcHhmv2ZY6LCz/lhOrdjmsnTimbLvLWqySV8K79E/uNk5GU1L0Vmb0NvuFLm474y
TsCsSisoQwNv8uzhaTzKK8Zk9jIpTTcQPrIJEB9ykvr+g5JsQC611oNR6NqFrbRE
EJ77v6LbT7SDMv4tmetOQOcOJ9v/ji9ClCEP+8zgPUUCwUjkZq3trFyswYeLxbfe
FgXb+FqBBl83odlde3fJ6nbw5vQTRZhnLoTUj1x+6QagkERAkWaI9ZBSCiw+Ms8J
+YVQCc+JYOJ1cYMWhAIfulCS2Y/YUQgKLLJFg8CJpV2w7VTJ8O7vMeR5bUAqG03Y
2F9yAE7wzbs556jDtfJSAVnx7LgVMR6WTmRB0l+iCl1qTiPvoTI49NRwGGqU15X4
IiCr+KxL9fikfPn/fwj+0QXbYa+TdgWF2TIhbNZcBd42FmROIYs8Lw8g7e0pcCO/
++sXJiLFwsTWf/O+Dnj9aN4dT1wEb7NPkPgZgb32Jv+0wnOWO3ZftTHWjvK+lYV2
Zf2A84o2ldl8a7+SuQRde6p5ybwfwcF+ffEAWVI0oppLiJ9H4PGNZggH5BrIJLuN
SYIaWq5G5mU74QTjHPLv263JF9ZYV7wGp+/F2L2r7c7JOWCSmouyNTBccyJ3js6Q
xFBB+bvb8z8qyyOWctN4hcZZEQDMz3GZ+Gq4cYUcyFZNRBgIgOkVFNiabvov+aXG
0Ug/9hxQwMi5dG3l4RRLH+ehKgHpGCAx8NjIWWqKzqxSwA0BxJ4/MAuluOSCPzOK
8fCVvgYr9MreUP69JgDGVAKHT1C60QJTMnHUp3xRmsR3MRqL+bAHUfUPPKzoahkd
+YVQCc+JYOJ1cYMWhAIfukWLPMJIqSLsoKRdv9soJzmGnZyIA5smodrZHdyDUnIR
5OjGqKERhcpihHViG0l2A9jBX3bEREoQZYzpi1eoRx1zfsCZvWwKHSAcsHkCRsbR
1E0cF4zbWqY90lqOcz/KeC27TXodsYRDHmA438SaGLj6QVv22+SWrLy43f7L8aJu
TJrlX8KEmFaZnSqQ5d8V0QXbYa+TdgWF2TIhbNZcBd76QVv22+SWrLy43f7L8aJu
GkSKarfs20u/6VdztDKV9OcOJ9v/ji9ClCEP+8zgPUUCwUjkZq3trFyswYeLxbfe
FgXb+FqBBl83odlde3fJ6lLADQHEnj8wC6W45II/M4onD13Zm8gp9p6Vy2IyN5TB
jYAIgNKAWl167/PM+FKMu/izQom2eWV7S6DXpdbefGLqwymh/91z9tcC6964Au72
3RwyaixNJzkMcFLu/RKio0FaUsPThOdEFuxGf1Ckxw9vzosSBHdC3dWB053LSNoO
8+IZIeIilGtBR7lqZT98rSGOvRRldaYA938cBj5Br1X5hVAJz4lg4nVxgxaEAh+6
9qgWWMiCQe7wh6ElKstZzBbMm+l+K3YELFkzipfCIs7IfnVcgf1Gv+SfpZyNPlOL
ouUy0iTBDm7kp2I+8cNYrrvwiTp/bYuP6ydauq6Tj9Qkk7vNOion9XfZhFFpGRMb
nrcQVUe7YOdHoioDEWPoqGpOI++hMjj01HAYapTXlfhNivMgyuESXqH2xrU4Vuo8
lDxM/Y0ASvur7gvq2ELNXF653hk++0dCRvOkJTnZbZ86sXguSdhPH6V8POnPkSK1
xTiOvzndd1roec29Lex75jN3WyYIVdoTqyr38hbRUC9vzosSBHdC3dWB053LSNoO
hk/AJmdY3NWqpY3fWanQqZv28B2IHkv21sK9DDialOkj2cJjRG870RsGlelAFuse
4ajOppQIFmYVAkIJVw2O/OToxqihEYXKYoR1YhtJdgP1aj9fFlGXW3bfrpEpLFUT
tCf2gTArvbuaqC9AJCNHV8AN6QIPU/9Rh9ZZY0qzRYjlnFD90WbKZmlVxTZU6zRW
lnry8guz9JhrvGX6x2kaqXS+wZ3RuFDRMU6cFv7xb0CNgAiA0oBaXXrv88z4Uoy7
Y1qBeT9tHc+L8ggxp7FT4hkRr5SFRViVGKCkbapbRBONgAiA0oBaXXrv88z4Uoy7
Y1qBeT9tHc+L8ggxp7FT4urDKaH/3XP21wLr3rgC7vbdHDJqLE0nOQxwUu79EqKj
QVpSw9OE50QW7EZ/UKTHD2/OixIEd0Ld1YHTnctI2g6hcOroF12yhk8j1z1XW/D3
ZGBoxP4dKC2WxL2a5TcnlkmCGlquRuZlO+EE4xzy79uTh6Cm8VS4mGz2Tf1Refq7
Wt0KbRjb2+M4fGZtbGgCwznB4Zr9mWOiws/5YTq3Y5rJ04pmy7y1qsklfCu/RP7j
ZORlNS9FZm9Db7hS5uO+MvEvgUUfbTHRyU2hQmBDG3KGnZyIA5smodrZHdyDUnIR
5OjGqKERhcpihHViG0l2A8GxifLnKKZlhMmxWUo0rVHJOWCSmouyNTBccyJ3js6Q
xFBB+bvb8z8qyyOWctN4hcZZEQDMz3GZ+Gq4cYUcyFZGY0PfNX0ixJs9oK3mnpKp
7isCj+TGn10NYvjI/JWhrW06plNz4d/nxUMOqStXV7hSAyxRX5byp6oGHwN/jIpA
m/bwHYgeS/bWwr0MOJqU6SPZwmNEbzvRGwaV6UAW6x7hqM6mlAgWZhUCQglXDY78
5OjGqKERhcpihHViG0l2A45ji64ibPRdL5rhRTG8jFFtOqZTc+Hf58VDDqkrV1e4
UgMsUV+W8qeqBh8Df4yKQJv28B2IHkv21sK9DDialOkj2cJjRG870RsGlelAFuse
4ajOppQIFmYVAkIJVw2O/OToxqihEYXKYoR1YhtJdgMB5fOylZ2pr7JZ4zqpJuSo
56EqAekYIDHw2MhZaorOrGe/jIIYykMai+yXA0ytw6Za3QptGNvb4zh8Zm1saALD
OcHhmv2ZY6LCz/lhOrdjmsnTimbLvLWqySV8K79E/uNk5GU1L0Vmb0NvuFLm474y
BYufArn6qmr6Y698JODqOQXbYa+TdgWF2TIhbNZcBd41tBNgjQ8Hu2LAHmAjBbZP
iiPP0Pp1h0KCxlr/IGTvW33ZoJ7PTW/b/d1xMjfy8XvUZWTRu7XYdb/ihbN9Nz9I
SYIaWq5G5mU74QTjHPLv2+Tn86KX87r14KHPsaE43rQF22Gvk3YFhdkyIWzWXAXe
NbQTYI0PB7tiwB5gIwW2T4ojz9D6dYdCgsZa/yBk71t92aCez01v2/3dcTI38vF7
1GVk0bu12HW/4oWzfTc/SEmCGlquRuZlO+EE4xzy79tEq3JW+g+FXpFnx0nC280V
tCf2gTArvbuaqC9AJCNHVzD0W1QGtzPtFse40En/vVMupqlRMTpromUMaFwAdn+K
4ceqjfKZEnWSSfrBfUy6Sm3T+lyQObl5dw6PG/GtypERxvOT/Tl1yhI4FAOBZNyo
LOTpT7JcCFuv3cnVwK1hTWUFcd4P0wW91X2HqJ3iR+UrWFs+ZRXn0V+Z378vwWII
5K8BSmY2nlkEpHmdyvEGxMIS5cu5ZXnWlssytI/f6Ri6MS65BsyigZxYbCkPiv6B
jzlQPHNkOdA6G4vw2a8wNeiBJnDCGO+3nAdZy2s8kbuS+tOqpy/5j0ZjRhsxzeq8
ak4j76EyOPTUcBhqlNeV+CytZVtuFq+TfmvoA8nCPHxPWVoZFeOjB5H9yNgzQ243
HENFWFbRHvqpmkDLlI4T/at53/yYrR60Pl982f/9OI2it6J0PYd2C79IFmSdA9yZ
y/zlbgOp1UzfRWhOGrQpIRHG85P9OXXKEjgUA4Fk3Kir3b764NIaoL4o0+TEke1a
opFi7nRWZ7Mve+atzPmknukFP4lT51u8J1VcDO8u0fAkw3T4A1Xd9QWm4gOr7OUp
+kFb9tvklqy8uN3+y/GibvQb7ZcMz+XJdb0fJsPHUl6POVA8c2Q50Dobi/DZrzA1
9+tazNVZgnFLeZ03ztYhddds9s5aYB2oHbEmqkgZj4lfBNOXkQDEKf/OCEWkOkFu
l1tv/FVpNCIH1RnEIgd5jGpOI++hMjj01HAYapTXlfiM7HaUr1SRRmYcfLWhgpaN
pxtkcc6y/GEhtGxZ5mT0uBYNmkhsK69VPHbwZ3fp17DaPqYXAPbt5hlYcNnHr3rH
19OKf7OLEnDIW7/SbGXRvai76BFXVQKvf70v+4nhc7Bk5GU1L0Vmb0NvuFLm474y
jGYQBqKWUtNKfMIGmhvE1PfgKqd8tSmp5j8lBOFxTun6QVv22+SWrLy43f7L8aJu
4ZTvu8v45/ZHwwDwXRz3mbXON4gJZlSv08hkCJehDTZIDgD81JYA3lfopQYgoeHf
LEly/K0ZBLzz6yQEQd5TUYl9WRektB5yKAEOFOa9lbfXaXSuMXmb7gQGAbJBtuUp
Ecbzk/05dcoSOBQDgWTcqF7QippQv3EGktrrWkpfsk0BLWTOoqDVe37zgYkA8LMY
A7TJUSrgg7QTiIkmCRF0P645Wzjk0TpZDhgdbAlfyd1NRBgIgOkVFNiabvov+aXG
oP6rDm35PRqAcelloc40x+CbxMRn6n7SgEM3okUuxjXFOI6/Od13Wuh5zb0t7Hvm
+/k57TgjAKY6jYKInq2aPsIS5cu5ZXnWlssytI/f6Ri6MS65BsyigZxYbCkPiv6B
jzlQPHNkOdA6G4vw2a8wNaX8xZf8/fz9Ju8nkxhr6TC+w9QA6DVrG6+GzpM0i79D
MR+Me0ZAckVikgSBoJltv92uG0cE3eAsOECoBUn3hS3XbPbOWmAdqB2xJqpIGY+J
XwTTl5EAxCn/zghFpDpBbpdbb/xVaTQiB9UZxCIHeYxqTiPvoTI49NRwGGqU15X4
Skjsdm1C+i1VWsMOeEfIpYSRbJZURA6nv8z0COs8a/LFOI6/Od13Wuh5zb0t7Hvm
xOHtdfPyydpsGlJG7rxbgynvPHYhXkqsuWXeHwkIFHy/I2gIOpLYtiebbC/SK/0g
MR+Me0ZAckVikgSBoJltv6x5wkx9qWnADyut/pG4QFa46ge5YGlldALNTGsaM930
wA3pAg9T/1GH1lljSrNFiMzcdN/qF7uX8zchlpPr45jATMS+W09o8n7dfYMzOVRP
Q3W79qXMm3SssqmwcDhadvIHACr8WCsN/VhIH45DXa/0gpC51j5frsy2qTya72ac
kw7S4etxiLK8Q8T+flLIcGpOI++hMjj01HAYapTXlfgSSlqDeCyWuEXSEYsRZlbK
T1laGRXjoweR/cjYM0NuNxxDRVhW0R76qZpAy5SOE/2red/8mK0etD5ffNn//TiN
9q2TZqFXmN25CFqZYxcYf1ulgqp1e7bLXIXuIUEwhdaPOVA8c2Q50Dobi/DZrzA1
VW3bd1m+/lkxsHey2WQOaS6mqVExOmuiZQxoXAB2f4rhx6qN8pkSdZJJ+sF9TLpK
bdP6XJA5uXl3Do8b8a3KkRHG85P9OXXKEjgUA4Fk3KimCKOTG/dgKA9mSQ1d+Hvw
FfdgqFmjz40hvtHf/v72lE1EGAiA6RUU2Jpu+i/5pcbtD64f0AAEDy5Lp6SfArpE
2HJVADrbO2H4O6fqENO8VjZA6AbrybZEA9F1n4vUI8kqrn+Lba9aMkiXZrPfTGQK
xTiOvzndd1roec29Lex75lT2y5CYm4i091AMYBrrTP62wY2ik9ihAlWlMqFPXomu
Y1qBeT9tHc+L8ggxp7FT4hi6/N8csxORopJAnYkuJ7wp7zx2IV5KrLll3h8JCBR8
vyNoCDqS2LYnm2wv0iv9IDEfjHtGQHJFYpIEgaCZbb/ZJlXZgyhKyQfwtDq/EhiV
Rfz3dd4EyC1znl2lRD2god9YUxNyeapKkOTzYSuP86raPqYXAPbt5hlYcNnHr3rH
19OKf7OLEnDIW7/SbGXRvai76BFXVQKvf70v+4nhc7Bk5GU1L0Vmb0NvuFLm474y
rwQ9AqkSdgxE+o0ylgXbpLbBjaKT2KECVaUyoU9eia45M//+Ryo0/w14/ehknIwj
X3kpbWNfunOrkQX7JSdWszNzMEypitU6hsRhKO/5Kn0vioYnhQ8j8zO/395b332k
qB+hywk1HpfqP+WejexHirPTMkmDwnDL2qWlnUkjKtMsSXL8rRkEvPPrJARB3lNR
otjefSPBc4GQBsjrMC2nRdhyVQA62zth+Dun6hDTvFY2QOgG68m2RAPRdZ+L1CPJ
Kq5/i22vWjJIl2az30xkCsvgtiJQ7IpOTyBXqJkyx8nXaXSuMXmb7gQGAbJBtuUp
Ecbzk/05dcoSOBQDgWTcqH1E2p6vUNfrUVVF03Gnpq9PWVoZFeOjB5H9yNgzQ243
HENFWFbRHvqpmkDLlI4T/at53/yYrR60Pl982f/9OI0aX3Gv4BRG6pe9exIMlUax
FfdgqFmjz40hvtHf/v72lPKVYWO1tP3rroq98ByfQYta81EahxbVY0d0eTnH5r0v
tc43iAlmVK/TyGQIl6ENNkgOAPzUlgDeV+ilBiCh4d8sSXL8rRkEvPPrJARB3lNR
QUfjY86fNziqlPxcQ6Hqb/fgKqd8tSmp5j8lBOFxTuk1tBNgjQ8Hu2LAHmAjBbZP
2j6mFwD27eYZWHDZx696x9fTin+zixJwyFu/0mxl0b0Kdm2JZf8MzhbhMs3ht4H5
SYIaWq5G5mU74QTjHPLv2xusxHveD3Lu9ZUvx0Ev0Qnhdd31CQSyZ/xsvoGVceVf
5OjGqKERhcpihHViG0l2A9/sjE+rxrac8S2VBsMPJsQ2Wm2v+blRt9yQyfErwffi
hVXu9QXBwbItQxbhxCCPHk0MuNzwN14obkKidKcIlKo2FmROIYs8Lw8g7e0pcCO/
XmiZUbk7Tr6O7wEYvqvqY2X9gPOKNpXZfGu/krkEXXv2WvCsmRG5FtioEwdV7DUR
12z2zlpgHagdsSaqSBmPiV8E05eRAMQp/84IRaQ6QW4ZMJq0Nzv20tzde0x4PRqk
ZORlNS9FZm9Db7hS5uO+MlbBqy5igkasMI3GVKK9ia9HIU+j15LP8GaHEgxSYHDv
K1hbPmUV59Ffmd+/L8FiCOSvAUpmNp5ZBKR5ncrxBsTCEuXLuWV51pbLMrSP3+kY
ujEuuQbMooGcWGwpD4r+gW06plNz4d/nxUMOqStXV7gWDZpIbCuvVTx28Gd36dew
SAmDTjUVx2IYMeR1Ez1eGm/OixIEd0Ld1YHTnctI2g6jZJhEkpFEOxxgna5KPBtM
AS1kzqKg1Xt+84GJAPCzGAO0yVEq4IO0E4iJJgkRdD+0MvM5PHG1b2edy1KAdbj9
5OjGqKERhcpihHViG0l2AwQM+5RqpttMPbaczjnTa5kF22Gvk3YFhdkyIWzWXAXe
+kFb9tvklqy8uN3+y/GibuGU77vL+Of2R8MA8F0c95m1zjeICWZUr9PIZAiXoQ02
UNBL8CzUY395tSpZJOg6yWX9gPOKNpXZfGu/krkEXXuwAXtXFFr37k0QDVQCwnxP
MRUqseKtUCRq+bja0D7r7bvwiTp/bYuP6ydauq6Tj9QmwLhusrKJKTOzPgd1JzzM
opFi7nRWZ7Mve+atzPmknukFP4lT51u8J1VcDO8u0fBmIIpoa3oQAsGBNc2OyHVs
9hWly2H2XXMWuz33La9UgM1qsmLenQtu5mZp8qjmYgBP//27jHPHAjG0WdVETZFQ
9hWly2H2XXMWuz33La9UgOFqalx/peXIQROSTCj+3RM2Wm2v+blRt9yQyfErwffi
hVXu9QXBwbItQxbhxCCPHk0MuNzwN14obkKidKcIlKr6QVv22+SWrLy43f7L8aJu
9XvuAYRjW5i9ZwDgPjQ3Z+ehKgHpGCAx8NjIWWqKzqxSwA0BxJ4/MAuluOSCPzOK
iQeCBvN8D/8tROfYa5FxGMBMxL5bT2jyft19gzM5VE+GS3KpMzqE9UfmX2X3leGs
jYAIgNKAWl167/PM+FKMu/izQom2eWV7S6DXpdbefGLo0gmgN2qTcsIWHHyvUdqh
Zf2A84o2ldl8a7+SuQRde6X8xZf8/fz9Ju8nkxhr6TAupqlRMTpromUMaFwAdn+K
4ceqjfKZEnWSSfrBfUy6SgdnOyoBMTHIiHOaz8enj1n5hVAJz4lg4nVxgxaEAh+6
s6ep6Ljj6cH5GiQUNkfBwvTCEOSOA6NRzjvYYyhOwFpk5GU1L0Vmb0NvuFLm474y
3STmz7BDSkQGTucCV6AA+9hyVQA62zth+Dun6hDTvFY2QOgG68m2RAPRdZ+L1CPJ
WeOpyKh7DemMUJw7iNFNl8AN6QIPU/9Rh9ZZY0qzRYhxy0C7MwfZr3lzAcQdnCUz
jYAIgNKAWl167/PM+FKMu8vtMQOEatvxkUDLauQuIMzUUrfJW6eneI+kx5hRcfRG
vhSIIet176vKaQOE2h90wCJxoK0sdONcs72ffLqgBre78Ik6f22Lj+snWrquk4/U
JgEUCqvUZbaQ/BMxIbay4JmWWv7Nxp5k74UZQm7ZXFhNRBgIgOkVFNiabvov+aXG
PattUmZnhtvzwv8w/8bJMcOvhXLOhBaZQDLeacJ8czAjphK2JNL5ZmkrEMfOCf9W
FgXb+FqBBl83odlde3fJ6nOZ+vGW7vXY7o1jbM7W6WEywOY6vnryGFsRR0VqSgsB
56EqAekYIDHw2MhZaorOrHOZ+vGW7vXY7o1jbM7W6WGJB4IG83wP/y1E59hrkXEY
wEzEvltPaPJ+3X2DMzlUT4ZLcqkzOoT1R+ZfZfeV4ayNgAiA0oBaXXrv88z4Uoy7
Y1qBeT9tHc+L8ggxp7FT4l3KGxK38eLtlqcxmHEyZ0hvzosSBHdC3dWB053LSNoO
oXDq6BddsoZPI9c9V1vw99o+phcA9u3mGVhw2cevesfX04p/s4sScMhbv9JsZdG9
CnZtiWX/DM4W4TLN4beB+UmCGlquRuZlO+EE4xzy79umdw6PnoIWPTN4ZshZ3nNj
MRUqseKtUCRq+bja0D7r7bvwiTp/bYuP6ydauq6Tj9Qu+YXzZfbh2iPdk5FaDa1b
AS1kzqKg1Xt+84GJAPCzGAO0yVEq4IO0E4iJJgkRdD+0MvM5PHG1b2edy1KAdbj9
5OjGqKERhcpihHViG0l2A5gQrgdRJ/pUpUbxVsYxBhkw/nY64b05jLDThB4dkpf0
lTzPPcvslxgOezBjL7ctOdRSt8lbp6d4j6THmFFx9Ea+FIgh63Xvq8ppA4TaH3TA
InGgrSx041yzvZ98uqAGt7vwiTp/bYuP6ydauq6Tj9R1Xnu/BCppTyT8YC899nsp
MP52OuG9OYyw04QeHZKX9JU8zz3L7JcYDnswYy+3LTnUUrfJW6eneI+kx5hRcfRG
vhSIIet176vKaQOE2h90wCJxoK0sdONcs72ffLqgBre78Ik6f22Lj+snWrquk4/U
z1i/wXct+sz2wxap4mWE4QXbYa+TdgWF2TIhbNZcBd7fWFMTcnmqSpDk82Erj/Oq
2j6mFwD27eYZWHDZx696x9fTin+zixJwyFu/0mxl0b0Kdm2JZf8MzhbhMs3ht4H5
SYIaWq5G5mU74QTjHPLv219GmBMwbEY3KStYZlwChNdP//27jHPHAjG0WdVETZFQ
NmuzFH5cBnU+iWa5T7A8bLzm7YYvkvjitEKb/beWSsgp7zx2IV5KrLll3h8JCBR8
9otmUTsh6yiBlPn9vASB02/OixIEd0Ld1YHTnctI2g5oWDdlizg+/FUN/N92e/5J
RyFPo9eSz/BmhxIMUmBw7zZrsxR+XAZ1PolmuU+wPGy85u2GL5L44rRCm/23lkrI
Ke88diFeSqy5Zd4fCQgUfPaLZlE7IesogZT5/bwEgdNvzosSBHdC3dWB053LSNoO
Q6v2KvYVJbME0pf1FldTEZmWWv7Nxp5k74UZQm7ZXFjylWFjtbT9666KvfAcn0GL
4B+bBpbJm0QSA0th7U+OC9PKvgJM7XBv049QjC84xKvclMPOl70ZVZKZFWjqRy50
LEly/K0ZBLzz6yQEQd5TUVo0MXCy8EpydAo3VrJl4PXKGcbvMe4P7IMp5Uo8/QiL
ak4j76EyOPTUcBhqlNeV+BfXwaQyjRqG8eO6fu5TPUVBIKIPaVri7Gbhyy2a2Iy5
pVidPy5xtthTpWNV9lqmoqt53/yYrR60Pl982f/9OI2it6J0PYd2C79IFmSdA9yZ
7NZjxLQMpwWHsAmZNU2sH2TkZTUvRWZvQ2+4UubjvjIpbnhsfF5KgJPuublRLhbh
M4NFRAlW12QfvNtZUKcmzD6VteIxXxhEKb++MBDpMlHxJRmgo4vVnaZ+7Y6EQqqa
RzvDU1Yzn0dKbMaO7BUx6yaE291ejPVrf8OLPaS+CKksSXL8rRkEvPPrJARB3lNR
UJLZj9hRCAosskWDwImlXUR3dsjqU4KLFGThRvW9X6lfPYlUB1NYdxHkl1IBjdiP
1jLD7CsiwbbtVXDw9/J+8PYVpcth9l1zFrs99y2vVIBhPb+STT0mKs40Ohgs2lW8
pxtkcc6y/GEhtGxZ5mT0uBYNmkhsK69VPHbwZ3fp17A52ZXqia6vXblTbupzYgia
mWjUL6kJEfNeLU7POMclQKRHI6TWsNBVvbqvmEUaLHJk5GU1L0Vmb0NvuFLm474y
EoutYDIiOWqL/t4d3sqmyeCbxMRn6n7SgEM3okUuxjXFOI6/Od13Wuh5zb0t7Hvm
ZQI2QQaeWRuhfPQvqlHdxnUh90EywrQIMAEcrFTFCdEnSl/RxUDtMOFFfe4h1SHM
MR+Me0ZAckVikgSBoJltv/GO3QQe4MTDcqGvYRAET+Ek4cx7c5OMpJvGaZ20R6JY
9hWly2H2XXMWuz33La9UgEIk7YFlIGuUNplnV5uSdGVgOdLrvjNFRBj0pRlm+sFE
i/FwqYHhTmWBdOwhf53GXY85UDxzZDnQOhuL8NmvMDWl/MWX/P38/SbvJ5MYa+kw
bvh5wWlrfjDTs3qSKcQnPyxJcvytGQS88+skBEHeU1H2qBZYyIJB7vCHoSUqy1nM
T1ufXSlsbjXlePlBIUqutqgsx1DAZMzYE/y9mKN3Zrio1/Y6gGdRINr8gMXFvgcA
5OjGqKERhcpihHViG0l2A17vGV2//Hnigd053dNpEVu46ge5YGlldALNTGsaM930
wA3pAg9T/1GH1lljSrNFiEs5HVe+TBRzJg+B35PXN6tBIKIPaVri7Gbhyy2a2Iy5
pVidPy5xtthTpWNV9lqmoqt53/yYrR60Pl982f/9OI1Ey5Dp8x/KA3iekDMWZx6+
t0Y6dlFoV72BLtqZxG3lhfIHACr8WCsN/VhIH45DXa/z4hkh4iKUa0FHuWplP3yt
OdmV6omur125U27qc2IImplo1C+pCRHzXi1OzzjHJUCkRyOk1rDQVb26r5hFGixy
ZORlNS9FZm9Db7hS5uO+MmqZzfrMLB9w/3F9U9JinpHyJJPtEZcgbhHY5MVeoJPj
wA3pAg9T/1GH1lljSrNFiE4kkq5ke6KNsBOd4fD4+St+l0X6SjzNf6eN2a883NMf
4L4xAMX7MBWEDrbKb5v8l/IHACr8WCsN/VhIH45DXa/KZBWMBXHJGEC1yuIcRCfU
FfdgqFmjz40hvtHf/v72lE1EGAiA6RUU2Jpu+i/5pcY1oyiH33gpZWdGrwCeeZKU
V6/J5SAKtKaPOr2VYmCL2AN1CkqmGZX0zHUwTE9vbLF24BcMiMAzh5/RWABkaYcs
vSlr+ZCmNOZeek8ScpWzrWVTcFL2JLNEn/dM53BBcuVk5GU1L0Vmb0NvuFLm474y
H+EsMBZh8WQnk1queCJIhDODRUQJVtdkH7zbWVCnJsw+lbXiMV8YRCm/vjAQ6TJR
8SUZoKOL1Z2mfu2OhEKqmsU4jr853Xda6HnNvS3se+Y52uuZkmHrg5xfAcOHt/Rd
pxtkcc6y/GEhtGxZ5mT0uPatk2ahV5jduQhamWMXGH+cBemA3MYw5O+sUPH15sPH
08q+AkztcG/Tj1CMLzjEq9yUw86XvRlVkpkVaOpHLnQsSXL8rRkEvPPrJARB3lNR
5iKcAg+rQiSYrt9gcjgVFW8dcDMJm5Gtk9w/FmJLfEjk6MaooRGFymKEdWIbSXYD
wbGJ8ucopmWEybFZSjStUYlmV8sWYPWFMcwVoOIvjsrIPlr/wfUUC13R6unFEaxb
Camw73l4bKvlamkJWmvQl8AN6QIPU/9Rh9ZZY0qzRYhl60GnJDGBseFeazdcCBy1
75FrXRWqyXN5ZxAt+B3JH3OZ+vGW7vXY7o1jbM7W6WHArti3cjxwi/iuqXEcQDJl
fpdF+ko8zX+njdmvPNzTH+C+MQDF+zAVhA62ym+b/JfyBwAq/FgrDf1YSB+OQ12v
EKnyj6LbvXQgILdrra0pVmUFcd4P0wW91X2HqJ3iR+WoH6HLCTUel+o/5Z6N7EeK
NRiYzYz9A3C5GPe4iIvKxXUh90EywrQIMAEcrFTFCdEnSl/RxUDtMOFFfe4h1SHM
MR+Me0ZAckVikgSBoJltv3MHMJqk1y2/N7csHvVMJQrvkWtdFarJc3lnEC34Hckf
Z7+MghjKQxqL7JcDTK3DpuudOHRoJkiHfA54QH9ZBGXnJc61cLvbZ1CoULpSnhZq
yLUP0DnUYuHQFAA95h7LrmpOI++hMjj01HAYapTXlfh1jc5fjUaKhsDvjI7c/bXE
jzlQPHNkOdA6G4vw2a8wNWUirnxAeAejs93Hjz0iPr+JZlfLFmD1hTHMFaDiL47K
yD5a/8H1FAtd0erpxRGsWwmpsO95eGyr5WppCVpr0Jcw9FtUBrcz7RbHuNBJ/71T
bvh5wWlrfjDTs3qSKcQnPyxJcvytGQS88+skBEHeU1H8RvZQ75QajeZR0uvlQHXk
M4NFRAlW12QfvNtZUKcmzD6VteIxXxhEKb++MBDpMlHxJRmgo4vVnaZ+7Y6EQqqa
y+C2IlDsik5PIFeomTLHyW8dcDMJm5Gtk9w/FmJLfEjk6MaooRGFymKEdWIbSXYD
vBCKMfKV+Nohigj5dkwvAGA50uu+M0VEGPSlGWb6wUSL8XCpgeFOZYF07CF/ncZd
jzlQPHNkOdA6G4vw2a8wNUFLiUk6bryJXAwW4LRMzwck4cx7c5OMpJvGaZ20R6JY
NmuzFH5cBnU+iWa5T7A8bP/nHQ44kZQ8/BxhtKMtHtJ1IfdBMsK0CDABHKxUxQnR
lSuJALa2P3ce6Ue6Pse/Dm/OixIEd0Ld1YHTnctI2g4xc/NaMtKq4WxR09eXMq6/
vBHy+DsUD+6N/t4spiYfCLvwiTp/bYuP6ydauq6Tj9TkWIn738SYy4Tzy9Zr+4uM
8eGenKsrSwgNYuU3lad3jVaKFSOnAHJcLvod1BWYKZ8lRo6Sy292HIMH0Fm0q+Zs
K1hbPmUV59Ffmd+/L8FiCCksg/UAZ8KJ3doV1WJK0LttOqZTc+Hf58VDDqkrV1e4
oreidD2Hdgu/SBZknQPcmTnZleqJrq9duVNu6nNiCJqZaNQvqQkR814tTs84xyVA
mQbPM24DTvXVcaTOmBR60kmCGlquRuZlO+EE4xzy79taHZDyYygrNZk0h+PbLw/J
rYJPnIgpbgcRd9Xy8uesKmpOI++hMjj01HAYapTXlfgX18GkMo0ahvHjun7uUz1F
QSCiD2la4uxm4cstmtiMuaVYnT8ucbbYU6VjVfZapqI6sXguSdhPH6V8POnPkSK1
xTiOvzndd1roec29Lex75twdzFhLFBwu+uQWzTlbPk+NgAiA0oBaXXrv88z4Uoy7
s/NdYMQFMwGTWwoxx4babk9bn10pbG415Xj5QSFKrraoLMdQwGTM2BP8vZijd2a4
WF4C1zQjnn+jZABEFEWwzrvwiTp/bYuP6ydauq6Tj9SC9iAe5EmqgKfU9Gxf2gI/
RyFPo9eSz/BmhxIMUmBw7/YVpcth9l1zFrs99y2vVIBCJO2BZSBrlDaZZ1ebknRl
YDnS674zRUQY9KUZZvrBRIvxcKmB4U5lgXTsIX+dxl1tOqZTc+Hf58VDDqkrV1e4
Fg2aSGwrr1U8dvBnd+nXsCGOvRRldaYA938cBj5Br1X5hVAJz4lg4nVxgxaEAh+6
QMc8PD7kB+RVF04JDlYtt0R3dsjqU4KLFGThRvW9X6lfPYlUB1NYdxHkl1IBjdiP
sQAZ7lp10VEVGtfgmONLpGpOI++hMjj01HAYapTXlfi8DKmM11tbbd4CpHEuW58l
nrcQVUe7YOdHoioDEWPoqGpOI++hMjj01HAYapTXlfjlfIMfiETxyrf9E5McNC7+
8eGenKsrSwgNYuU3lad3jVaKFSOnAHJcLvod1BWYKZ8lRo6Sy292HIMH0Fm0q+Zs
9hWly2H2XXMWuz33La9UgMJH2CtVv8fd6Mr/RpJcFMYF22Gvk3YFhdkyIWzWXAXe
+kFb9tvklqy8uN3+y/Gibi0Yg5/kSZYsoury4xo0zhtXr8nlIAq0po86vZViYIvY
A3UKSqYZlfTMdTBMT29ssRYF2/hagQZfN6HZXXt3yepSwA0BxJ4/MAuluOSCPzOK
AY3DDXjh4y4nl5ijLTldqW06plNz4d/nxUMOqStXV7hEy5Dp8x/KA3iekDMWZx6+
nAXpgNzGMOTvrFDx9ebDx9PKvgJM7XBv049QjC84xKv3YOpLFdZN/dkUioBfoJAP
Zf2A84o2ldl8a7+SuQRdewvJGdup6IPBF7FaMpPnkiFLiJ9H4PGNZggH5BrIJLuN
SYIaWq5G5mU74QTjHPLv20c1uVY3LtHkFJ8phz0yq6uJZlfLFmD1hTHMFaDiL47K
yD5a/8H1FAtd0erpxRGsWzHkhem8p0ocdGitw4DwvgtNRBgIgOkVFNiabvov+aXG
e+GIiDSjbJ7pCRdWVJaZPeehKgHpGCAx8NjIWWqKzqxzmfrxlu712O6NY2zO1ulh
kSkulm1bXMRgR4z5OkdTpVaKAhxlhooJ/S5qpNlMk06fFjfL1Cq422uTaiUyfCTZ
+YVQCc+JYOJ1cYMWhAIfuiGfpiEcntmSiobWh7Ff4YyGnZyIA5smodrZHdyDUnIR
5OjGqKERhcpihHViG0l2A/lfpnVh3gFdbPRMrsJ8GX80F1KI2U1X4IeTE/Jz5zKB
4AYsvXBbZJHqySa2IHj+xMmTAfHlXin3F6Ok3hFCwuP6QVv22+SWrLy43f7L8aJu
HAgtSv6cm8hMj84JWsyYvAXbYa+TdgWF2TIhbNZcBd76QVv22+SWrLy43f7L8aJu
UrxlwsM+1jfG+USKlQC+T1evyeUgCrSmjzq9lWJgi9gDdQpKphmV9Mx1MExPb2yx
FgXb+FqBBl83odlde3fJ6nOZ+vGW7vXY7o1jbM7W6WEnD13Zm8gp9p6Vy2IyN5TB
jYAIgNKAWl167/PM+FKMu2NagXk/bR3Pi/IIMaexU+IAwIPFf0l7qUloV30/HgNn
dSH3QTLCtAgwARysVMUJ0ZUriQC2tj93HulHuj7Hvw5vzosSBHdC3dWB053LSNoO
oXDq6BddsoZPI9c9V1vw9yGOvRRldaYA938cBj5Br1X5hVAJz4lg4nVxgxaEAh+6
GSY05Yq3Z8cM8mTJ2SRcKU9bn10pbG415Xj5QSFKrraoLMdQwGTM2BP8vZijd2a4
WF4C1zQjnn+jZABEFEWwzrvwiTp/bYuP6ydauq6Tj9T4m2uSV4h6z3b/KfJseyUM
DB1rz49t5NY6fJvI5/kaMidx5flD7GpX0YTfcZOmlnuRKS6WbVtcxGBHjPk6R1Ol
VooCHGWGign9Lmqk2UyTTp8WN8vUKrjba5NqJTJ8JNn5hVAJz4lg4nVxgxaEAh+6
t9HeGiYDHbQlcXoulfmcIbQn9oEwK727mqgvQCQjR1cnceX5Q+xqV9GE33GTppZ7
kSkulm1bXMRgR4z5OkdTpVaKAhxlhooJ/S5qpNlMk06fFjfL1Cq422uTaiUyfCTZ
+YVQCc+JYOJ1cYMWhAIfuoCHzBW2e7Q1f3BKmp8j14RHIU+j15LP8GaHEgxSYHDv
qB+hywk1HpfqP+WejexHijUYmM2M/QNwuRj3uIiLysV1IfdBMsK0CDABHKxUxQnR
lSuJALa2P3ce6Ue6Pse/Dm/OixIEd0Ld1YHTnctI2g7NBISDC6ZdHbUOxvpZVA+L
nrcQVUe7YOdHoioDEWPoqGpOI++hMjj01HAYapTXlfjEfXGmW2j5jIgREojxEGVY
fpdF+ko8zX+njdmvPNzTH9p+uLb6NlX+laxlsnvaIM+NgAiA0oBaXXrv88z4Uoy7
9PG89Nmrt5EOEL91lFk2sxkUJ5JaUegUPhSsnjYhwHtqTiPvoTI49NRwGGqU15X4
xH1xplto+YyIERKI8RBlWH6XRfpKPM1/p43Zrzzc0x/afri2+jZV/pWsZbJ72iDP
jYAIgNKAWl167/PM+FKMu0sLQx6oC+gm6AYPFfB3lPKGnZyIA5smodrZHdyDUnIR
5OjGqKERhcpihHViG0l2A4iX2Y/4/9pGGH4X8dN3b9gpEUO3RLwS+BaFsMleIrQ9
ml1p1LSYnBh1+8T7lTV0l+f6lyHDHI7E8J2PQVDra99QDi/1U8Seb4CW+5bgpnnB
l7jPNalx0fCpG8dJ2KtU6yEBaGtzA15uEXpECODZj+XuhxmyzdyCL8Pz2RU7iSoe
49+oJcUXObp6wpM/+QkyYg==
