U2FsdGVkX1/fN8aWj17Fcg76E7UgHDFX9G3RYHRLN2/0rBa/8TRjRVkFJXLgQVBF
UasCAynD5wocrTAqZ7mEgFKJ6+m209iNC8BZZLxUcfL+i10VHzWPqsCYokXWomNf
XwD4iSuxRXitP6HivIV6FUWd8Xf9RDrxvZzIqlLOID9H611+LuU9jcMA+2voEQNC
NLpTehAwibNVBC3phasfBbcCXZpP5W9Y5k1ZoRUVx4y+cJkTSj12fSBfAJjNMsAQ
NNeLnHlYLpFNaxb3L9StzaYhCaMM8+HRw4ov5JBbodTjogw0//kdz14Y/q//QS5i
wZ5soVfB3lFn0romqvljvh2klYhPWKNhDHdfi6O7t152qZMxp5J5WN+UcHtPG1Ic
hf4788IF5gyMe9SGBuBLvOOLxaHmxUApjOHAWka+ZZ5XOw5YJj6b8Z60xhDPZ0Q6
QlmPOe9rKA6oAp3+bcWAzp6gpMdmPPDHTXDFrkuUK9tW+O71o08GeROUSxYTNugU
J+aPQ9UOiIB+Q6k0t/iGOXkq5ESM9k2Le6ZTFRpUUz3u5truO57fr8RKN+rTAD95
17tCD9WCU2RyEA9UR1DWhqklv0YIznbSwOeIcZgqzUzZB6bXeorfAAxzu3qr9ysu
j0IiRZtGHiKci7zTHrGdv6ACjbOw1bE87HimDR/nuATLmjj4NJxs4bB5aZDO9EY3
QdDKkSOWzpVjGtzcT2/eiieM2Fqenlf7KdxrphBvdL/J53X8/hG3+jkO7cdxBQ9K
pTM2P19PErwwrCB/pldpUJSXEYHfkk5aoQpAQYn3IuKrgpKXREyE/7WRga4/+ygj
tI/9xRUGBxGg2rBj13CIlsEkhpew5INaP4tzPXZbs+HB6sVvKLJ2ALs1HhwsKlTY
Df6yWFczArKbyT0d7jvrxoqdZ/HCOPJn8Csc2Hs7s1GYsIlRXczQFYOBZvwjar3h
3NejpKIpVtEgnUYp7vrjby9wYX/tFtNsbsJQSWbnk9lZnjR0P+MD0fa3QfU2vk5l
wBhWw6KM+fTpi4jp8Kb+DhRgq0+KNen5iVkwo0/Ov55dY9UNTlDRK0nGCrQr83Jb
Kc/FSqIG4x/STlQQqG3Y12Ep2r1SRElBpLUOB4JtkGDMjsQ9VSfAJnYwXAK7bkF8
5ClYBZ3+KoRh1urxo2WKTVF/44sWYDqYISAf5kS2o1MN9+/t1pCKKSQaYdV25e9x
xi9oIg9MTfv1ItKTzobVNP5inc9GDZf1WXydQsmd5+f0NjoiWMjdtQIwrY935ZlL
YH0W4am/hGi2A6Fz5AYXe8MCp999IHRyTFDDsRmDTlTE1jOBfwp5xE26zHYrkVvC
UpSoYJY9ahOjmWp4ORU4JsiCQn47LISPyROTAhGBCsU0TZCamRtNkFqo6HzAMmQc
7vSmcdXpcY83Kpxq5E+62V1Ah/Cnq3mDAqUPTSxsfVhxpNlZGe0yyeKh/4Z4apbU
KzlyQiuVuqohnIH+pj1hWFOcLNjqxzb1UB4fRRMQ8W65bNsthLVVIvIhhwwETSVW
6PhY9aMAO8Abv3S+333Svv7coqfY4NcvNJtKbX4Ie5F36Caaw+zGED3Y2lDxdwY6
QlmPOe9rKA6oAp3+bcWAzp6gpMdmPPDHTXDFrkuUK9tW+O71o08GeROUSxYTNugU
NTqqwZNanGFYLundUqNEW4sMtjGD5Ztw5S/+SB4HCQC1C81iE8efbaUpU+zdVEpd
3a5CstkS1d7cffNuy03naIczf1fK8uTAROneG8KlEybpboRpcvxTpyAhhPSMECe1
1N7Cz6k8PjR4kgZ68bsLo7hggcgxCIMHeBth6DEXIuNuI7a04BSvx7aVfqaUt8qL
AXj+oHGdw49vP1dQzLcbOD4iFj5fbsjJms4OhAA/1HQ8i+UBdU6+zu1UiJceVoDx
WCX1XMEiZKnjWBhKeCMpFCYUwQjGoz3tPH8/brPMGNYT0BTs8I1C2qRvBE0SxrTC
6kqtFqKOQtC5ca1yuZsULbvCCjZvYjuTDRqdPJZYCcj6yQFP0FGMFehaj75ZsIXX
SKKMWVto8b5qCogWCzej+xMEso7wmkSQgO8qQY1EwahVkzwQ3ZKGRCjJxOna6oAd
sHhQKDVWtx2gerAULsfgUFB/H27CnuF434aMA1hucU07p77Eed/F1BOtZez0112L
1JKQtVH9JxFDdKHqvTK2K1ImAXaVuSlF9E9SL0W8cJ6EnpuXDxTDlCw9a6vL6HAX
Ccd4TJE/cig7aE8GOomU8mk5q+w5wDtHTcPJtwx1hr3Ha+t0h4oeexi6ofEYbL+w
cUwB0g5FHcOKvByYlPG0sHrGgYED9MzVXNEeIho/BxrNxo/6wevTpPW1rEuWhYfJ
/69hbQaOCWKUmck/ZTHdhxLGyLf02RZer/V3v7LVlEFNwy+f3bUBuQxSbU8dYfPL
9e1xFQLjgwrJ0iSFCt0yIoX+O/PCBeYMjHvUhgbgS7zji8Wh5sVAKYzhwFpGvmWe
IBbo070ZTMIaTqDYYmlxzMEruL+A1DNe5I5sUStXjjH2LoGXMWU2kSYN8m63+KUK
a6K+EG8YVkaBh9H6L5V8DR/JSTyH49vibAUK6seuxu+NmE9zoTxZ/rT4caI0ay2x
puthyIF3kIYaBtCuhvYbYXPUPrbJtTSHrfx9OPn2ln2D3iJCdVrPP45io6hRMKWr
P3z3gX6ppA57HyGA/+TZsqs+lwX6FjOo5WRpTVld0E1PPsJMsY5zg3yjV8QyhPwF
JJ2nb/2h8kqrLeRsiQlm5h7uafoLySjxW2MJ+++uf4JjGy7xB3f99n7D5WzHs+OK
S4ifR+DxjWYIB+QayCS7jbeRxkFw2rVuUg6N3ii28tGF/jvzwgXmDIx71IYG4Eu8
44vFoebFQCmM4cBaRr5lnr/AxVf5HAKhPXNAJi8RRilkYGjE/h0oLZbEvZrlNyeW
t5HGQXDatW5SDo3eKLby0YX+O/PCBeYMjHvUhgbgS7zji8Wh5sVAKYzhwFpGvmWe
0JjioSl0EQbhYlstcabBXkuIn0fg8Y1mCAfkGsgku424cGDtZJKpfKXSGegX4JTv
JJ2nb/2h8kqrLeRsiQlm5h7uafoLySjxW2MJ+++uf4IbpHI7RFmONuqP2ntqaAqB
dhnqmCpfiZbGMAetbwwnch1db6WDJsaX2q+RhaitmbBRx8aXXL5ragbHk3AVxYeU
Jei3ve78aGYNiLVpNrBok9YKEwOTY7RTZbcDad1bZm/47luDuaOnqNGJS806a3y5
ijZo5yOBT9VQjhjl1f0vpiqoeZbTME1PMOeTcCkNOhiEhtnabP/Ol2HII28wvn3h
7lWaavY7sddPTtLFWdaXJ3ELdExeYxV2OFrxkBJt2VkkvJiyieRirRf+TH5Uhqt3
JDvcMccukHMuVadgcQZfZ7B+1B2CzGe9ACU8FXdB1M9Nwy+f3bUBuQxSbU8dYfPL
Tz7CTLGOc4N8o1fEMoT8BQlv39/HgHyMDrC+u0R1DCUe7mn6C8ko8VtjCfvvrn+C
5k5Al+Zhf2b9EEuz5IH2B1FMDGlivrKJejzV8PF/SxMsEsAYHhOSKPPkRefUJdI4
g94iQnVazz+OYqOoUTClq+oVceW9S6ZaNbnRrXYJIaPd7bPit5SVMt2p1p7qifTB
lCjD350UE8Q2SidxgVyR84o2aOcjgU/VUI4Y5dX9L6YqqHmW0zBNTzDnk3ApDToY
dUA844EM2fRVS2+c48fcGzKMoe4MBYKgoa9scOPLJv+UKMPfnRQTxDZKJ3GBXJHz
ijZo5yOBT9VQjhjl1f0vpiqoeZbTME1PMOeTcCkNOhh1QDzjgQzZ9FVLb5zjx9wb
6EXZXe2WLNh75+M+Z9ejz3mi74M6sgVnU4HL4eHUs1QsEsAYHhOSKPPkRefUJdI4
g94iQnVazz+OYqOoUTClq+oVceW9S6ZaNbnRrXYJIaPshc7sccpkaHeZaRVJtAlv
BIkxTggtY/ikuBRmzB2CRN/9tlOotSFNxwWdS3I5ck0FVo+WTVBziTRMFqM1/1+J
9I9r2Emghsp9Yqa1iI0xNk3DL5/dtQG5DFJtTx1h88sejdaWa8ZH3zNTj+vjKhwV
CKwIYeAlYXObLAqEGmoX5CAM1RHqKiiBcyVeRknEmHMgFujTvRlMwhpOoNhiaXHM
wSu4v4DUM17kjmxRK1eOMd0mpXj8bMdelflpD2CUo1VDWudvTUCUWDkffHsRvjrj
ed89LKYNtueIDzua/1OZno2YT3OhPFn+tPhxojRrLbGm62HIgXeQhhoG0K6G9hth
oYgW7ZGzAMuLZst3Nv6lQZbyz4YgqzNj1AYoczdQheEfigQbb8jXbk52raSduc3q
qz6XBfoWM6jlZGlNWV3QTXJLDJ9i0FIrVNN8SPkkXUkfwvsDaOMRmEtVBwEFxaMR
IjBu4W8sJR/HL30UaKEpumMbLvEHd/32fsPlbMez44pLiJ9H4PGNZggH5BrIJLuN
2cXG6yaEKpSlLXx9WHibvQisCGHgJWFzmywKhBpqF+QgDNUR6ioogXMlXkZJxJhz
v8DFV/kcAqE9c0AmLxFGKWRgaMT+HSgtlsS9muU3J5bZxcbrJoQqlKUtfH1YeJu9
CKwIYeAlYXObLAqEGmoX5CAM1RHqKiiBcyVeRknEmHPQmOKhKXQRBuFiWy1xpsFe
S4ifR+DxjWYIB+QayCS7jTBdbGte3eC92CB6WrcYdMwfwvsDaOMRmEtVBwEFxaMR
IjBu4W8sJR/HL30UaKEpuhukcjtEWY426o/ae2poCoF2GeqYKl+JlsYwB61vDCdy
UahVgiVzpriwWMaoWVQTOfs154fFDeud6uKndYT58OzHf4Mb7v/0z/Ro3OaUrcac
1goTA5NjtFNltwNp3Vtmb/juW4O5o6eo0YlLzTprfLltpWJuJ9dJND5BGSOXzBtu
X2knENUle3RYf/uHOPxodDElcWMLaEsCrwVYI9GF+D/uVZpq9jux109O0sVZ1pcn
cQt0TF5jFXY4WvGQEm3ZWWbpFU+Dn913VdH4DNPGeTUVJm+KzGiQTZDO8LE8OLb5
PFpt0KcLd7Z5BA9Q+GeyKk3DL5/dtQG5DFJtTx1h88sbDUP8xQV9phKBGnagJkkr
VfVS3ajtP5nAsSUFR6YpxIelb3iRVJj/Eu0ahNFHEZjmTkCX5mF/Zv0QS7PkgfYH
UUwMaWK+sol6PNXw8X9LEygAZO8OUHlqbJKPM1rBLlJHnuQR5vorgNQfm5vebzJT
nE7t67bbnSqeUammmLk8R93ts+K3lJUy3anWnuqJ9MGUKMPfnRQTxDZKJ3GBXJHz
baVibifXSTQ+QRkjl8wbbl9pJxDVJXt0WH/7hzj8aHRm34iHCgqOkXXjbALiEazo
Moyh7gwFgqChr2xw48sm/5Qow9+dFBPENkoncYFckfNtpWJuJ9dJND5BGSOXzBtu
X2knENUle3RYf/uHOPxodGbfiIcKCo6RdeNsAuIRrOjoRdld7ZYs2Hvn4z5n16PP
eaLvgzqyBWdTgcvh4dSzVCgAZO8OUHlqbJKPM1rBLlJHnuQR5vorgNQfm5vebzJT
nE7t67bbnSqeUammmLk8R+yFzuxxymRod5lpFUm0CW82X2C53m2fN31cc264VNno
R0HoHb8l3DZCGcTZau1EwZv0qGHxqrcAgQMgtTKGYlf+l6nSL/lVcVnnrjNGeXSW
TcMvn921AbkMUm1PHWHzy+nF8qJdsqYhoYcvWUvdpR/l1A682T0J2l0S07OheJwW
QDkc6sx7NvxJAEsLVPJjHGXBsWvEsxZit0C6bVphK/LBK7i/gNQzXuSObFErV44x
Y7m15DR30LlEMMRSKFF2NJPXu5kKNEREAWoDeUsbHEf2iutySBhR/sSbRWDEbM+y
jZhPc6E8Wf60+HGiNGstsabrYciBd5CGGgbQrob2G2G24LwmnSFNuBGR5Csrr+Sl
X8yt/1g7zegLmjLNQplo+yF3kiiALmLLbchnOnNAAMarPpcF+hYzqOVkaU1ZXdBN
P1cKeivvIwG2bnWS9fgIYfCpYCFChDEMt4cFeIjft2mRDLZje97VQCMINxu23AHd
Yxsu8Qd3/fZ+w+Vsx7PjikuIn0fg8Y1mCAfkGsgku41Xu4o3NJzSrTv97NCpfMx7
5dQOvNk9CdpdEtOzoXicFkA5HOrMezb8SQBLC1TyYxxxeocEZR5pIezhcCx0KRV2
ZGBoxP4dKC2WxL2a5Tcnlle7ijc0nNKtO/3s0Kl8zHvl1A682T0J2l0S07OheJwW
QDkc6sx7NvxJAEsLVPJjHJsp4KINbK69E0skhTmAMMpLiJ9H4PGNZggH5BrIJLuN
sLecB57ZhOPwwcJv/UvK0PCpYCFChDEMt4cFeIjft2mRDLZje97VQCMINxu23AHd
G6RyO0RZjjbqj9p7amgKgXYZ6pgqX4mWxjAHrW8MJ3JQivs1h3UsQLNX66JaDrFk
HMsxoqpbLaeh4uqz/cwEhARKK+RUCVAZlEYgwTwoMgLWChMDk2O0U2W3A2ndW2Zv
+O5bg7mjp6jRiUvNOmt8uaOaAbofuex7txsGJehHdMxls90bNzfu++RrpNTwVt8d
jbEIKXgEEYizyVaEwQ0IDe5Vmmr2O7HXT07SxVnWlydxC3RMXmMVdjha8ZASbdlZ
TSKHW9eEiVyK7rYvniMc82TvIxB3l0MV2TWxbbbg1OV5ZzSq2MGgE/4tdLCqZzgX
TcMvn921AbkMUm1PHWHzy7ktJm/Y/c4yd7VxMcN5O9vmdV8GPOBqhXcB3LPYUsMT
VWUPofH6V3bD4Zy1CYnLYeZOQJfmYX9m/RBLs+SB9gdRTAxpYr6yiXo81fDxf0sT
CjD9/eGtVD5vVeUFO8mJnBwo+L6y+Ylzs9qakT/dQq4OPiHJvQoRu042zZ+4q1g9
3e2z4reUlTLdqdae6on0wZQow9+dFBPENkoncYFckfOjmgG6H7nse7cbBiXoR3TM
ZbPdGzc37vvka6TU8FbfHU5/ygwUHyfw8Eytg6kgBVMyjKHuDAWCoKGvbHDjyyb/
lCjD350UE8Q2SidxgVyR86OaAbofuex7txsGJehHdMxls90bNzfu++RrpNTwVt8d
Tn/KDBQfJ/DwTK2DqSAFU+hF2V3tlizYe+fjPmfXo895ou+DOrIFZ1OBy+Hh1LNU
CjD9/eGtVD5vVeUFO8mJnBwo+L6y+Ylzs9qakT/dQq4OPiHJvQoRu042zZ+4q1g9
7IXO7HHKZGh3mWkVSbQJb5CbQ5mE3EieHgcYPAPIBup8gmasFb7WvZB1bUL9RRoW
Wwm0TQPcMqMDgrUG9aiJz8FfapXFYzGsERKfk+KVAbtNwy+f3bUBuQxSbU8dYfPL
TxY5zJYkamFi525m54MT7PLCinGanwc33mZsYEXyALMu6SqLRfvVw6r49jnJFt0I
Q+KyK8+AhUD6kzEV4EgeBsEruL+A1DNe5I5sUStXjjFAK+CgHjjmx4+iWGCImYmX
ruDCBq349U4Le61baCyXfCoiUTl4pLErnQH5EnEXr7+NmE9zoTxZ/rT4caI0ay2x
puthyIF3kIYaBtCuhvYbYfjN/fZ9FEfVAmFAXswN/5h4kCqJGxk6Qg43tJXFFWJl
R7Mnrjn5uNueH2JhOzk5Yas+lwX6FjOo5WRpTVld0E1ITbgvr20qp4yOB7XbseXY
afPYR+ad3AyTHrmdeOJm/QhIkBdTfI+UG3+MNJk9jP5jGy7xB3f99n7D5WzHs+OK
S4ifR+DxjWYIB+QayCS7jfj9QMVDrHy6GarSZHEA3a7ywopxmp8HN95mbGBF8gCz
Lukqi0X71cOq+PY5yRbdCEs1xNI9xj6OsY/fq5/kV6hkYGjE/h0oLZbEvZrlNyeW
+P1AxUOsfLoZqtJkcQDdrvLCinGanwc33mZsYEXyALMu6SqLRfvVw6r49jnJFt0I
3+KLLdblpxrkWjPZPHvEhUuIn0fg8Y1mCAfkGsgku40be0McOgTPU11BCuXVauFX
afPYR+ad3AyTHrmdeOJm/QhIkBdTfI+UG3+MNJk9jP4bpHI7RFmONuqP2ntqaAqB
dhnqmCpfiZbGMAetbwwncjM3nh91pzqa0DhpoczRG4q7R38ZtsAN/Ots5hnrEG2q
OmPPkYAkDrsh4UKSodX+C9YKEwOTY7RTZbcDad1bZm/47luDuaOnqNGJS806a3y5
v1BGVRh0qTD73TmmmZ090judA8sAR6BmNJ6fpat/hweL+PoX5sg0b6rwnJO0sKp5
7lWaavY7sddPTtLFWdaXJ3ELdExeYxV2OFrxkBJt2VmTiTvpwPxAmoereW3EcEm8
tgdEPtFuK/A1q9YRh7tdtVEencHMSHqKrOTHX346xl5Nwy+f3bUBuQxSbU8dYfPL
nGG0nkVhNVKiwn9XaQTcJ6ihAryPjjmwXcD3Bg7vl/ler1uYtPSMPiiD4cWTpnJt
5k5Al+Zhf2b9EEuz5IH2B1FMDGlivrKJejzV8PF/SxMHhYfHNNEtJF+SVS+mKD3w
n8vUFs/pUz4l3bfh71hYa+Lo7U+aocYmRRZMa+yzIUjd7bPit5SVMt2p1p7qifTB
lCjD350UE8Q2SidxgVyR879QRlUYdKkw+905ppmdPdI7nQPLAEegZjSen6Wrf4cH
0yCnBKOjsYnNgRIXbzbEpzKMoe4MBYKgoa9scOPLJv+UKMPfnRQTxDZKJ3GBXJHz
v1BGVRh0qTD73TmmmZ090judA8sAR6BmNJ6fpat/hwfTIKcEo6Oxic2BEhdvNsSn
6EXZXe2WLNh75+M+Z9ejz3mi74M6sgVnU4HL4eHUs1QHhYfHNNEtJF+SVS+mKD3w
n8vUFs/pUz4l3bfh71hYa+Lo7U+aocYmRRZMa+yzIUjshc7sccpkaHeZaRVJtAlv
SDZdssPbEq8i4lViwIZtzCLEqSEDssKq/na1kR3g5CMYKBr3B2tESp1v8D/3I+6S
h3+WLwwGm+sfezDFbPkN3EBP1Uo4kFlUZWV7AD1hb2hvO4T3EAe0CImbwmSAuV29
Q6+MJZnxMPQhhPaNf+FII2YTvUSGVUtvWa1FrcByhFe9W21kIrHPdpory47My0Hc
