U2FsdGVkX1/fN8aWj17FcqUQKcdFj7xjPIZ5ibfJp25rMZh19Aauz/nZ1MX/jowe
6aCzqzh+WiBmI8fpQpPh3fyxv/ZytbYDyHUpggn7sDtHVRhm4fS/w2/RpY4lO0fj
J7rg5i3i0cCmUTfmH/8jBnWdW81TK1rZXFjXUHymHv9qRLau6vZ8FvP6pS5VfUx6
gKROwxzXMbI0/lSZ/1h53nTLVDRcAOP9RZzdWn/fOu6Fu5DsioM2w+8Uo3tZe+62
IlAp/0ACPCKElMi0iHyzo+w+KExhUqPyiIcilEB/Z8P5a2Z/swC3BsPWowII9pSr
cNRi0o0Dqm/o7Yxk7PyDbtlOmOkRsYUhKozbPdpEYs7RJ+KnGAkR9VS1ruGPyMr/
EO7LqE8paqN8/7njePh8UkuscsiptpvbXUyRTNBezVsaD0jMBbpuP1rZRqPOFaaq
0NWu6pTq1PNjid9rCdhFJELwbfs1mIB790whVCBrBPgQDKzoRAoCTuY5PMEaL3uF
jk22i1ff9jM2KnuqaHmi2Q/ZrbWUswABumdSbsI84C6/0DHj1YdIdGUhfY0YPUTF
jOJnYtZw5fp7bt1QIBVRvMvIzx0daZhrQmxevvEsOD2bEnK2OulJmjlGUbXDCzf7
vBqdo8nIdyDk8putOL1GdW3mIAw17ZEM9C0jVDxCrpOG6C6mb7ZX+u2xbRh6uayU
k31IRSQHzlphwZbqo3GHf9Ly2006oF+gWx74YLpb1kdPGurM71NvVCizvBwJHMDh
dLUys6Eb/KLvjSCCr7EF15L7nV2J6j4gYiAYdi5qzGo5uFxL0cfvlp7IQ6yQWnx3
Zu0J6l8fM6HD2eeHexPwtil6XTk3lkqfYe9S0YsZ9o2EMQ2hAn+w6+/opwxXFGpf
SQcicX7acOjxuraNhOe+2u0i3Q/RKgx7l55jGkjyDI20j/3FFQYHEaDasGPXcIiW
wSSGl7Dkg1o/i3M9dluz4cHqxW8osnYAuzUeHCwqVNjdwak3HUFc/YugIQc9/9yi
DItgR2DzInrgaluY9kRvr7XM3pZAAwmQZVQ21duWJqj0+EUJNzykIhS29Q3Jl0V6
Q7asPWmMJTMbMZi+rY5IVGHbVPRYs3eZ63WVSiP4V+Mkeu3Dh8LpIrtXogJdyKxN
sjFECGBlDarixasll+fM5EzBSjod/ln8cvd+WRuPrcV8YLljv/QlIZxMCmRZ7wVD
TI8wKavGwOR1kilGolJ+4aVcmmkGtslaL6/hAnVwz3ccZrverZ4BfJasSzRVTjPV
ZUawF2NmySKqYmrmnCWSNjWsxMTyu60LzVJCaOuWMGqE8xsmvMZSItPTWGL1Atrh
GGQeQTy0fqyiJJeMFHC17AV19X0PtzFWlGAO6jNzd0+oDcWce2Fjt9K1v0psGOxp
ZZnKz/PynOS1xCvNZ4U+lFwkozIueQOA27yZt3+os/jsPihMYVKj8oiHIpRAf2fD
+Wtmf7MAtwbD1qMCCPaUq16tjAsojh01wPDTdZ4azaUNQ9ce17bT98OeYBLLoSua
uZ9ubOpVgOWSrMtNCvqPMZHRxu3FOp0rKsLdUy+8Uux2fk//l8e1z6fy67mndjna
UHEHkKe0293yL21HbMaw+ClzI7ktoeiwehVyZUEf4dQ5yGBGlQxg2xT1+9xM6wrW
+K9ekbqRXpp1K7lHex8wBeeI1Zl5jPCM3ghyFju5o1BF+I224i5szsKIVnvFPMEj
e37b738prmxnwBn8Dfo6WNvPWfpWTK8KAvtwWTkyGC32V/K48uNObajX+loUNm3L
QvBt+zWYgHv3TCFUIGsE+EfwBfC4AlqzbHFmAo06bGYR9rDwrG7AJarbtDQV3Kp0
rhV1Q7iRWfdHg3McAqEeldvnz4POf8ONDzG9EVXgQUk4g2s43MgcQ4uAePQPhNCM
BExZF9+4RSFwAabe6npGTQEF5/T9Z9UfGnIJ4JBYxFDlRPoBusm7a9Y15x4b1Ets
rFwc7giolFv3dbOy0H6GLMp8j+XZR4L8mHMLDNYXpQvnvxAO+jXe1bd5QDT7+AAh
ZZnKz/PynOS1xCvNZ4U+lAjwwEbun0E4aR9DRv9TcDW7/vLlhE73HHQ7F2oy5LVt
5bJc1cSjA+8jlA6HvoZil/3nKKRJIEDGT+R8QNloYFQnsixX1ZzEKjoBtH5NkEfj
uf8QXAk3OwMtKXOhxp91SrSxCGx9rsFJi29rMgwg0WQ+vfcgX+mvMOw4x1UMSYse
fD89FnI2S3NQT1KZ6opNYolpr3HPiyWD/kyPF6U4vbp61uGWvOhI3SCV0plGSZUW
kaYuygaSlp72Qj+LWtPGMdSSPMk1MOopGKNUVqKmKL+8TTItI+cUEjelYqESuLNW
VYyl7IoZPmHq14IvZKZRnmif9XovS+1BTSth4LsW1634E6GwpLC64d9qfI02cv3/
b157eUAaO5y35CZQ6hRrEC0lcW8W290vCplmF7ofgHa7/vLlhE73HHQ7F2oy5LVt
kkwGH2Gl7dfyO4eScymawgbRcwZ/EqK8zbYHXhYrqdfqRPdm7wTANYNMsokeliui
jg9qCjRYwX2pD7kjokWQj21WR+6yPJ95wvTH72mZG7SuTGR83tImI35dTWTovd+d
gM/NtWI958IcauXptx4/vZf2v5fqBH8md5BPnaPazPnhIkEdRZkz59pcJ06lC0sM
/pL9Eub5dDFpsoCQ3RSGTy4mkOQ0EsinzEQylYO7tE0vAPGYDaKlahg0aYLHr2pl
M4TBNk05HdeBNc9QouiUXYrWLLmKb2ToCZmtDU8GzOVXTz6MRDUR7TM09PJyj9Th
u2TJ/M3A+UosvRxFyjBcwiaOKv4CEoJcjTOt+1CW3eTBFuzBpPdKNiDYHER4f5M3
D34I0TwV5DcRJyw0BE18juGVQUybwBpWqsY2n01Iifp+mFduKLsJ70WzBCVe9ZBz
0Vq1HPIjJPR7HjR2aCVCPFllPNw1IRXCwYHjgP09wpYaYx/PkwhI2JM7OeCX06++
Ibm/OYYe2OERvksYrWa+7Q3OdGzYwNDH+t3pfT/P30/VVEV9Jx4TS2gk2/ZdiAgO
QNBY38U1nxsduI2BfAqlU2WZys/z8pzktcQrzWeFPpR2sY02EnqJBK8uL13jbTuU
PZHoVZP8uiawB+3Z19XBxdV+vKhyIOjokS4G+IipXkodXu35KGAEvtog9TJG0ECS
oy/I4Pr9maMipSOCQLDPJCkw4W13yiJKNXQS9F/v5K+YmlrbjOZD8LMvgXe1YdlD
Dbs/dWx9UEslzNfFEROnC8QCGTS7a3CbeeITBUVjrlKh7c3hdd0phBHlWJh+Noca
zULODgWcTF6y4DBENbxB93WQ/bppgJ/H/a//ltI2lG9CQ/B1qyWcZP0NyKPFCmKn
fzW+UlDhgvuJlZKcE9PSd3pAakot22GOATD9tVfGNzFH23dDX9g1VeRTpnA7gwQ3
uiD9EC24hTpi3HQ4z6aOMq5R/27fKXxMLwZaBE/dsHcV0r9bQ/C7UQIQMaiZ1rNs
R2jFLNt+J8TmEzoYBMEGPe1VedW1BXYJltseVL2Lq0GZ2ayMnCVX7wrfegcQAeCS
HV7t+ShgBL7aIPUyRtBAkqMvyOD6/ZmjIqUjgkCwzyQNx4JxqDEeqX+7gIYIPGNY
XGZx4gpQftg1lAfNYXuWxGLNva5PtwFpYrAZEk1MNF4dXu35KGAEvtog9TJG0ECS
oy/I4Pr9maMipSOCQLDPJA3HgnGoMR6pf7uAhgg8Y1iLYK2wsTC4uJBCUF9xR0t7
RxtbTnxzuSRO6L6k1JTxUK5R/27fKXxMLwZaBE/dsHcV0r9bQ/C7UQIQMaiZ1rNs
R2jFLNt+J8TmEzoYBMEGPRMh7c1xvWtxk/x9yRzz/7FzqiFyKFJ/HF5w79/ffmbW
tB2jjhAifZl8++1UAa8rrMLHOp1FHp0kJK9shLUx9+sXYsUJofxikO3PvbVemlGO
2UJIO68IM/HIjUinBWgW5Sj83N2He6Y9rQ4myLORG2fE8mAHP9bO5QRtt/RxKDlJ
+8ldvZH944LKhVtIBKm35Il+KWt8nZ5W7eDSEb+EK+5vHXAzCZuRrZPcPxZiS3xI
qmQJpHu1P0GbXdGNIy/M4wgOKpp74j/ochPhzzMgkbK36DVQp92KUUlGrILIg857
jRxgLuRRZIA7mK/qdJSlyPyhGlti7OMH6UIET/vJDgQtRye72nY3lxqVP4C33cB5
wm2X43zj8YJrmNcb1MMeyc98kKyCO2Qe7EcOaYrYcx/IllHx4Z7zTWpnPUVPxyxF
g1Wl18ikiy2paN0ft2VbBkolLeTFSYHJOQO8hz523GtDqbIWERQST/K0X2v27TVT
C4oDxdsgjTyZlhaFl+uaQqNOZPISsE5LYJpA4wcP4UwkxlQo57aoggjarT4BM/aR
xPJgBz/WzuUEbbf0cSg5SfvJXb2R/eOCyoVbSASpt+SPWqIitNo2FhW32yb1MBKE
LcGo4GvJAK4y2VqOOK5lYyTGVCjntqiCCNqtPgEz9pHE8mAHP9bO5QRtt/RxKDlJ
+8ldvZH944LKhVtIBKm35G3pSb36RYuAr03+hx0l1lWjTmTyErBOS2CaQOMHD+FM
LHBzn4Pw+/ievrn6RsfKoUolLeTFSYHJOQO8hz523GtDqbIWERQST/K0X2v27TVT
MZNoLGQvhdG3tTjgbGX2s5VgPTLxHNs/yy5EAqG01YHo4oAnIG3LKv9cp2DLwJww
QoeG8x7pz9NtTU+1tJ7uUwOfvZaxi7LkgrAUjMhcL1M9kehVk/y6JrAH7dnX1cHF
1X68qHIg6OiRLgb4iKleShE7EYD8b4T8o+MY7fxVXmlN6DpX3ktSo8rzbg078OAE
ax/towTc2QY1IGS+6hBTW5iaWtuM5kPwsy+Bd7Vh2UMNuz91bH1QSyXM18URE6cL
JrEvsor1J9OLT3oFEmxWOlXqLIEiIeyr2F+80Ty0TCJm0v0SPJs8LIWQ5FaQFjPK
dZD9ummAn8f9r/+W0jaUb6H96gN/A/FYGYmu9pt5t0lTaGyB9XoNmofRIuoN7Vmd
Ugj8fxejT7EjIfQn9vynwEfbd0Nf2DVV5FOmcDuDBDe6IP0QLbiFOmLcdDjPpo4y
IbfV7DSdv1esoUBg3RoOB91DCNllPVmW1by7TPRl1on9rH3+JM+LFKjqUV227O6T
7VV51bUFdgmW2x5UvYurQZnZrIycJVfvCt96BxAB4JIROxGA/G+E/KPjGO38VV5p
Teg6V95LUqPK824NO/DgBBSWibyZkQT/wh4E3vJ5JE9cZnHiClB+2DWUB81he5bE
Ys29rk+3AWlisBkSTUw0XhE7EYD8b4T8o+MY7fxVXmlN6DpX3ktSo8rzbg078OAE
FJaJvJmRBP/CHgTe8nkkT4tgrbCxMLi4kEJQX3FHS3tHG1tOfHO5JE7ovqTUlPFQ
IbfV7DSdv1esoUBg3RoOB91DCNllPVmW1by7TPRl1on9rH3+JM+LFKjqUV227O6T
EyHtzXG9a3GT/H3JHPP/sXOqIXIoUn8cXnDv399+Ztac76CjBKT8xisTxWeZytqf
an0DtE6XXtgzVsK8PvsvnIfmlp5TXHDHAuYX6wWuTHnZQkg7rwgz8ciNSKcFaBbl
jFaZLLdOio6Kj5S8JLFDsxOKZvqVTe5EJa6yqiIVaDe5My6laVkBFijuCw0j5cTu
I+UZu+KpPoBMqRPHhBt0928dcDMJm5Gtk9w/FmJLfEjOPUcIHqjaYdyjT6mZA8pT
+K9ekbqRXpp1K7lHex8wBV5U6Q7Rhqm/i5WV4bSwyqKNHGAu5FFkgDuYr+p0lKXI
/KEaW2Ls4wfpQgRP+8kOBIue5CFJOL3m1c8I0tZohqI0uNpv8GVTgfhmtSICHsBp
XUXJPZL1GsoiHHnbL8Lv6ciWUfHhnvNNamc9RU/HLEXWBrammYh2WlFVEKAgsdL9
MQB1vF5MLBAGGYN9zE6gdDo0aQl8tm7LNwOKM4kTZkALigPF2yCNPJmWFoWX65pC
o05k8hKwTktgmkDjBw/hTHqxyu4/X5Sg7ZhF5TQdBBATimb6lU3uRCWusqoiFWg3
uTMupWlZARYo7gsNI+XE7rvJO2u/eoLxnVCSIcZ1b2ktwajga8kArjLZWo44rmVj
erHK7j9flKDtmEXlNB0EEBOKZvqVTe5EJa6yqiIVaDe5My6laVkBFijuCw0j5cTu
GpBnJWCvpXR0JR0psUwwIaNOZPISsE5LYJpA4wcP4UxKQyQEgWm59Np5ZEz5IRaR
MQB1vF5MLBAGGYN9zE6gdDo0aQl8tm7LNwOKM4kTZkAxk2gsZC+F0be1OOBsZfaz
lWA9MvEc2z/LLkQCobTVgXpuU+KTysrTHJ1GYJAJDS7drkKy2RLV3tx9827LTedo
OKwl7jxsR8/+iYF/t4Pfjj2R6FWT/LomsAft2dfVwcXVfryociDo6JEuBviIqV5K
ZkygXibp1ayZJxxBe8XpUgSk0tP/QBf/eZeNPyXMAQrCu8cKOaRGFtWYTxVxuVuj
mJpa24zmQ/CzL4F3tWHZQw27P3VsfVBLJczXxRETpwszZ8ETGvDIeNaQUL+g8iJa
RwWg9cZYK5lNhmXQ76bY0ucU3La7TowxX972K0Wy3ph1kP26aYCfx/2v/5bSNpRv
QvQwhTDyKAUFD2sjF8LCWYtp6blJ+JtUHegPMJDAsYDZxjdqJukrhwD6sOUXSuO5
R9t3Q1/YNVXkU6ZwO4MEN7og/RAtuIU6Ytx0OM+mjjKntxqN2RlPVxpuw61hcC89
BaeKvMmtD5YRkfVWAasuQQLXUGIGB/CJyqUJ1rEp1xntVXnVtQV2CZbbHlS9i6tB
mdmsjJwlV+8K33oHEAHgkmZMoF4m6dWsmSccQXvF6VIEpNLT/0AX/3mXjT8lzAEK
bOqSgp7o39g3ylZUikyoIVxmceIKUH7YNZQHzWF7lsRizb2uT7cBaWKwGRJNTDRe
ZkygXibp1ayZJxxBe8XpUgSk0tP/QBf/eZeNPyXMAQps6pKCnujf2DfKVlSKTKgh
i2CtsLEwuLiQQlBfcUdLe0cbW058c7kkTui+pNSU8VCntxqN2RlPVxpuw61hcC89
BaeKvMmtD5YRkfVWAasuQQLXUGIGB/CJyqUJ1rEp1xkTIe3Ncb1rcZP8fckc8/+x
4peuciirUqijfjtlGkwSYWYTvUSGVUtvWa1FrcByhFcTBCM1REglfOdblqdLGqQJ
3Hbtj3d3xi3B1+DWgSXTg6NZOIwtM67DhJ0HX8+cMInbESQzOXWh8c8FGdBhxRKh
1XcEwcQoNinDIZrU4/cBp9psJ358/gW7REv6SDfbRvUpVBMjoAoquXswNBcv/djP
