U2FsdGVkX1/fN8aWj17FcjOjNDVwO9R5oWCgSjYdz59rckhiu97pniyUWKYnOZvj
GsSzzsaMqohLU6QkST1Bn4eVkxsawpEFHjnZvdrrfvrPjdgclAcqL8SgQ0ES4ANS
Is26tIJ6mrW1ZdphefFVKDr6vLczKXxwNoPxFw5PtVPNirIkrFTfycIIKd1aLAm4
e4Tl2OTF00MrJKvqB1xngXI75VYdX2FUA8doIWXwRDS/56mDfe8E7MPedoi7ryg3
q7CYYf9lrFXLSzh26LbD7+tNj11A5k13wwJjt2yB0KlHAdF3/9/ORFKmw4cyuMMT
TmCLpkfaYiVBlvnqs5nRBE8IyAyAzBdVNSIPQdBDv6kr9yO/0LVQ3ALTqjLewdXt
FTKmGSSgUKdpxC8B/0ZTVK1rUdh1+F9u7Y64kOuj+Ww/cZ2iH+mV6gysNDaLhG5M
BLI2pSKVF4W1OZvVyznVAUeB5A/f0z9U8NiBq9De/62Q+QTcosN/W00aBVRN4jkC
tPblEl9UzjhMAawIwp87yFkm1aQROgcTI4Jd0bCqK4ZpPsEbP7eaz5lHpuPMqSDo
CyJUc0+DVp7tkAK7EVHFs7r90CIfF0rB0UUK5aqUeDPqzQ9gOL4sDLExeTD/isam
4QDKoKBKdgXy2h13wrYE+dkzecBQxz4xsVjrj6F4i0XC709rG/GPfV5xS+UreefJ
ukAIhlycr+3Zm7XwgI9aWUeB5A/f0z9U8NiBq9De/62Q+QTcosN/W00aBVRN4jkC
oBFSQPNvu6n2iR5g7pliVCFXCDRMjJYa1mAPJ/caXm6lLA8QXGzQRfI1hauD0Qxi
M1izphd1jwq2NAuyPPrJjJxaxbnWn6x+QmV/p25crtxKzAbqMkwQ+SQrmYkOTxTK
RWGoIvEYAwY/6rI6vOdkCimZVTkq/fzZS+92nJUYXXOw/IUtUZ8k+8FYrDpfmoRv
BiWF9r3CzDSsi5aAJO/jyrmFMnS7PeSF80mDdi+wSh14ajfmk7iU+JV9whpWEUYz
y8DX94VOxN754tUXmoaVIpZO0Ryz13SHoOLb2/nsM4AEQhe8VqwzhvvYk2DnTAwr
O4bncwCPpOtVgt7SAmANPnGlUUadkTIEnRy3Ue8XyAesL+0RGJnrOX3gOJEjqI8z
IFy5RBOcQSwW0ghK2UJn7eYModRG7HtcqHRUXOKkWTHvvkHGROPXLbik3rBdhjfi
+YE9MkSn3UyOP0bphGTlFiODNBypN/lXgpJGtItweAk6iSqHDt1wtJJXiG1rd8R0
tt2ZcD92hOh2+l08GjUuxSb5fYQ+YKeC6xWPEhj2g7XXgmMynV/plqHYHVyXaDI8
vJ2GYgEF4lP0S+B/Zxmd2pUb9ML5dR4WQscr8DAZvY6RL3Bw9XvNlxcLy6ZwCclh
bL010Wgcg8UskAkYt0zA9EUoW+8K1soA4QMichkyZ7F3alBAjUFXfC36jOqeAbWz
f1JEo81nLixvmMGZqOFwhLO2DSccEceLseL4jhx0Dih2PPdVcfGNWTijMvU0JDog
R+9N7dXCN/SuuHxCPJZ/hdfOzRQyH5yjw+o5RQF+xZEWPA25pMv5glVX4Ih2DPHm
RkvKLlb6DrOAM+GpojtaLAukjtstzbvOKhI6FnP/uCG4CW3KyplidaNPy0N1QMG8
e3yJ/tQZ/hxAUT/3zKWFY2DOaLLrp56xF/fuZQcAHPuzE4LmZIcJrl14l3/umm4B
xFYoESQLKG6oW58FNvijUwso4Opt3lz7p65o0wggPvU3IPxXLJU6hTMs9hRePR2s
+yFQ5bDmonaeWsjie4tHsN9DjXfkxHmPMWcbwuZMW1en9qpwX1Ez16bHtX141aoL
nKaCV8ify73r4KIyKDThxOTRMFqv6SbeznCHbP6Pl+o5LuD+gOAJx2L1CwNi9WM8
8dZC0aH0o7GrsOPHcR14SQmKt3qwUswfV11KrlseYv60KcyTHEUU+8fG7vpWgpdW
ONSsWyrrN4U5k4j0Lv40pkd8/p4LlA4zaVH13DOmsHyWTtEcs9d0h6Di29v57DOA
BEIXvFasM4b72JNg50wMKzuG53MAj6TrVYLe0gJgDT5xpVFGnZEyBJ0ct1HvF8gH
rC/tERiZ6zl94DiRI6iPM/8iiVa3eouCqDbT6Qg7DGduxVJgF6FNYTUhmk3KWxo9
Un+Bs0wl78pD51SXIkVB9bTncFjXb/6Znmx3bR+Zs39bKlcHkvM7cwRinKbaYsXS
NQeUSfzqCyf8yL1O5/D6HG4n2nUP0pwLJY2mXh5eBwcefHCEGqJSBv4dh3k7VWum
u771D1CVP5G8LmYKCgXXNVi0HLJNrQlheHgQSWcpvrgLKODqbd5c+6euaNMIID71
nX6Anqi/iHUTQPOFGb8c0wLLYfXYPQrEYejh2Fj9CxHfQ4135MR5jzFnG8LmTFtX
FtJvk0OAFyf9dTD3Baec+QR6oxH+O2XWj/vRcgmPbF+5ubWk3ZDNd0wK0hFE2Tsy
k6lMf+y92dlhryOVWH2Lba1O1nYT5OXx3OR06nPQ/KRb0CbQTqLuyEl97dZEyGr/
VFuHpcYNWkF3SYCecKlMpbtKmX01Ff78HmycJlHLaZSAGp/6ko6ChsnLhypmazKb
NlFyFQxY91X85nCKlQ30olL/VOQ3h/7+XMsCRbDdX+DTr2lAdXRr7aK/qqLic/3e
6fcRMYReSc+W7SCd/gzos3ebN1AkdSSK+ZWmfKPsjfxoTHQk4TZU/syiaWcAgaXO
D/vroYQX1KhDr692Sn3CJhLZftjKXdakqf6ZN3AVxAdr5O+BA9GxBkUUhrZoDo8b
irOtTXeogYIFzq1DDNS/6PG+qFKP3+sTan3HJObK3vWhy+U8vW3EbJJTmk5McKVT
NAkuAs8mOPIUaOGWhosJW0WFIN28VdtcNqUkQ0C07DFiyu1jn+zwu64y2tmq4jNX
qcq6Qyg7LSjIF+nmZlgKgxk34K627jrkoaWVoc6ndYLhUAU4vRGnOr1wbvcGBkb4
TyN13LdHhla1CYzThwSR5uYModRG7HtcqHRUXOKkWTFbCE9A3mFDdbYD/QQHGw57
d6xdhGcybLkLR43b1c8gV8MIgaggUW72uQAg8Y/MqlKXy+/j3KTWgzibGc8JZ2ze
/nvSBIhKaoPV04+rv8rKuE6mBDWMWu0c+X2nkmjBOB2f505cnqLJsEkGjbVrI1DU
C6SO2y3Nu84qEjoWc/+4IZPhILU42bePJ6WkPadfb8cKtHVZILgMqo6Fw6T95BuV
YM5osuunnrEX9+5lBwAc+0eHZOh4awXHzjxp9DzeKTgm+X2EPmCngusVjxIY9oO1
BaTgDbOiTyeFc6rzHqsz9rydhmIBBeJT9Evgf2cZndqsg70XwgfrR6pci900izL5
DpM7KKFHGH/jCbCYEhqu5dDYtAfqPTct04fuScmFhf37LNWKQs52q9QkLtLkczlL
DzSKEPrs85bOVwZGclvlOQRCF7xWrDOG+9iTYOdMDCtE4bDABW8TMkviwG6LNeIq
TMAD2Q4fp92lA/JMPuAGJoghgMEeRrCcDqmGARrRjMFb5bQnlrmqQOflPsTt4wMv
OBXzGZ3wQCXKWttQak0b/4nmzot/ff3QcLKoYEbp6xrlUqPF0/RYJ8FsKutw1gDQ
kvr+gEoLrNcVT67kcXL6tE4RJxqD6QagdA25hqYE5kbncCRhoYCIzu8KaHZkdfX/
guPnS0TIQHT9w1JYRK5K/xQIuThXI1+ibMMIuMPTsZxGjL8TZ3FfiYxBFWwvT8Oz
SktXtmyT7F16f1DBjqsV6vMXb+YVPfAkuohMEc2/hvP4Q2m4qCTDURHYkNKtfh2A
OS7g/oDgCcdi9QsDYvVjPH6iUwGSsofCcl3SvqWofklYoxUu4W5FM0nAeQmjN6R3
Hv1BrYHuW4fbKK7HPqWqlQUYdIo/omQSksnq6SdPgn0=
