U2FsdGVkX1/fN8aWj17FcjOjNDVwO9R5oWCgSjYdz59rckhiu97pniyUWKYnOZvj
GsSzzsaMqohLU6QkST1Bn4eVkxsawpEFHjnZvdrrfvrPjdgclAcqL8SgQ0ES4ANS
Is26tIJ6mrW1ZdphefFVKDr6vLczKXxwNoPxFw5PtVPNirIkrFTfycIIKd1aLAm4
e4Tl2OTF00MrJKvqB1xngXI75VYdX2FUA8doIWXwRDS/56mDfe8E7MPedoi7ryg3
q7CYYf9lrFXLSzh26LbD7+tNj11A5k13wwJjt2yB0KlHAdF3/9/ORFKmw4cyuMMT
TmCLpkfaYiVBlvnqs5nRBE8IyAyAzBdVNSIPQdBDv6kr9yO/0LVQ3ALTqjLewdXt
FTKmGSSgUKdpxC8B/0ZTVK1rUdh1+F9u7Y64kOuj+Ww/cZ2iH+mV6gysNDaLhG5M
BLI2pSKVF4W1OZvVyznVAUeB5A/f0z9U8NiBq9De/62Q+QTcosN/W00aBVRN4jkC
tPblEl9UzjhMAawIwp87yFkm1aQROgcTI4Jd0bCqK4ZpPsEbP7eaz5lHpuPMqSDo
CyJUc0+DVp7tkAK7EVHFs7r90CIfF0rB0UUK5aqUeDPqzQ9gOL4sDLExeTD/isam
4QDKoKBKdgXy2h13wrYE+dkzecBQxz4xsVjrj6F4i0XC709rG/GPfV5xS+UreefJ
ukAIhlycr+3Zm7XwgI9aWUeB5A/f0z9U8NiBq9De/62JkJY0S28uyMRLLk9Qc2lp
e+Mb6d69YgUa50RkZoecqBsQKaKVx3q29mo6j0Ni9JyPNaLXjHK5bxoqjYcOuW2o
3p0VPM3lcFrHCfF+MZuYGXUTIJ01SO+fIcbfA5Pa4IKS+v6ASgus1xVPruRxcvq0
XzTeV7jhG4Ka71seiKbYjGtMMA/e72FkackHjESP/PdGjL8TZ3FfiYxBFWwvT8Oz
8GlDkBs5mX3fCz7wkwXl39rbp4sSiEu9RyJxFdS+jPeWTtEcs9d0h6Di29v57DOA
BEIXvFasM4b72JNg50wMKzuG53MAj6TrVYLe0gJgDT5xpVFGnZEyBJ0ct1HvF8gH
rC/tERiZ6zl94DiRI6iPMye0Ev7+RvvEKXkvLEh1JM6YNBjNqxvPpOlBokLLyAbC
9PjklVM7gXC4REzF3wY4sJZ0NPD1e//Ml84D2p8m9uvBKhhkF3yHKSBSKr6pjz9d
Y/HbgrMG3MQ3QcWBX4Y98jik5z6jxn+WJ/5aVUdTzaiprGTA4w4N6sJohez/CRWL
RkvKLlb6DrOAM+GpojtaLAukjtstzbvOKhI6FnP/uCG4CW3KyplidaNPy0N1QMG8
e3yJ/tQZ/hxAUT/3zKWFY2DOaLLrp56xF/fuZQcAHPsvwxwrXn8UqEQGVqaZMTcy
bsVSYBehTWE1IZpNylsaPVJ/gbNMJe/KQ+dUlyJFQfW053BY12/+mZ5sd20fmbN/
XrBlRji1DAASQCbuD+AYLKB6g9XVCF6dTtFhm0b1y98lBAULFEkD75Bblz8hERhp
5gyh1Ebse1yodFRc4qRZMe++QcZE49ctuKTesF2GN+L5gT0yRKfdTI4/RumEZOUW
I4M0HKk3+VeCkka0i3B4CTqJKocO3XC0kleIbWt3xHQ65fSJabLtmyfcRss8L6fq
joM0mL1P1mWAdX6qnxAdbCb5fYQ+YKeC6xWPEhj2g7XXgmMynV/plqHYHVyXaDI8
vJ2GYgEF4lP0S+B/Zxmd2pUb9ML5dR4WQscr8DAZvY6RL3Bw9XvNlxcLy6ZwCclh
XItd5XQp5zLVFdOhWBVXDU5HHjNOuIsWdtqEdiCpwIt1EyCdNUjvnyHG3wOT2uCC
kvr+gEoLrNcVT67kcXL6tF803le44RuCmu9bHoim2IxrTDAP3u9hZGnJB4xEj/z3
Roy/E2dxX4mMQRVsL0/Ds+Dxiie597Zk4hCwcx2QRpbcnQZJMsiEpJcYYgocfMu2
LQa5H3YEfBDKWrBWX/AIYzZRchUMWPdV/OZwipUN9KIuF+CZZ5S0KnTTO27HLBIf
bd7aNht1eReu+8USxu5/8SzGtFTtJifYnbdeoo4wRtQZN+Cutu465KGllaHOp3WC
BZo8G+vr9XdcG4kwraYfq+YModRG7HtcqHRUXOKkWTFbCE9A3mFDdbYD/QQHGw57
d6xdhGcybLkLR43b1c8gV8MIgaggUW72uQAg8Y/MqlKXy+/j3KTWgzibGc8JZ2ze
hP8jq5A069v6ToLJNm/59UAd3psyruk0VNE4iJuqFleLM5iJ8WASSGMuAL+RTZ6o
CRdz5SL1ZtY1Au5xnnGuOamhSMx7S8yOuiH9rs6OdZ8Sw4Wkgs+wRFRDXtHgUAeE
wW54OnwgIEyC0XINmdgRa1DhNbTvYrNLDjBjfPTb5KyMdeBz/8qigBQaf8Bv7A72
D6O01FvV19kNTFPf5TNl9+1F59pDDvzu22GOhAyakAkA7YBjgcOCK8t0uw1dm5Kh
gF4WYdV0ZJjgGbf/xKiVTQE1fYZ8HFo6m5bJBN9hFo6RmvSzNlfpw8xikFDV7BVz
WLQcsk2tCWF4eBBJZym+uAso4Opt3lz7p65o0wggPvWdfoCeqL+IdRNA84UZvxzT
Asth9dg9CsRh6OHYWP0LEd9DjXfkxHmPMWcbwuZMW1en9qpwX1Ez16bHtX141aoL
4JsHso6Z4grE41xtbALuSLjrLhyJzk1mJ5Igj4AwABM5LuD+gOAJx2L1CwNi9WM8
2pi3cfC2czPiXhRZv88AK311IWrhjLGFHHg+YYgN0cy0KcyTHEUU+8fG7vpWgpdW
ONSsWyrrN4U5k4j0Lv40pgg6bqL3/EGa+JWTLpp2M9wPNIoQ+uzzls5XBkZyW+U5
BEIXvFasM4b72JNg50wMK0ThsMAFbxMyS+LAbos14ir1dCd7mhWl5/Y5vPPqtrtR
rC/tERiZ6zl94DiRI6iPMzIHTf3eoOtkuryo2hpt3Sp2QGBscqVSBwV17JspvxIv
DzSKEPrs85bOVwZGclvlOQRCF7xWrDOG+9iTYOdMDCtE4bDABW8TMkviwG6LNeIq
9XQne5oVpef2Obzz6ra7Uawv7REYmes5feA4kSOojzPV9iAb5+/A+OjpQmfYbtHa
aEx0JOE2VP7MomlnAIGlzg/766GEF9SoQ6+vdkp9wiYS2X7Yyl3WpKn+mTdwFcQH
a+TvgQPRsQZFFIa2aA6PG4qzrU13qIGCBc6tQwzUv+jRqkkZyFaIDM0vbBVNj4Hm
w1Y5eLEBv4GoHzS/Szj8HHMb1EaXmLUsw0LTYf+LLvj0+OSVUzuBcLhETMXfBjiw
SRXMCiCY2BC1oEbgyuDiK54avU9MdipGZIsjve09pS1j8duCswbcxDdBxYFfhj3y
Xp7hiOFvy6EnFyJ2a10wLAR6oxH+O2XWj/vRcgmPbF+5ubWk3ZDNd0wK0hFE2Tsy
k6lMf+y92dlhryOVWH2LbVmFy9PuFBfFatJu9vUpbdiGbixIchquBCX8gpQ2WBHP
eihTLCa0C8rkkIKD5tnj8w==
