U2FsdGVkX1/fN8aWj17FcjOjNDVwO9R5oWCgSjYdz59rckhiu97pniyUWKYnOZvj
GsSzzsaMqohLU6QkST1Bn4eVkxsawpEFHjnZvdrrfvrPjdgclAcqL8SgQ0ES4ANS
Is26tIJ6mrW1ZdphefFVKDr6vLczKXxwNoPxFw5PtVPNirIkrFTfycIIKd1aLAm4
e4Tl2OTF00MrJKvqB1xngXI75VYdX2FUA8doIWXwRDS/56mDfe8E7MPedoi7ryg3
q7CYYf9lrFXLSzh26LbD7+tNj11A5k13wwJjt2yB0KlHAdF3/9/ORFKmw4cyuMMT
TmCLpkfaYiVBlvnqs5nRBE8IyAyAzBdVNSIPQdBDv6kr9yO/0LVQ3ALTqjLewdXt
FTKmGSSgUKdpxC8B/0ZTVK1rUdh1+F9u7Y64kOuj+Ww/cZ2iH+mV6gysNDaLhG5M
BLI2pSKVF4W1OZvVyznVAUeB5A/f0z9U8NiBq9De/62JkJY0S28uyMRLLk9Qc2lp
e+Mb6d69YgUa50RkZoecqBsQKaKVx3q29mo6j0Ni9Jwjzt92qWx/uDyys0gvTy8D
n4AZ8p5nj7RYlHMdcXBksNydBkkyyISklxhiChx8y7YtBrkfdgR8EMpasFZf8Ahj
NlFyFQxY91X85nCKlQ30oi4X4JlnlLQqdNM7bscsEh8ZM56yXXAR6Ek+fXq+kyii
CMF1xxxo5GrhAWrzlJBgiQ==
