U2FsdGVkX1/fN8aWj17FcoTIWKViE/c/PTVxR/M/NZrKVNN3NyxrR7hnl+2H8fac
muRoafNdmN0pJEge0FKfaM5APWth1Er3wBRSp0XdkVKPle+tj2U6Uooq+1lP3ZO6
97puPlp3datkDbyHBEyWsdYsOOQR7nrF1U60mJR3fBrCIjjewJKHtt2IHBtRGXm4
zuqzMW3ilgR3/qVJwNkzI/96w7Qw0ARZluYfZpBnOZF/HZo7wsYXOR5KFJc1WcJ/
Y0wP0InkwY7jyByjNK5q5Pm/Cry4xocS4PyzYK3RnGk0lIQO3fpER1OLs52L/h0s
lw8EBGN0R6Xbk8suHB1c+AjR5WLnnml7Wd1qgDIFxCi89RTCNG7qejNz2fQwC4kW
9odtTIEjWgAsPfDkb6DyRXfA4txiwoN8Z0m2t5vtxzWbjbBkFYuCMu/mZdMoMlnA
kOOf7Ub6ecOqyVIQGmAUGGFtVplif6DTG0+RB8PHC7IrkqbeMFyWKY6O7cpESDGg
HrlIXqyGHMjj1XqUi2MowTgNVEUR78bvln1egmcFySyL5eO/6Zmd+Rt2XIPKG9gW
AfsvYblDvtCK2F3X2vxNeBAWHLiEcACdB0MwkuaYHIfoKOTfQc9yCi6ePHnHtUcm
Usm3SIwb/xEecjJQwv83JwpSvktl2HWdyOTIUdJ/n3g4DVRFEe/G75Z9XoJnBcks
i+Xjv+mZnfkbdlyDyhvYFoNrZM3xt0yZUzrHsoqnJlAQFhy4hHAAnQdDMJLmmByH
6Cjk30HPcgounjx5x7VHJlLJt0iMG/8RHnIyUML/NyceEXoHBr68JTFl7VwEtJcJ
OA1URRHvxu+WfV6CZwXJLIvl47/pmZ35G3Zcg8ob2Ba80VA/zCcqvpHU5DSsvrag
EBYcuIRwAJ0HQzCS5pgch+go5N9Bz3IKLp48ece1RyaqRYXvHCF2b/VRQwsCSuzu
xnp8q3DdrIXrFQC8iJscHn+Up9DYdnngIaRNZCEh0Gps40lxepriq3IvZRf50PRM
AXbLsnrUEGfX7HKN9pV1uACSMjN1JvD0R7p/Cotz92a7RxOrT9jxp4oIrTm55VZT
RHBlWkVJUrU6YOELvCjb12uGcEuLFuTYwrqu5N9nAY9gHnYfapJWQvckyy7nmIat
VKPv+/+eW1ZgEPlDz3FUIOqHc4HOX22KeilGwX0FHC10TWP5YBDM87+P6RNVMKpR
2cKaV7GfNluB8Qmuw7CsR/MFJhODV/eo1lDt8jRL/FHBLpSplbykP/ZZBOBj4npM
I91JnQCorO6dMQaHcaLeBDaTbRjuNEnMuk2k9+MmXJHoyRBpkDOQ+XHmXB7h1VTA
W6GST7hwViwt3yLV5qYaVFDLD9/3iK+c/yLp7ccj++LxYOHOraaCbLkDsebH3QKi
QXbJotmbfz8iddnDqg6eSqqS4c2lL6e748WyrihGT9O3lyyk6KGc8y5OTYupolUc
m+Te9Hl4X6EEBU/L/ieZaRj5YlJln4DBJF6pDrBzeK8wPvXNNAG5unpvpfveOfxj
dX7KJYXeCN3foBcyBIT67ciYxV2EUBKwqwqrR0DhJkqb5N70eXhfoQQFT8v+J5lp
2RWDns1oaU05QoBGgQ7pXoWNbw8cj5KxDyA9pBL9XSZP6dD1pI5CXFe44uN5J4XH
0K6wRW1AtFT2aXPamyi0xFuhkk+4cFYsLd8i1eamGlRQyw/f94ivnP8i6e3HI/vi
05wZM+CW30C4iWmhLvj6w0F2yaLZm38/InXZw6oOnkrIrtxWWH50lTci3tZuCZ0/
4Zrf5ulQ7YqIWGGJmnRthcnUoxgoEOza/JVh84XBPfr9daVxQwKFdsCo7vt43RfT
xu6+IvOIUoSV3PEC3w/DabpVaByIrGP53pz+1bKdoQDWet09lY5+Hrhb2bASZKMo
/FY4kbB6NQP8tAZP0K6PcUZ4umi8qw3GgyzkBiBnkZYd2whsd8gGGaHmsYxVaf9L
m+Te9Hl4X6EEBU/L/ieZae62950XIiOgKsp1FvRsDhEChqaWZ5+QaGACgBObXdvG
IfeUELhSPCk/IzSginmUuVD4ecJvdOE7IDhT7EEPKP+D2YNrcrSaX8G7E5t9JYEb
Men2Lt6xj05vt5IEoKUBsSXoIzb/q8FJ4qPqWDvzAzg01m54dwE8M52dcc0rmjq9
ulWJOvkoSefzh7tFPSPqbbfeU64wzsLEOHAH2nS2A/oVSQmGDHOHyLFmciBSgXQa
SGuZtPZSo6vCzY5ULe8V3Qz/3VLoGkdYmIXa8QK5WobiQ6i8FYqSUM/1gaBAaAk/
4zy1Pb7B343s2hJSwaum8l1Ca57Ztg3YcEMwWhifv0f1un63kGgy3c6ZAeSlr0/c
9yjpLMgY1xUVxFmWJtg3OiyczS3Dqsh8cWNQZkfSdlk42wMtXhULYKwsdyRGOiAT
mwAHCnycDxOCm9KYCvvT6IC7nk7dvT475km7GkYNrHzx6P/TcdwRVmPoSkTnRJdx
FaCOgjJQa3+WBn7TRAv1Hbatos7StGeF/emSf4xS59NBdsmi2Zt/PyJ12cOqDp5K
SAf19++Lm/Y9t0W/+otFvMXqF4cTUibV5PXskhX7t5gzw6yzuyQG/dv7t2erF5yn
WP1c1nv2jO/PQU53bATUzubUExbp8kMG+fjihEvPmhGoBCUW5JPbQ+mlBhGDIOok
3e4ErCSw0k7dyBshnkrkA8inglP5AyF91spkqkLEF3pBdsmi2Zt/PyJ12cOqDp5K
62E4kKkY4kXKTZGPbqSL4WU0YnAGx7ra+ZJxfzcoUrczw6yzuyQG/dv7t2erF5yn
WP1c1nv2jO/PQU53bATUztoPh3p8Q4xAQikS7aZYOmWoBCUW5JPbQ+mlBhGDIOok
nEXP8IcJQvVP1F7ZRddL4aLBMjnijwES6b+KxRxXULpBdsmi2Zt/PyJ12cOqDp5K
re5RJYybYzijSA9A8yXrCjA+9c00Abm6em+l+945/GN1fsolhd4I3d+gFzIEhPrt
ZHZDm1AJxAD9U2FOr0o3K5vk3vR5eF+hBAVPy/4nmWl9CSJfpE7ZYX9LiQnz1N4J
pvorUlND/pyHbBVjg2LpBNWd8UmkYjTZ7uB7N/tH/E9lhmgkjM0nDMc4nV0Dncwi
xu6+IvOIUoSV3PEC3w/DabpVaByIrGP53pz+1bKdoQA8pc/IWNsARjHhX6wStkmf
/FY4kbB6NQP8tAZP0K6PcV/JKBV3vhI6KT/MkRrb7375uDPo9u6pm/vXOPGZEuAy
m+Te9Hl4X6EEBU/L/ieZaX+ZE0S04i2YXpGX79CIdCRHvhaChl60/6TdsszMAnb6
6odzgc5fbYp6KUbBfQUcLXRNY/lgEMzzv4/pE1UwqlGf/6XgW7t/6HLPLO2GmuiL
e/YLVt8ZtESwT4zop8V0YwDYdbOajmcYRBZEL01mwX2vfKCGRwfQGLbNikT6ECPH
q53/iEORRxzucqWAltaesPkTUt0KzhgWFUwS6suIeOoVSQmGDHOHyLFmciBSgXQa
SGuZtPZSo6vCzY5ULe8V3ZrjPAXt2ob06mtfQ+x1utv7th0xgVAllz7Ftz4oIigZ
h3utMRp68rSrZkFHMHkfXew9ERP4WogQSRNEa9ghU6NMkWl1qm38qF3wROLwQ8ey
1Lmlhbr8j+FVGVbkYgk3qD0UMXwyuntLPRDRwEMqvAhGSSKut6zqGvdSSYrmj9cz
lisREOv9XAl61IXJmPY3f1YU8Ix7iJuW6iTETM8E+rFKMvupmG29tmSHioWWy9cl
hsYOxE7xKsBrv+bsFztxmU/LZu9u7tADnoRzKnpCthELm9TJ7E16mPksIu396KxV
UoKe5BYFA05PW7NsEWsib96HP1JM1NAzWNvg4Rtx7cs4YpaebugzBhJCaCt9m8rp
cGmXLEjpQ0lZQTWQ/Sd4LMyLdM3Zt7JJ74zzUoLSO9Y1yW6olz2nM8+aBDyqI7ef
BFfSunzp5P5MGhxSCFSQ9dGXGigjYNb0SClDGTce1RedRrn+LDmeyDba38OAuAVO
Z/Ahsq6c2FfJtUM56Smr61F6bk9lLuhMsh9j/kkLDCieX/d7acPpTgep4x+Ptbyq
xF+1lxbZU9zNUGF7SMTkfHLHNMfqeKxDuFoihpzfpxVCGSuYjdU/HE6sEivILj9e
xHcCtf50gDZLWrqCZJLOk3zHZDmO0sg0SeGEgx+X7klNK+n/aP2gI9lGTx1boQEY
mWBDpP2RDJYE4Taugg9U6rbqMskhHSqXaEofmrK6ZiHF6heHE1Im1eT17JIV+7eY
M8Oss7skBv3b+7dnqxecp1j9XNZ79ozvz0FOd2wE1M4sx9HannfIIFbvIreHeYUm
lUJJVjnLbMfiTKPbM/ZLhLWLLVf/OPGNUrM/amQihPTbhygOAqnCBZOqFC+AuWLP
XYrZsrPUmWab0OJR/72tXniGVjwFY4nEyR2jVtvPiPZL/nrfmymizBTeaGhUgnjD
Vzduh/sB5JSOFzmRanBvJHeGutyURTI2BhdwUbrWC7Vxl49C8tYdEiMxnXy2s5dG
G09O2KWSrLZno4h5hYPTlm/Lr7c1fByF4nfOR9ksN+OA1weKAKOQlCKA+X3LbGsm
4fJepCs8jA51tcWucJKwbp+yu/ncERZzVqfxVUIaO5swPvXNNAG5unpvpfveOfxj
dX7KJYXeCN3foBcyBIT67Qxgzy1FU24PJUn1JXr5EqxGye1v+xkCUe4bZ4UD5xQP
cjKJs14h15cLzakWAekJhji/QuMgFnLFiVOJKaizpzM+ZxlZp88tTyL+8BwdyQAY
uh1ccOAwUzTnvmH5m6xYfVD6uIpW9BjdYrmWaSO2BSMV44h/X8e9eblgTeIdZUKD
HtY3TLfoexruvtsLMUcPbBJuK0RKBpwHlUN1V+lxjVMv36jMYvgeOdvoXoQxXWhz
UNKgbRJkQgd27Rk4ppMXD1nGgrmwwKuNox2M6WzeFmRVjbphTTtfyz1If8jOAyz9
Beht0irlEY9PKqCAXV2ssBm+njkwnWGPkFQTKb3FHsgwPvXNNAG5unpvpfveOfxj
dX7KJYXeCN3foBcyBIT67RNsFmeXmnxUPPA1LixrXyBGye1v+xkCUe4bZ4UD5xQP
7Sr0LHDFagDK4R7PKSTsQZIc2scDnG76hifYIhBj/u/ruC/N7BeRHz1Vt5gV534E
XYrZsrPUmWab0OJR/72tXniGVjwFY4nEyR2jVtvPiPZL/nrfmymizBTeaGhUgnjD
Vzduh/sB5JSOFzmRanBvJHeGutyURTI2BhdwUbrWC7Vxl49C8tYdEiMxnXy2s5dG
G09O2KWSrLZno4h5hYPTlm/Lr7c1fByF4nfOR9ksN+M7faZQevDrrGAlSR1AhIfO
/08LR956xNvcnONoYf64FI8oBhnnoBIJ62Wfd6CKTVmpEPBo2sGzzSUb39/ATGxm
SGuZtPZSo6vCzY5ULe8V3WLB9iumC30S+aUD01kXhcVF7LxXG25JGzDsQ7xjXVHK
nJI8eUFPvQ+5NjlDVqdRhKuKIa/tYbCV0oFnMyakQAIifzCcNDia3duMgjPFBUnw
Li+NQIfokYkaVXQXeBO8bQox1g35Pq+pzAxTh7ni3IxuEDYKO50bEs9pKabAcc6Y
ulVoHIisY/nenP7Vsp2hAMv7TxlQRLrJyaKSlNeKqPS6AgLUkejpuZYE/0ahRh5p
0wn7yLkLuWzeAM9i3GO4kFwXiZRfC+1mzWghnOvxr4Ur2u+rWsqqcpQc2Us7Ocj7
q34mglrJ+bI4bRO5+hhHUnRudsnrtTSVSMtZsstAM2s42wMtXhULYKwsdyRGOiAT
mwAHCnycDxOCm9KYCvvT6BnxbKC7HUHChT64mPqJtxDzuV9qasyNfleHwm+WenNA
5S4pagDL9A/uvl7ooylfSRnkYKOk+2p2SOerWao09xMeNORcDZcZ/ujt5CmOj0zD
KNaZR6PfMebRLWH0300F4n7fearu5LVUqjppK10kkbnX7eIwpim7T2xdOc+upqfy
uPf9Hxp/IOG6030KZxpwqg83bnBlRv7uq528JK8BjeTO4C9BKpSGNZiP6bmA9SFW
sI8T9RBdBUHdKom0Z4eK9fdvql18KvGX8kIbtSm+Ws/X1RW5wYsKo1J37UbFGjrO
rSifEi+q+ionXX/4+Xe+xDA+9c00Abm6em+l+945/GN1fsolhd4I3d+gFzIEhPrt
thPEI2XRoW+26+lWDLsBIjXhfzlSrv1QGGUdVBJOPSAuL41Ah+iRiRpVdBd4E7xt
ohb0UdImyC7j/ZfZDtiHoucwOdT6m838veTABgxXPUuGDnAmUU5gwTfIL6wL4feu
lVZmErmdthT+MsRoLF6siBXjiH9fx715uWBN4h1lQoMe1jdMt+h7Gu6+2wsxRw9s
w4WGtUys/BhY9nL8Pekk3pAcwGVPGErgcNgtEcck5Yzcw6g2Zm9FTGyafeGZuUg5
NXskWijHiUR87KsRuT8UaCpxgKTkAF2nUgmebwRjneUIwnVzKXyAzxon/Q5e5f8S
xu6+IvOIUoSV3PEC3w/DabpVaByIrGP53pz+1bKdoQA9UBc6qVeluAyBavfv7e6u
vMz90vpCEhgm3pqvNrT0Kqlxp/MOL9GnTNN0YkGhKlrkMBGFYd5wYHhMhP0xCfp+
qRdAD47xg8A2Z5vdCHqAX7mQ07QHWPbcjanY9iu/7LsChqaWZ5+QaGACgBObXdvG
IfeUELhSPCk/IzSginmUuTantIVPEurUPHb5kOEstXu7Q4l8mcpMZKXOhM3uuBMF
a0S+L1GC8p6n3xBgkDLD68CKAeQ+toTHzZA4mcyODvNMOCYMrKh0KHRiIfOAaH/S
x9OB4ctq7XlBRSHe4TYQn2zUG20ei13T+rVI+US0bWIwPvXNNAG5unpvpfveOfxj
dX7KJYXeCN3foBcyBIT67dvyYhAqw9XyGRxKrx281MY60Y+lW2zhrNzF1Lk/SlkE
rwLDMsesSzNTflgcsqLruu3g2IjA47J0frLKiSjFeM6yulleyB2xKTuiTdIkimcS
5Wut2V+bk0gFkj9GPeEgWERP1/PKfTgfZpl6LArfwMS7Wbp6xS7SU3oiuOlawnvo
gIiv/p4Oz3fQPVHVYsT36A25qUBG/RJx5tZIhlwru/WbMA/eHyl0XtB0NfMyJIbZ
vXF1sPlnQcQDWXq/EHJG6MiMEWKPS0PSvj8VxujHxFR46LwMJ/zEKcKr0pIeKmD+
vbwOOVu5SJQeXSE25o/0noMnsPKfYtWfttEAfPbYedsEE5vsd0uaLPexP2S6XsnP
jKBu6Odk1Q0E+9f33On1mRmesYSScpIoGwTCpldmNFsob65wMj6e+1NZDBiXEo62
w/XJ2yKO6POPbO5QLOCIgy7xH7K7m1lq+R6varopsYz3az7QkNwpGbT+NdQWuzS6
/B2qPmx1iy4ZryAuxf5EbklwciIK7M989UuVSM55Ys0n89JjugTBijaSQ78cuvjS
ujwZhfMdomNh3ZuNRPt94mvQLBrHsIQ5KMqlsxGn3eaP5tqSvYbXfCnYmBIAy5BB
Hj6lWWsxOqeGlZt7NtwxYddn7/2VL35oRH5YFcIiuXgwoT6F29CJmGq0aPIanCot
Zo5qZ1N2Gs8G/gJTM/JdHymgFDRFsN8q5W2iNIhJIlRwzSEffIZj/qECYM5Mk/Ub
yyLTfR8aFiCtgbDAEXfUPHlF3QtQqi5FwUCi3nQlBMTVUNblTUFBZCsnj48nUceR
feSI8uLFkrJGYYsK82XkkGNXYON5S0SW8OqxZAmvxV7A/pIjkUEs51arHbp/KhEY
J/PSY7oEwYo2kkO/HLr40ro8GYXzHaJjYd2bjUT7feJr0Cwax7CEOSjKpbMRp93m
j+bakr2G13wp2JgSAMuQQR4+pVlrMTqnhpWbezbcMWHXZ+/9lS9+aER+WBXCIrl4
MKE+hdvQiZhqtGjyGpwqLWaOamdTdhrPBv4CUzPyXR8poBQ0RbDfKuVtojSISSJU
cM0hH3yGY/6hAmDOTJP1G8si030fGhYgrYGwwBF31Dx5Rd0LUKouRcFAot50JQTE
8kda8iav09MpZ5f7qzpYSH3kiPLixZKyRmGLCvNl5JCrceVJfTWFRqT2FcXCgpc3
V9vPphquGQnXZLJ5eChR/yfz0mO6BMGKNpJDvxy6+NK6PBmF8x2iY2Hdm41E+33i
a9AsGsewhDkoyqWzEafd5o/m2pK9htd8KdiYEgDLkEEePqVZazE6p4aVm3s23DFh
12fv/ZUvfmhEflgVwiK5eDChPoXb0ImYarRo8hqcKi1mjmpnU3Yazwb+AlMz8l0f
KaAUNEWw3yrlbaI0iEkiVHDNIR98hmP+oQJgzkyT9RvLItN9HxoWIK2BsMARd9Q8
qyL+qNWkeT8Dc2SF1865qAGENko5z2qtXp2lREmh0v995Ijy4sWSskZhiwrzZeSQ
uIMmcCNC2GlCbDQMbjyypkUMitYpnk6vV/14ZYO4TK8yMt/HQK8G2bZMvmlTAG38
OK3BV/jxfIeRUeDk5iZwKE9AfhM0SSJgWfD8emO52J29gQEr1V46pwNiF/OiqN8o
RE/X88p9OB9mmXosCt/AxHTb31iCJA5ipBj9zbJgrd5pqo/pGE8ar3DRuOlmlcgQ
U+xezW16C1AQ6GadU61rBmucWSRz3ha9gevu+s/zO1ungANcFle1rSLeYzX6i9n+
PZRt5PlDoFtdgVHdQ9VvQu9VkSs3+vKv11RIiXs7TnWiuOGQuciLWbdkbvzISqyK
fb8IRIfwDf3hRf4NjsU9Rf3nE5VVHt/w9+cZrcATYBYiv/8nw0+S47fsCiNsuyGY
EGUaawlbQNSSWdsJ76SOi2oH3Gr55wJfsDgLmnu9uwNyg15H6jRMUn355JXP5Mop
BlDjYON2rdN2fsl+t+w0ka37WAu0ODwLyfchnTWqztQswOyoVTwCerX0qIoiJ1kF
T7STEvBUlRv37mtQOJpXeoyFaS4FhaHy3GfpxPaV2nThqa3DovgSyku6Mr0NOuj2
yt/DZCh8BevH1yPh15+J3J/fKpCxXLbW8VFgokZTidaH6f4lXC6ipL9JkTtEX2fa
TQamB55w63pN/cdp0J2TKe6wNep7SdpOVilvIfXSjxu1A0XywJLrUIvLn++QkBrh
MwHCFBWd5HSECemnm9HLufyVwcoBAXmYs+6aPOf3djjK9oJT836dnG3vrwfPMKhy
RE/X88p9OB9mmXosCt/AxF+bUCl855FvdhV6Cs2J39TYzsWisF6rlFoYG4TAbPe+
+aOnc1wIyBveqmIXo22ZuowkQFg5Y4x+zz2E0johd4UdKPXXcL+G3e0nYlN3n62u
DrApbE2AXPl6Zm+pnPDdqrcWcJOrkSnJyRPbPbU43Y/aU2gG+0ZO5LbBQ8h4IUa4
zW12HI+f63k2Q/Vkzejn/BCPb9dftiCQnYEowT7OBAr2eK0vjUdPmpe9IaXNZ8Cn
QYE75o/FpzcTMOjp1POJA2p1vaL0txbzmPozaOatG/zkLzY47StrRRYML1NLUsNT
OkS7U/KZK6bc34FHhdcW5q37WAu0ODwLyfchnTWqztRHItMNs+4Q2uf49XSveRWt
nR0b/C+824w8zOR7ZkYPVJY5b63i6XVPhtkkiSZTF68YsjWvC7y1EchP0F3YCNrp
dVQVKGZ9EuKOiWsyqYaEW6DIQyoHo2M8P08qZRxtZNuZvlww9DStz2gOt0U1J/3u
J8FfPF5O2jI5idlTcpBjEpCLSC6QR9Z/d0PFkVpiBWZXJ8BmLb1Yxa/9gdtwVVIS
vielfHjL+N455X79LCYw3xMdOici5Znmrx2FDZpPVTHfGpM82uH3aos89pyHuTBg
mmVI32UKuQVSPs26un/m8w3fOSzjW5aaqYCRAGDHBGnPwWSpbFLprNgti3MFnRgR
YYuw5/6aEoujbEhR3xYne0X0W0IcDp7BjUNaRmbg69K3goOdGq8RuiUsegBTsj5q
hm/R4Kc7mo/cKfRMdWu7InLeXtQQORqQwAA16iMZ/473psYQDsimdrmbf2I34yhC
Rnf29LBJwAgHyic5r7Rj0cmllo0XdbB6Hw2s1VeRWyFDHeebP2QJprKhZ/pqc1r2
XDuX2bnQbz5D+JRNVXtPhRirJZf+QUfQ4UYSLtY6mVJYdYN/FnBaTS/nWm2sLKgl
W3//A+tOyjkLLucdb3U70A8tSqjhNA2Lj8xIp1wxX7tVrS4mS4SgtR0B0NDR3zig
w+ILLsBDxLk9J7m2THAUJvmzfZmxmx8n2k1+BrdUKQV8ZYSl5ZhoZrNx5qtDQi4B
YzYpF6lHOGzoL/hduM/+Ih1/OqmJtd5tENozDaxtDIdjO2/xONVQu6dw6JTMYv+J
xx+eisY9LflAfm9M4i6HcjFx4dyx4hsi2e1yR6ssYBzBID9QIil+OYWfFSiw7RGU
GAQd68E5G6U7mGo03c8UJuLinmoWeTUDrUiEn2vfYhX37Zekv7OVnlku+PGSX5dc
nkCfv9837jxT0sdEBsWqhExzmnupAbgH2xvVbksKjMEHVBdxwQzR91lhtNb8ZJi2
oc44xancgHiDLWgZg5XmTo5Nwyc3zTjAh0baVN1dn/M/YfKyUZvxTTHB3XVuTjap
8gbK2AXPILEnImxChwA7GPnRB2haq+TdPDITCKmSSABuOkghMPtl5fW10r9XG71a
WFa927GFxoEmQQYFdA/BNLoCAtSR6Om5lgT/RqFGHmm6HdoR8AVaR1Kn8chpDeGl
qXJus08DhxQs5jJTSLpZFlZSrwBiTpdZM6Rp6QnzB5E2a1UpOAawyl5U4OlYytRu
p3VfcuBryD9VS2tGxEYdFtb3jk0+BhUDSokz2cXVzQ6mLTbTgY87GSokZtXw3fEn
FC7VO8DXgJ4WL2/5Gj+UhDgQEFMl5xZI4gxylgxwR2p/qnlH3msLxRExqKjW4n83
P0X1lGclcUKCuuxrLjpMtPr6Ce2/iHAX5vcar+luY8PhHDMLwmVZYvLjZvuADS9/
9vncrXWLQv/zpKDIRDp/1LqPDo397x3K+5LM4VEAEEYeY2Pp349/DZV9DMAPT3+9
vaSE8BmQJbXnSO9gwo2Tcer4bHBumleY6oXWquh6fIMijEsb/wXgL2pEjU6lv3JP
Bx8pJgmDusck+SGapqZ4K/Bn7EzlYONQwuwk1bAmI/wyTqOOiDn0+5lYioMUa8eY
OkMZFyu+qvATHXyEehAKFss0P+UvGAtpUUtwzApbonjSHcHWkIsPGWa2wfGVlnuk
ks/bMlTmUUlNTopWy4qxnnKcggTF2l5bXh4RTpLp1qsmwsSTwjNzMQiUwH6W6ljC
CtQGhmceda7VcyTJrtWzWLqPDo397x3K+5LM4VEAEEYeY2Pp349/DZV9DMAPT3+9
vaSE8BmQJbXnSO9gwo2Tcer4bHBumleY6oXWquh6fIMijEsb/wXgL2pEjU6lv3JP
Bx8pJgmDusck+SGapqZ4K/Bn7EzlYONQwuwk1bAmI/wyTqOOiDn0+5lYioMUa8eY
OkMZFyu+qvATHXyEehAKFss0P+UvGAtpUUtwzApbonjSHcHWkIsPGWa2wfGVlnuk
ks/bMlTmUUlNTopWy4qxnnKcggTF2l5bXh4RTpLp1qsmwsSTwjNzMQiUwH6W6ljC
XMijdWSyp4Q8+b+4Ar8F9bqPDo397x3K+5LM4VEAEEYeY2Pp349/DZV9DMAPT3+9
vaSE8BmQJbXnSO9gwo2Tcer4bHBumleY6oXWquh6fIMijEsb/wXgL2pEjU6lv3JP
Bx8pJgmDusck+SGapqZ4K/Bn7EzlYONQwuwk1bAmI/wyTqOOiDn0+5lYioMUa8eY
OkMZFyu+qvATHXyEehAKFss0P+UvGAtpUUtwzApbonjSHcHWkIsPGWa2wfGVlnuk
ks/bMlTmUUlNTopWy4qxnnKcggTF2l5bXh4RTpLp1qsmwsSTwjNzMQiUwH6W6ljC
dyqwz64esid57bjW+I7EWrqPDo397x3K+5LM4VEAEEYeY2Pp349/DZV9DMAPT3+9
vaSE8BmQJbXnSO9gwo2Tcer4bHBumleY6oXWquh6fIMijEsb/wXgL2pEjU6lv3JP
Bx8pJgmDusck+SGapqZ4K/Bn7EzlYONQwuwk1bAmI/wyTqOOiDn0+5lYioMUa8eY
OkMZFyu+qvATHXyEehAKFss0P+UvGAtpUUtwzApbonjSHcHWkIsPGWa2wfGVlnuk
ks/bMlTmUUlNTopWy4qxnnKcggTF2l5bXh4RTpLp1qsmwsSTwjNzMQiUwH6W6ljC
23tzpC7/1CaZOwdV0d+BirqPDo397x3K+5LM4VEAEEYeY2Pp349/DZV9DMAPT3+9
vaSE8BmQJbXnSO9gwo2Tcer4bHBumleY6oXWquh6fIMijEsb/wXgL2pEjU6lv3JP
Bx8pJgmDusck+SGapqZ4K/Bn7EzlYONQwuwk1bAmI/wyTqOOiDn0+5lYioMUa8eY
OkMZFyu+qvATHXyEehAKFss0P+UvGAtpUUtwzApbonjSHcHWkIsPGWa2wfGVlnuk
ks/bMlTmUUlNTopWy4qxnnKcggTF2l5bXh4RTpLp1qvIKKpGDLqrwhLudHpyORoz
g8MRG9Mx5h4Qrf1+mgeDPG9197qjZi2NiL+4f+FopxjCtUbGJnFJAPlvcMakuP2U
/nQ0oPqVR9Qs6Ubmm5QoHkRwZVpFSVK1OmDhC7wo29drxkFszeXPlE+nHsHD25i9
y4QQk8Pg9mHSWXz4yVybsJAqRfpTteriSef9zISezVZqumlmmsApPg2J6hmDQ1O+
koqI+y6Mqt8jx7GBlYk5LaKu+7hbbdifGW0Z/hk3MJC6fJCfjwDM+lLwt/+p4FZu
Mj7BH2JRzGaV8vBm8n1dL4FPeh/tyQrw71/un44PkWeMULvcBcXToi95mr1ExI4V
sogTBLRloyA1FrCAt9jtQzNEJo7Hx/e5G5CP8i95MeybLJSGoShX6gqdWVA/ea7g
J22gw6eC2BAYvJpZE9UN7mAedh9qklZC9yTLLueYhq1+33mq7uS1VKo6aStdJJG5
mxBLHKMAN8eDHChJREmCxAvpAv7a+aKHMpUS/29eBo5RPdBcGP+VRidgIef9wnYd
hrH2zk842kmkBOkWo207WuG499b4xJ4fApmf+MnChV1oMV2MekhsXKnaRH7xpETl
9UxVzSsauNFzAnMHkO3v02+c/A/0Yc1NFXA04Bl1fkXGlJyxE9nSVf2Zo2/zV84j
7XUYyrtRdIQDUHC1/4IZvwZxSLI/txOwhhCrSplM6xt4KMLTnYrRgmLv9Qzm5uWr
P1xEOYNgmF0ZnlMxCQvEND0cwXglpOPdcVsW/m2NxdSBgp8BZUwWfRWwzkNwQiop
VrT9INbnQBzNDaWGUoq1i6D6Gv7bOIMelNQE734uopKhB7PJ2uBGvrkCWqp3hrRG
oua4lF3oYjTflfb+cYr7SvICtbs6llbhBsjFzo3gYSZ+33mq7uS1VKo6aStdJJG5
mxBLHKMAN8eDHChJREmCxAvpAv7a+aKHMpUS/29eBo5RPdBcGP+VRidgIef9wnYd
hrH2zk842kmkBOkWo207WntZ+lOC5ZppCygqFz12xmLQbVLnGLVZ+lg/oRD6g5VV
Ok3gL8autM1SDEVCMnDwaGntz0Out8bb1RB+HrqxwBK3yrKkpiWyB0E+ErYEpdUj
h6xyktSZJyUGMtytPCjJuP50NKD6lUfULOlG5puUKB6impzODPQfGthASkUk1Rk4
4v2XZQsENGVaAm/mZGlxjpi38a73+sHwEQxfRYZNwWdssz8PKWCOfWb9EM+5PhBC
WMPxxHXdQXFdYllwLfYLhrbLrXCK6XUmcxL61aUFsxWl7Dkpd6GX8O93ZOU7KNrk
m+Te9Hl4X6EEBU/L/ieZabEg4fvbdYaiYejf1QIHD/mwaLxbyLtmfhJGt3OZVCPV
WVfif5m/uxtVWu0jHdP7NPZJO9Rj1+g+U6ySrkqjP1qN4FapR02M78cAEo2LZXd8
Y9KTqs4rwm6BLKeJwl/pEIl0IBSIlArSQyqlcMtZqXHQbVLnGLVZ+lg/oRD6g5VV
Ok3gL8autM1SDEVCMnDwaPZBmV0OC77ikWo/8fWCv2nRw26XOU6GRCBbUQpYrFaf
k3OL+f/hLJE0GPvPU49Fu9/zbKAZfayNUn/t28C18h3CIFoyWby7Wz7UI/htFTud
wf5Pwh1txAlrpsmjp103FIGTmDI1GAeDQWb7Hj44iyac1EIz1YfhWvBftbOsNb1M
IqmOLnH+qzP3SFhsdsDC7Hx3WqP0o9K+baajVCY6T24zgadEQAGWzmaE6M7y4yG/
l6h7Vk3x1Y/mPlklgVfO9jHp9i7esY9Ob7eSBKClAbFaKRg0wt8xwmBFjTmkgWUG
Ne7hjcLjWWrE/O14uiEonnUpJCJDTz99VFiOYJ8hIZiEh/r7i9A+y6ann3bGJxLt
Af8dQKCzvn+UnSAnGUBO8b8msJbSjvDPBjo+S0yO3H1rpySa5A9fWH+f/1mV5Fds
48XJb+nefyMLWWSa26+/kgqJpwE1xVODolKS1GTzrJXEMr2s62E7xskuMs6LF+n0
WEvf1wxx7/8wRmdTQVXVtC7mDxApRA0Hg8sGSw0dS8Zmc3Ed4/YpRrY8FmTeQME4
/tfhrtBAtEHtM4Um+QIpLGKthsMmFYGUguavU/+IbYeWCcmebo8rlBzazXmmEpth
qmQTIIVHQVyPOOZKN9XnvUg03tCRW9V/+T510jPBzvgRP9wMY1DXhdHVEvEHw4qa
VSSfvwNnugpIBgeO6czgR5OKotsHV9cH7cCiqJgp1dORpKjItln/2UwtASYJkoz5
gER86sLXUBfVao0RN/7DJ9/zbKAZfayNUn/t28C18h3CIFoyWby7Wz7UI/htFTud
wf5Pwh1txAlrpsmjp103FIGTmDI1GAeDQWb7Hj44iyac1EIz1YfhWvBftbOsNb1M
Hs2MQGatmMCB1gKYdWCFOWgxXYx6SGxcqdpEfvGkROX1TFXNKxq40XMCcweQ7e/T
z81Mp2S/IenfBL0mttL3V86aMxbmKbK87hkclSO4mifTP8AC0o9QFKzWMaNtS+MG
arppZprAKT4NieoZg0NTvoSL6ghM4U4hOlVWX6PGUOPfUhpH7LpmJyLuj63hglYO
GBbwuk4fVeK4+8M/+xMgRGThBUmewBwwV8cg/ETSddpwbDPbZW7+npr9UIXlVSlZ
/oaaZ7y+tcsuNfUE3oxNlrbLrXCK6XUmcxL61aUFsxW7ldTNFX7OjZyIkbxq8cuR
m+Te9Hl4X6EEBU/L/ieZaQGJOwDJdCMjGvH8FxHtn+E1EAFsIa3U34Qce0jB24q9
svSc10Qt5GQcbLQm+WbvA3PsSeOo5hHkrlXBLv67R6RWMyJW213YsuwrnGkP63/R
O/lhqaCmYU5uaYifCX0An/UBXDoAAzRT1Melc/K4rwPJTdzqW6k7rf1cCdQipIlU
oQ79ArKwkoJ648YVTeiarNMuzmG5Vxq5O3OQfRtUQhthmIlWVxk0liwy+5udrzfT
Ed9C2m7HQOpxqrNyH2Gd0GXcMyvPE6LdGRScjvw4dP376pV8P/+CDxcDKftFxWOI
R2YYAApN4sPvdjIGrhANpEGlujEjlF91V4jU5PiVrT8ccRuwVRRsQF3VMv6pDkQq
uLYCAjoY0OgHk4vHuL3NyK934zd/sCfRECgs00+pKwGkxHISN4Ul56W/4upVLeqK
1Z3xSaRiNNnu4Hs3+0f8T3XePvs8TXORzejfcExMaKRqumlmmsApPg2J6hmDQ1O+
hIvqCEzhTiE6VVZfo8ZQ499SGkfsumYnIu6PreGCVg4YFvC6Th9V4rj7wz/7EyBE
ZOEFSZ7AHDBXxyD8RNJ12iesJ9EoBWANGKWSHH9DINvA7jV0Ojmk5jhtjhArrwCD
nUitaJjBsO1sWu6Rm2lKD5BgV1gaOpodA+pKE+EAQLAM1EndJPnwqpQWDh77UH9g
158I5AsIcE6/QoUw+HN9UgZxSLI/txOwhhCrSplM6xt4KMLTnYrRgmLv9Qzm5uWr
P1xEOYNgmF0ZnlMxCQvEND0cwXglpOPdcVsW/m2NxdQr44nEwPOpstJWcNTi7m6u
TYOoCWqwiQ2drxrg+5FuHhE/3AxjUNeF0dUS8QfDippVJJ+/A2e6CkgGB47pzOBH
aWdHrRXbL2ctYpIunpEzmhaOhmCYDGWaA75rs5FMeSSxab3QohS/LFnnkPJGbftu
ft95qu7ktVSqOmkrXSSRuf+NoRukTD6RD+VdyFsxeXZHZhgACk3iw+92MgauEA2k
/f4hi4GptIf9n31t/FK9JIuu2UlUImknaEizyAd6aZ4pPiQvuTe1Jpj6bmIrn+FZ
OgeY9w3ZW00kvePtrPvUsz31MgndcZ2NP4kdbQck73WYv6qdbK07JbuKGN32s6lN
sWm90KIUvyxZ55DyRm37bmquCyJwhQMieamfL2aBhlcPv2+k4/IEZoSs7o/mIOIq
GYsQhPgLqjNiO3G7QbrqpJ4OXyS/FvlXZl/VRlb/aBAYZ1GWljpjJaU12C3tE2dG
NRABbCGt1N+EHHtIwduKvX+lCVMarYumHR3cTb+Vg36FU7xGBkeh9Xqon4tQF+V/
UxXnGdXSc2vjNrUvVzRFhVvcmgqJibrb8MFg3qg09y4w4rmuaEYqtyhEi38NB30S
BgXtrT6rnZyALrzKPg1klY3Y9t/tAu8LCXomPw4PzfCnLAyi+nXnm4DRYQ/cEGuR
+ZczcJU4ygTHsB2xcRTdpJfipDEzYnlREWNdXeJJQnuGfkfcjXK00YiJPTc6Q3Ft
IqiCIFj+jrypPqBcR+/tK2q6aWaawCk+DYnqGYNDU77uJ5cZM8VMxLW2PxybUbfz
prMfBEInyMGANPByI+gzk2j9YDwA7sjwkNZRIkmjTbdKgR3pTC1ULMm1mtRw9SYk
SDzMyAipF2aK1rUHqruyGHU/jIqBjvanTNfeMPztnhX9tHD6vibXGYHp+DV6DjiM
Txa07nLfvvaWLGYZZsXGhkDHPXjYK0rIbDvdOnHfTbc5iZYUlDV0c54kfZQCmh1U
P70QzhrVrj9Iy9EyopJ+jd/zbKAZfayNUn/t28C18h368pRUXS9hESOwLcOMF06b
jKbze20x9NX2bHz/vn3goG4uw/e5LW1pfEmBuucOIE8bSQ43t7HWTDFbs36+u762
gU96H+3JCvDvX+6fjg+RZ/s8gW3otJCKrcfrJ8Y14mUzRCaOx8f3uRuQj/IveTHs
myyUhqEoV+oKnVlQP3mu4C7RW0sVmGxOK03RZCbgUTCG9bIv/VJgjilaxNaIFIHL
ft95qu7ktVSqOmkrXSSRuf+NoRukTD6RD+VdyFsxeXZHZhgACk3iw+92MgauEA2k
QaW6MSOUX3VXiNTk+JWtPzuJBW2cHvQwaWauGI9zCWnQbVLnGLVZ+lg/oRD6g5VV
Ok3gL8autM1SDEVCMnDwaKbcWJ3m2VFnXqMQgFYbCgaLKK2ZLdPMui+MeRVkJ1vl
DwoQUZL7poZFgdX9eaa08p1ZhisF4XKZb23h8yEySCE6ijwLYN9lpjcmUAiUpyRu
VjMiVttd2LLsK5xpD+t/0Tv5YamgpmFObmmInwl9AJ/2mMF4oRRs3J94FZpZU0lb
5UcY0yITZDVqr5EvrXfenK934zd/sCfRECgs00+pKwFNgDmn6hLlNGkuqGHKOahY
87lfamrMjX5Xh8JvlnpzQHh5O1RUSBMdFde0/VRm2oVmc3Ed4/YpRrY8FmTeQME4
KmilkTK0fhjbn0k1KOlkk5i38a73+sHwEQxfRYZNwWeitr+CV3RP9qJhCinHKamp
bX1ckLglqr1tEuMbdoucTp1IrWiYwbDtbFrukZtpSg8Zdd6VP0GVDyfg2skaerdz
DzducGVG/u6rnbwkrwGN5E4PHa8h2U0x/xTE7qOpWNI1EAFsIa3U34Qce0jB24q9
f6UJUxqti6YdHdxNv5WDfgH/HUCgs75/lJ0gJxlATvG/JrCW0o7wzwY6PktMjtx9
SHxVg+OzOnHMngr51MQg9ArMZy9Gvc5T2oUd1lV30389gDMPJvMGAOGfY9BpXxvy
Rey8VxtuSRsw7EO8Y11RyuL/v3DyiScMWtuY1cZnJdxqumlmmsApPg2J6hmDQ1O+
7ieXGTPFTMS1tj8cm1G38zR2NA7OKQcqWPjaoVGooQ+idCEYA+niz56Xs7ob3Mt9
+cI0qhrAWblFhATnQX/F4+PFyW/p3n8jC1lkmtuvv5IKiacBNcVTg6JSktRk86yV
40SYJOZ/w2GE/W8rTRRw8De/e1O2YJPTT1FnfBDcgpTzt2Tr8eWtpMUm5MSrevju
/nQ0oPqVR9Qs6Ubmm5QoHjMkVk1Qu/41uJLqVLNyl4wCNHruu6jUTAP5BdhIdtaA
BsJMido8G1er65G7EK0GKZKbauuARzW4BB1CD+8qBbS2y61wiul1JnMS+tWlBbMV
/Dcqulj2pIXFSwQU+EyI+0bJ7W/7GQJR7htnhQPnFA9NaK+wAmitiiCzMLVy18fq
NRABbCGt1N+EHHtIwduKvX+lCVMarYumHR3cTb+Vg34B/x1AoLO+f5SdICcZQE7x
vdaNQVyQiqSZSEPRZwYI7O3aI2cg1xxgCqorrnfGfUkkNuMYaMRoMRkexHZq+sDz
BTmtjliL/G4q+RTAs53f775N0pko50N7D66Gz4PrifUEQ017DQ4CKKPy1sYZUdzW
3/NsoBl9rI1Sf+3bwLXyHfrylFRdL2ERI7Atw4wXTpuMpvN7bTH01fZsfP++feCg
bi7D97ktbWl8SYG65w4gTxtJDje3sdZMMVuzfr67vraBT3of7ckK8O9f7p+OD5Fn
O3KuHtujQaXwllgPJBdjtTNEJo7Hx/e5G5CP8i95MeybLJSGoShX6gqdWVA/ea7g
SjTQ/Rmm1nItKIPtW/7gOM4p8z9rWadocyDqsmLku5RG0CBfGK0RQJQpwatAqOOw
3/NsoBl9rI1Sf+3bwLXyHfrylFRdL2ERI7Atw4wXTpuMpvN7bTH01fZsfP++feCg
bi7D97ktbWl8SYG65w4gTxtJDje3sdZMMVuzfr67vraBT3of7ckK8O9f7p+OD5Fn
BRMn3FInQFpP61jeGSlaZPbUQ/6qkGswQH04duIyXtrzFuTnaqPPSAdhqvW2AN2X
4lgyuMOa5Od7U7oMsBt0RptC7twRrRG8PeF1meJTzeMbFgmkXJn7hW3Pp6QvMINT
BnFIsj+3E7CGEKtKmUzrGxT+LOjOWNq01lefoJpNbJuw3QrydqWcx97iJumZtmPs
HkjHJfG5vEHlaXgdQtbaxuqqBBZKnCy9qsvOoCq9b1X72rua984AE64RyednXpmp
Wi3VRXxHHUzScoBItvOPAmQAmI2SRUryiJqRblhiLGikDBdjcV7anLQNKnoDPGta
A3gknDrEaCKKKvOTZO+Od/R5FnvelRcR+CUmENBYK774QU3JuhEJFDW3wHJCprdX
Ne7hjcLjWWrE/O14uiEongeXfsxigc66L33tcNovUtNqKr31ieM+3JT1BOEUiNF6
xbKfy9wi2/4CpbEhy+2km0QxjT0H8GbWbRMkfc+dpyGegn0FxA3PACdEPZgEIi3S
pcEW58L4oFUaH0CganddiBWGP5SDnz06KpJW/acrJcIKtJYFio8xgGUlFQARcyoz
t62LQOYOfpHGRIWXYW8wYZk6F4iCTq3mvUlSMZwP2cmrl/9d+IwFDAR27lcijm+K
Ne7hjcLjWWrE/O14uiEonnUpJCJDTz99VFiOYJ8hIZiEh/r7i9A+y6ann3bGJxLt
Af8dQKCzvn+UnSAnGUBO8b3WjUFckIqkmUhD0WcGCOzGiTj3Vx3/RF8aS7lfFk4h
yRTPXDbukYw5YKaQCzZwl3KzZ0f6gVYli4QBgpjv3bVUoObq6qNWJwca/tWDDryH
5QGfmDsFPpOAs2nnUcwDQlCx4meIrrHZHfP8mxF22Dv4gV0A6NZFOGl7B6Ohx+t6
s7v7pTL8zFlcJ08Q1AYAziQYVlY5d0nsxLwmbc+gGE6lbXtAeDZt0HNF72pKJR/d
cEuS0XnIf0MRVl6PtcI5G725xnfy7bciuAs8x/9sbot7HiInqpxmgSbF0HI5a5rY
Dgp8Xm7IFtgem7hTNBKJR2XBYPiZiz9KL5C86aC9U1FjE9kdaozAkhJahLKgjy+q
sGi8W8i7Zn4SRrdzmVQj1VlX4n+Zv7sbVVrtIx3T+zT2STvUY9foPlOskq5Koz9a
jeBWqUdNjO/HABKNi2V3fGTYO17J1LyYd8YqoIHSr5gqCAgI1UabI4xnco6R9i/y
UzznYCbYzparK2vzHv3jja934zd/sCfRECgs00+pKwGXZuh7LwTDAL3Fubhu3fYV
qUMWIKmWRLICUODl2rx1v3DMhm8adV/tyvyO/v8s1O01EAFsIa3U34Qce0jB24q9
svSc10Qt5GQcbLQm+WbvA3PsSeOo5hHkrlXBLv67R6RWMyJW213YsuwrnGkP63/R
O/lhqaCmYU5uaYifCX0AnxPP7t282tl33wSvDOKmGA3jxclv6d5/IwtZZJrbr7+S
aU+VVt4XQTFlVRB8xI3J+r7C+iR+420JFYENTqZz1cgszjS/shXTG2vsvqg6jKdH
TXKQkU6SIvho90+o83SNFDUQAWwhrdTfhBx7SMHbir1/pQlTGq2Lph0d3E2/lYN+
S+H0u3P/oD3NA+9nFDAqjXi62D4ALJaepfUp8iU9JLmBre7fl5+jexWB2mFC05cv
aq4LInCFAyJ5qZ8vZoGGVyg6+573kcLMCS20zsdAI1TGrBPCbpfw+qIpK6FgIXtU
ycNBakz6qDfP4oQe0ud9x7tqHXViVg2u+6BErt15SQewaLxbyLtmfhJGt3OZVCPV
JW7h98zgVO8mV0YwuFbY1iArTI3JofWJWPVEmIeZoRuq3hRnW4fYQmieEgxSstFZ
PInHSuwGPzTA3wCpA3nG4E1/FxtDm6v7YmbXTeCp9G2+B7WNtwc5H8RDcKHBF4Ml
nLkRp8CYzuQcNQh09FKTWmVxmB6yjiwOESioJ3QH8T7PMId0WZ5r3acPhXcvPtB5
gsgl+JcSoTYRSGJXxJby49NDZZyR2/ibfHsYB4kDRaYC3Wm1gSrbTnu8SVtelVSE
IJ8q6EB1IzdOtNnnnQYPiT0Qt1DMkq4BmSq6tYiYSN4GL7JNHMO4tFuQI6AUlRHE
TX8XG0Obq/tiZtdN4Kn0bb4HtY23BzkfxENwocEXgyWXv0wZWK7EOsYa0zJGxxSl
ZXGYHrKOLA4RKKgndAfxPhtXTZRsHbC/iGZsgxY1LRER30LabsdA6nGqs3IfYZ3Q
4oEg7BqCEWpWX8zX5j5l1xgW8LpOH1XiuPvDP/sTIESHAH8+zxojgN1ghsoO+hpP
0fwIz/X4V3X98lll8GI9zdMl8p4CkMFAcTVOX2W9xJ+RhWBEkiWfI1v1CqqiUwYs
/Er0JzjsK4Wxa8iqyZqXHPDGaiW0WU1wa5b+DpYo2xm+bYjEDor7GrMFcY0GqtdY
lWyJ++fsOZCnNcItDFvCtP50NKD6lUfULOlG5puUKB4zJFZNULv+NbiS6lSzcpeM
Y6c3vO7U/k2lsrDT1n62QjLcCL526GE5JvdFnnGgKqFyVOXyMVGurTChAhNd3MN0
NH22Q6y4KOSivV2EczBsawYf5HkbSBt2HquUOyYJ1S63xS+uQc9FtTe7glMx1xXr
DNGp96AW2E0Bby5mTEVVF7b/sQkn+MzWXoypPapWMtR+33mq7uS1VKo6aStdJJG5
/42hG6RMPpEP5V3IWzF5dkdmGAAKTeLD73YyBq4QDaRHDq09M31yx/+xvWP3RfRH
Mn98t67WaZ73NQyN78mrlrb/sQkn+MzWXoypPapWMtRqrgsicIUDInmpny9mgYZX
OkmKOQdRJ19m4rfwYTu0OMTINyO7mi/e82+pxsU0+VrWg2FJm2gqj6llVtstfdfm
5oh1XtwTksoQkW7T3KxqcRzfO9TDxnF447XxJDH5+azbOLQb+ScHmLirRvc2mn/2
61Qpm3bTl2oKAUZhQUWX9vfkKxEfcCc/zWfYqzJ/meyFiZasb0qyBS7v19fhlETC
31FKZyw3C5iwX26sna394hV+L0pdOZspuwTK1u40gtuHSIIe4rcdNS0rfrTfmdfS
Ajgs38i9a0ODH59phircmRPZcRpQ/bDU8+lbbPXvJ5LPYYcvyJ+jJ0UCUpEw4R65
hn5H3I1ytNGIiT03OkNxbck68AhdJnLVuDZiGGVC4fpWTsSXvhy+gh5EiNq9kK5h
POWWUGp/cmNW+LaneMjWBBJ0crTshmeJCtGroQp8RDOijkG8k7ZLStTw7b+Tmrlv
1kmprePZ4nNw1UEXCT8H40YULASmTf5XZ+yqul3RDPZX9gW2XSB6nUeQ7j+YpnTC
dU2xQC9Wn678Edp+KFJ6uuUU0s7qKS+h4h2LXhlufBImzfjr0rufTtbEhyHGTuXI
6/OF+Oj2PJtoeosdYuGYhfFIvYhezvYVrDLCHYlfHvG0FfKS7VRjEPFv2GLDixrx
NRSa3t0DhIvz5xUhMcxRcUli1rTS4FDu8/D19LO8nZz0RjM9Vut7YLHFMMbNyjhH
eSoFz1+Safg39ZtxmskD7M8QuEWDEv/kSotaWMG0WIM/+89gU4HzV607GKqOcXAD
uO658GTM7PtKEOcbbdpdCMcwswJJ2qJvGRzqvKLJaEJPV3lN1nYOFL1RRVqe+qKz
lNjB2eopA18QhWqk/qyl/C4vjUCH6JGJGlV0F3gTvG0KMdYN+T6vqcwMU4e54tyM
rdgJg3KSFTE2Z4ry33OaZJLP2zJU5lFJTU6KVsuKsZ5ynIIExdpeW14eEU6S6dar
frXUmGBEmG+62VMUollbudRmz34VLSwZ8te6pr8NpyE4sz2STh1rZRLkUyfyNKUk
CPcfNNW982NK1wc5bjQilQJOGoMu/e3+PYDxOXGDU9hIn8P6hq+K/oLLZIP2wjwP
P04rg0+M+O3XfjxXXVeswonzSoCOAhsW7gjBLOxQBNILnircMXHoiAY5IOwwmYJU
RVpf74al4w/nlqittSlk03oKxdxNiiNyrM/ifk8tuB+7buecw7dM9ymlzCf/itf9
TAWREiyxcRB3TOdwi4LP6m51VGDhPYJdQ022XgVJH/hjnfRZ9MLo5KsGCDtl/X+n
cG0dXrzEXPmglMR0tmnrk4F4wtWfn3DcDJIvAFyvBvaWvf3t7txFcJYYYN84cOvg
l/FrvXhPRvnbHof3S/SuoWev7e3rHvgQwgEDcappQgvz5LtzjZIlkj2yT4HqSI82
uzSH4kcwMs6FgKPYbBsdfvvosgJTX4jzDV7+GCN/gepNbdhH39JzcLHMyHsFqyUr
lNsH+gN1TjUuySDzivGS8XU/EabLWl6LVq26PBjAd5wbT07YpZKstmejiHmFg9OW
/B6WXEAtmeUcSyMHqgbs9y9A8S3sYVnc/Y/UsbrlXKagR71id67aS/Qw5duOXzm3
SCH3QnvvFN7xaPRfrKv8rZTFs5tS9TEBKKzlJSBOMsDjQfXphGVBjgIAHNKHZ1ng
NwozPwcK2Ssx5cLvSh9bKR3QYSaiZLLYvcVgjtQTQTc515cT2qfwdlmDG5PoIxVS
HN871MPGcXjjtfEkMfn5rNjUkVv1ObWmqClJJq5TpF34w5m/T3unxGjBp0jisl0e
EYN2QrhWQ2FGhh6FinK80z8JTfklomg5Zlr7FNsez8OJm5EUTdb5FwzaCrdRNJJ4
0wn7yLkLuWzeAM9i3GO4kKAqA5P1WKWgSII49IMFvylPhS9L0HF2IXYfg3WtvaJs
qOHUYIQku1unPH8cwiWw/OeIkWEPQzTr2tWFYn5Rgqj2D+P0rj1m5ju6m+aAioVf
JisicOmP0926fY208w3r1EaMuFazFuiw2SdQBnlXgwuAQSw23I64d0o1+48VmgiN
n1s/SDbjXUMoz/MPVB5AVoCHFTnwt0vTtW60fFaxV9XfmRYWBMHp0iGEu3ENz5K/
yo8r3GEwuDtojm0kE3oG9PPKDDnPFXA5W0qKe7qVVwY/4a8L+Up4TAlxgO0+QtVz
b6AzVMuMgc770wFQ9ehBwLodXHDgMFM0575h+ZusWH1Q+riKVvQY3WK5lmkjtgUj
lywXWOcPdZKCoN8Am6/hoW6cp30ivXltCTnOIXbGq8MAHhqncZbIOlRUM4F6O4Xi
zRoVfkYdBTilzv3Xe4UOWpkw1j3foJFbRg1ICyb1Fv3KJFOkc465W9IG9qdwOLNx
5Wut2V+bk0gFkj9GPeEgWMOT338Yc5PYt5/gGrY9jLMnYo9ANy+VoFqeWxuQGYbv
N6R0/p9MvggWt006+AvZjcZgFkl8uFX8NT64gjx55E9TvlQMwM3QUjMZ3bobkosF
gcvF6tEQGZJkw9W7QwhTHKVVifFMHipXFQlg9VURUYRv0RZHSjwD6jjh3fyGEvvI
DZceJxkdCNdJxZZ55/kIUaud/4hDkUcc7nKlgJbWnrBw/RbsKb5XmFvswkGcW40x
8A4zhCjzHxbhY1oWN7KDdtVuKS5ii4LRF6sZp8Lx+xxUdcFxoILc+7BExFIUWJAl
dTFEQaUGKPvfvLJQHIeHKKY3KI/iWDdV+XQ4Kig99bz4crWr5RB9PoXHD7FPi+3k
ziK0Yy8KffvzhOQTN891CDvJNI8VhT7ddYflzP9DHsIP4W+iYq6Zc3kiMNkyblY5
96bGEA7Ipna5m39iN+MoQllBr20432DXOxe8chR7BZ47tuDCh4pWIi6WVtrBj6P7
OXhN5MI0+ALOYPTGENmi9o/EALxgB+fc6G0oiXz7MZzPxqgAgHtz2MQ0bxaAxf/m
IdRmi865kuyI91rDrAISZMZgFkl8uFX8NT64gjx55E9TvlQMwM3QUjMZ3bobkosF
9cIQNjxfpp5YbPkcaO2Lr7oCAtSR6Om5lgT/RqFGHmnTCfvIuQu5bN4Az2LcY7iQ
en1pJFhqRgVSeUXPbNmy+DelGFtEPw+Uv8onXhB5I8iZGCkcT2MpRaItwr+ARiQQ
e30w8/AflUb8bevMAywvpb5N0pko50N7D66Gz4PrifVFaoGISwZD5Dd0aujGb+wI
zlvMV+BDxLXQwr+ZROxhXAg6Gt41Ri46OkLVMIvssXZUt9XLj/Kq0CtmsPplvNye
09Fu/jqY9al+M5ZSrDhearYNKo9VrhXdY7Jh9kznHHa7iBAnb60oeLF/c831PTkY
WV8vZqmDPmJUCwJrQnFV2Te/e1O2YJPTT1FnfBDcgpQYvi5h00QxaGjwP8Qtct27
JJnceEDyWCik6a8VtyWzfO4nEQQ8UE9eu9uV+XNbGtPSGsYVTmcfHSTp38xcDqS8
h7vMhnk9EmYlW6rEgvTS/cnUoxgoEOza/JVh84XBPfqg+VwSgSS4KrpOSczNGuce
AcNySWkzhD9+AuoPx4opmYBmmINlYHsSjT2r9zVWDZrQCPdeXk/hI81HrEAZqs8f
W6r2lih+nWsrPzj0hNOG9SknjjtZq5Scllustwp29SmWn7Wgi6gaQVnbmbTvtmkE
o4Mslm1+okEilxhWQbf5ku/qRoXKnlBGeBmH9bCdN+5HvYNFy4kIGdIZswks4W85
IOOXB6m6DcfeQA9MB3amegTYQrtthPhmKjFAWqJxsL6DdZCZCj4olwmnx3KyvT6R
8CCEHFU9PlH4RlO29Cu1cZjnGp6+VB95h2M/Gam9XNX+A7X7mCYYbZWMFV5PtnGX
P91vpS+N64yNWvHHkgtOhneWfw8oEVaPNUNZ72LJxIlBdsmi2Zt/PyJ12cOqDp5K
n3K8/fzT8EiLVlibBnKaLq8KPs+1Jx2X2RKe1rIeevHVbikuYouC0RerGafC8fsc
vMhuu98y771Yr5TN3vc/UuHncioDU0d4UGqYMZOp66D8Z9FaKIrpN7cWrVArwXcH
pBhTBCaId18VL72qfz3FLzrRj6VbbOGs3MXUuT9KWQT0SblHDOa1GZsysafWW2BS
tcKjRN+QPqSzxRCKUJ2E2YpYRQMGniTU2Tfxj1yHkZ+SKx32YgdbWBUnES0fAT93
0uu9qvL6WBcQ0nzUTe70BXv2C1bfGbREsE+M6KfFdGNG5bG8GtN7arprShgRsbx+
7jUxBVCy4bpFtN20LWF5nvvYCGNx9+SG7ge3AcIxn1BODY11L+Mcf0ORhth/E0OE
KAQsssDqst4yQxLFtHBpK5G4kDyP9c8YplunUSM/s6+V63SmErS+DwGMKihhNjQl
yRTPXDbukYw5YKaQCzZwl9GwR25D/zQSVrgpIIfR9L+j1wfQhYgSlVR8tZczmUKa
+UjqpSIB+zZCCp/VvBWdTxB42to4SeIOon3vtm3pjh2uA4vELKHn5GWZ7yzK+YlO
Gln8nMtafrQgDQMAmuLNLSL3COqi49Od+7Lv3XZ6scFG0ftq26ESflAiwPHB7wCn
h8vndf3JpVsM0g2UaJXPvV/U1/lGQ9ZmjyBBPhY9w+RbWw1jzRPqI1ecQnfP1zuo
xmDtBL0GmkrAjYqs64nV29XZCNXzI4FCCWT4VWGxpoU4MhFmqWtisplm5tUmMzVf
xU75v3PbpZbix9LEhvAolt+4Fn9oFClIWTRjZx9Gq6QPTT70N/GsLNrs0KfrhwWo
f3Sormvv3DTedxb5xhpsfgOJT593HWYfQSMnRleUIwPV0Rrxh4qi1S+aGkoOyTUY
I7pF+z2sNOC3yuwCdG59LM/NTKdkvyHp3wS9JrbS91fOmjMW5imyvO4ZHJUjuJon
5i9aoZh4vbjhf00CLODz0cvMwxyPbjzNhJXuT81U08MmCgXWgESakLtTbaCz/MmW
cEENL+7eaYXWl8gGNu6O8l2JLF7kcU97I0wKZD8p9VKHQX++G17cUZ0oOLo2XBPn
xcmmCmYaxoE7VOL7CSSzOFVe0JJlZQc6WX4VuLtMCuXTeBGbqhGrM9woEqAitzSi
IS8fAwIN3FjCvWOI2wfXT8SiT/A0SRqmxefnALtsrUakaCN0+V3hpBe0kurNKzFu
u/mJukkkOPGV2DZIMGlvJw83bnBlRv7uq528JK8BjeQ414cFKOJcljQwqAKrwNbR
xVSuzas0UN7sXN2tCdALFDQq5OkgT0qNkvNBDa3wFfWWL67U+4wTlHTEip9fvmHL
vOaezqny94nZo5yd0ODA8Q83bnBlRv7uq528JK8BjeR1Roo88bjQaieC/Iv5qWyF
AYPhpyYDBBp++v/Trtgeh+blzpZ38QnrNOXju0YG+m04mg3oNLXB0+5VPGzEC7uc
7xtsRIX7Sl88DFjvscJLPFIGPyFaUrJJGYzgJV7MkHOcl1qEhgmenjTLQl7IYd43
1Q1L9NYe2eQXWSuT1btQJtnPk4jnM8btrwCjat2CFbFAwXu31Ql5uX6ZBO4KaJTI
CK5VKR1A30ZYjd34aIqU0FNfRoDge9wJJsda+agXN0UUvtDhDUMCzrtu5FT/p77l
cEENL+7eaYXWl8gGNu6O8ijgERtF4TjtgdaR+IcnrqOlVYnxTB4qVxUJYPVVEVGE
KyI/Y6/3aCXauApB7liIIVVe0JJlZQc6WX4VuLtMCuXTeBGbqhGrM9woEqAitzSi
jOwBofQoqDE0MR92QmcMGZ2GFnYWwkCM3xi61Woi5jpDcWTIGREB+AGZsd6A+sVr
t8/luhDbCJeDL5GuhdDzNGG56WurdNnelu9GlHecXlwbHyJKdBEmIU7SHefnFlFA
0GkgBxWbTA/v3BNoWLeVNyKM7Bc3nO9tvXhPM5b7Lg2VLB7Q9JhG+TZUTqoNG/Ur
lwR+Z432deTGDYhDNnoGLIkHM0eCDscWSvk1e4z8BU8TPwZmHxAIDN8btQKvvJ9K
bT/+OYrd6gNi6+ZlWg+dnxy/vjMD9xb9bfVcw4Gt6yiylcE7iy/7fhzU0qspPtFV
oOWPuUG/PvswE1VUJu1ej7+ifJvvrHBsLbYsx99cMLVr2wm3OZRTRWX3BpQwUPnx
EzOPYwRRy6mISX1+qq0sEm+2fOmMOk1DSa+niZH2VFKda/j/OtMO79nHb3fXh36d
sLS6CKx+j9R6olbcJpcEKExx+wBwH13i3bJ6lyFGSPy2TFBh0UcAjtkWpuEuUiDJ
kx0tBENWY+UCTivP0NYisbbEqcW/mvkFGNukxvuDDSF5cfx3fvu9ZqyWydVfkh2M
DeNmZNKX1S91o71APYytKQZQ42Djdq3Tdn7JfrfsNJFxp91CpKXLgf/ZTeTfeck3
nEADKOriPZIjwDdYvPk5Mau5XFzMAxDXcZhifVGDnfmS6pSA2T7P5MbjTFNfsx2d
R+AHqDK5eeWq+WNr46X6JAVhjIE4ljfO138xosFwDv1oI5WwugeQcZyjip+B+G2N
XphAsMe6fQR0LFrlXCIpIzGM7BBCha3xFMZQg34y1c3AgeiJ0zJbcShr4DUNr2rR
2qPff3ECAaLSripwUb2WCqvzjjdeSG1HC5YfxM4lM4ooqgNPYZd32GNnEYxF01Fe
oBev9pV9lgyhYbDuVoZ2sx74kNIBODruNUq08XSHLFQKzGcvRr3OU9qFHdZVd9N/
gC3UeIUnT67eAh/e1e933eQU96JQEQnPuxplfSzR4CPla63ZX5uTSAWSP0Y94SBY
4Nyt4vZIppMd6WK83Oy69eEcMwvCZVli8uNm+4ANL39HpvGOzecpfgNMBnEL3kYE
ULQ6/kw3qwOxuhQSleEek8QyVmW2YiDrC5eFyB9aGoZWK2LyrsdB3rSbUxiHJTbg
EmXUc/SwKTKW3pELILEmxOlYhXqji44/nXlFtQi7iFZwiLfVXHs4C0L4SZn7lVKK
3CKuioRLhFgAMbSeHX3VCHaCSx8g4hdk1P1e6cliT4EJ6rD2l7PINlMwCWMaqK0r
U1V+k9prRzqjgnyuV0kHMpGzE1cXV1wiROYb31QSsslGHhdAYbmFlPRJapDme3Ue
rfqC6t5vP9ENEAEKAU58/h+VOzH3YiWRT0lVEtc+12kqSu7RCWtRXYguNcMBnLC5
RRAzEGNbwAJ2U0fYfzVqotCusEVtQLRU9mlz2psotMSSwroufezX5KKIJJv8FVLI
4kOovBWKklDP9YGgQGgJP3DECg67faAHuWCHLW3DHRwOl4LFlhhOXwdRih2w782u
ibhfaYYOXWkD2mGwV1rulEF2yaLZm38/InXZw6oOnkrrYTiQqRjiRcpNkY9upIvh
U1V+k9prRzqjgnyuV0kHMik73TTn4b8TqWkLwrliDKH0JYwPm9VqQXQGZKv9c9ir
ECGmkmGkFySGmBEBoXcd+x+VOzH3YiWRT0lVEtc+12lcmUqqm8EQbcSjs0OoUtmT
sb44+aOIh2S7BElFeoiXRgn8FI94tJFOVYrTcsN3hW8DzDqg8XNuyzzW5S/PBy8Q
7Z5ulheG4fPb1bvJeyYZoe+pJ66lEnYS+IPyzbF5suoeWETi20c4fpy4Io+y+spo
NXskWijHiUR87KsRuT8UaCpxgKTkAF2nUgmebwRjneUIwnVzKXyAzxon/Q5e5f8S
RaZeHEj3LaIpHatB1XJkIpLP2zJU5lFJTU6KVsuKsZ5ynIIExdpeW14eEU6S6dar
zgcHp8iLPAjGAyYS8oqvhBtl2iOhVBuEOeYB7fofNOZnG8oMObQKlMsHjfSG4di0
HBM0lsFY7w1S8k0FhWexjnINtZkPMRUAIdGS6QAG2Q8ktJODalYGv86SJO1LyKQg
YNuemrPxWtI1r62ALYCr5HfshF4NEUMnf1zwJDI2UnRNLl44educwzmqA/hCCFD8
if2k81IMPehnbBc/8eyz80K7XcOg/gDnWUXviKhhAGQTrfwzP34rvf/JxIw+psRI
jLfp2AeTO1xtgPDZnc9qjwuULHSVM8aprAPZUj3Ppk3VbllWqfxlB3h2gRTPIT47
nHYOTD57FxS1P4fIqKh+kU8nTsQ2/TAznJOdmVrnzV86bQRFRsHFnYsXPY/8+S5N
H98Eh/yIvid3x70B2TlPVRMdRFkXgwYnjYg/SIFgVrHuRYU38pyhtCtem2XJXlme
8hs6xNHBJGBMsL9DCRacps/GqACAe3PYxDRvFoDF/+ZWTsSXvhy+gh5EiNq9kK5h
L7lGjABFtyXWX++RxD0YzTgcBhAvxPujmXP3jau9kK4PPzJ2fTu4rOcApdT6CoKk
mQiQt2K27zUNwjJuTkguLWi1RBrBeJb+OFiZeVSrFm3CbnZhgyCcEKKvk1SbMeUj
KAQsssDqst4yQxLFtHBpK81CfeA+nX/ltfHbXcqmpixwlElDLCTdVBqR8AYhZ11q
KT9xozJQ+/m9XOUpga6bIdA1YSwQNm5bDm7KxgmeWRjPxqgAgHtz2MQ0bxaAxf/m
PQnr/h4YAbevJ4bPvUJaPk1I/MViVf0VyJaH58BGfI5aNfHxnBrIkPfOGdgDtoT4
GcuxXHqQj3UISs1YDiayXK5vXnU83twgeWmhikNeBkQZ0MzrHMdDLqh41QWi29PT
6T2wJzwGzICm6Idewmg7FjladMia/X8XIEOnlIPRXg5EmQKJugqxIAaXFStoZpzl
1gRB/cnyGuSGuJ5y7ogfmMKg+kbEzHXBbL4jsLTT8R32edYd74q+h/d4aGyt9OSB
OYmWFJQ1dHOeJH2UApodVCXsQ7M6LTfe0eMKGs2/BDvkpjxCZKjix3bOiEPIOePj
l3yvIw/AYd0j9LtHL5bujUDD1g0/piJKRbOJKZrDvsi27yEyQPgJ0VsjDPynGWlA
d+34Zcy4+1lRv7g3/HCbcvMRt9s1qZGwT0QuBQRXN905KYXWHMiCI6uCR7r2knzR
r/eu/0G9cm5dycg5j6RkSCmAfkr4l3bMQOjbygOpgQ4Aq6DHGsVaNqYxmAHhxuJN
vbNY4a5Tnq3gff8gEkdWjU8U+IeT7nH7FcpRYyBM0MTg286A6XN1yRLDOq3+tJrs
QNTK0J4yPB/4zALlZkK5TmSKy/qaUtZ9ou5T60lcSHpDGnLMq8hwaemfwUdN/5/y
zeC+hv2uOojX85bk6g+38sfhLcfiqRQSWTEGef+/+hlZYLakvCYAm5ZmdWeIWNp4
YnhqDvREFNR+UBzAaf7OELOAC6hQ8+LnD9IqajQkfeCPatI+EjxvWln5c79PS6YH
KT9xozJQ+/m9XOUpga6bIYmdVg1sK9dEciwkymFrdmBJYta00uBQ7vPw9fSzvJ2c
Q2SaJM3jUf05tGoJuOyN6dqRxjLjiY8Jr0bky3WfTeYAx8neneFEZGj2aTDGMkuJ
N8Fnlm1VzGHZh0EsHDC7Oy2yqMZ9+QGtvgFH2pSzExQIOhreNUYuOjpC1TCL7LF2
Z6/t7ese+BDCAQNxqmlCC0G6AngK2UStl+KImFFcUagF9EpT4P1vzZ3tPd3X35fC
DBGhXB+jUhqqCF+Hk8hfD0Of5Mm/Z0xUA+IERUvVZsj8aglfRjS14+C1EJ4C0u8P
ZeJAx8qJT/LIjI8wQMMp4YEbDMu+m9G+qWntHiqe12T/oQ9keYeD7q0TD0YAedre
zoymbdQw2LY4QcAVNeAKQ1KPv8Mt9JiL96k4nV+EG/r7OGcZ9xXYUeTNe2hxzEgf
SiMwDFA9RbB8qP/REKLM80IKUT6poAIaOgNVNZHf86rDXwo2k1+ZUpHf2oA9N9oX
+TbtoXVTnRxeDWK7nFE8FKcIiurqFI/2rssuZ3apeZAllKVfKGYIGiXef7VQ1Wy/
mpJIeOWMWyFsc1J3qeeim+z38tL8Dx5XlXwEC1io17XVztFidRmSsf01izAaJSpJ
/wTKr6nyMo5jXA7bSscj2YpSMXvtmfvsmcDZ0v1EyCidK80eetze55QLpc9ZPAoW
Nxz1vGjCSctbEIPlTxKsr9xHOocJZpMIgmsyK7kvKkEk3CDU+7z7W3RYtyFJSniw
FnncFXrnxSd/VvQHgvPzOxK9S6Bo1fG/ipY8uq0P4ijA6qRXs+zipknnuVdbiUzP
ibGwRSUSQ5qHuaVjQma6AQHY91RTWlkuUl0j9iO8f1vxZWVD7/QvZ+yt/C4mG5qS
jzo6TD103NbqQ3128WTdqso2aPwJUSj40zW9HyjbyyVrkBnomo2sMJq9fUjjqSpy
FGJnFN0KtVYSnJpp3xzjzRLSViSP9R+Qp2tiZgpJE9Nnr+3t6x74EMIBA3GqaUIL
QboCeArZRK2X4oiYUVxRqAX0SlPg/W/Nne093dffl8IMEaFcH6NSGqoIX4eTyF8P
ht1eCbZbWjJkCZ6cw+1v3vxqCV9GNLXj4LUQngLS7w9l4kDHyolP8siMjzBAwynh
gRsMy76b0b6pae0eKp7XZOD54A6kx19KsDd7wOuLjTvWnagENluT6hfHQQGYODF8
tu8hMkD4CdFbIwz8pxlpQBDOjJFHWrMt8araYnX7rLDdAgY5gTtTuU7LSf/LqT28
OSmF1hzIgiOrgke69pJ80UBz9WYy215Cm4kVseHaN0EpgH5K+Jd2zEDo28oDqYEO
AKugxxrFWjamMZgB4cbiTXIY8MCVP1PBktjv+3BTYzdPFPiHk+5x+xXKUWMgTNDE
4NvOgOlzdckSwzqt/rSa7EDUytCeMjwf+MwC5WZCuU5kisv6mlLWfaLuU+tJXEh6
QxpyzKvIcGnpn8FHTf+f8jA+9hiM2xbAeBkurBf4S/HH4S3H4qkUElkxBnn/v/oZ
WWC2pLwmAJuWZnVniFjaeGJ4ag70RBTUflAcwGn+zhC4kOvgbFY/wb9mM1dvfI9g
7SEJmt7A8QIHtxM2q1OG8biQ6+BsVj/Bv2YzV298j2D2rTUOD0r3XFB1khF3xsMo
Gu8YFPXQhQD4ScIz9wwJmppb+OKg0ryoK9fu7CZ7em/Xfe7IWL1/8L0wO/zfunBg
cwoVpq2pob+xSPXVcbNoj8WFqTrZ0cpov5WWrWLYiw+XG9VbbW7VsGk+HiNlLiSV
JffQX0qyf6x34WGXQ9/OeuBNWFxAeY3tu5mqxjo/x6CzpHz9O6KFxpYB8KsqnuHN
TS5eOHnbnMM5qgP4QghQ/In9pPNSDD3oZ2wXP/Hss/NCu13DoP4A51lF74ioYQBk
Biy89yISzC5/gZCfyMfTbg44aXvfYPGKHnRegqaVhUMLlCx0lTPGqawD2VI9z6ZN
1W5ZVqn8ZQd4doEUzyE+O5x2Dkw+excUtT+HyKiofpFUT1Q3ydbFeSapo+y136Cf
Om0ERUbBxZ2LFz2P/PkuTVG0Mk9yFcHnvUBl82iTy1rJCtVXsB4CPE24zYzFbxHK
7kWFN/KcobQrXptlyV5ZnkI9Woi+SKlfO0rq7wLMBkDd5p2OyMFZ0zY8VaoWV/zL
Vk7El74cvoIeRIjavZCuYQVDcFCcr4ml06ujn6PLNab8MVZteNw2rIDyLZ+61BQW
RdVZgIN2U0MRJxJnzuXXxJ9Jf2oQPaPhmQmK1+gmPJ+j1YVCZHR9QmgT2uGBA6Jr
7oJ4MmB62Rhl1veFrBC0dywNOnIrwAHAIta1knOmyAA6RLtT8pkrptzfgUeF1xbm
e4uSr9vDqBvOGMi1nLuKaKSg8sA+1BwFjHI8vqQiQvoBh2zVPomknyDTQaFScv+s
vF6/w/xfs5QJxyGjEKY2fihbq4gsvR63+1XrILB2hby6l9U7KrIBlAMpyCbp8BuR
X0oeS0yOjSAVuZXXtvDZLAF8HkhlJJbda9K5yH4hIvs+OgFm+bTiYIVZlMoWmUqZ
jhTHsXH1zJD+n5lIagsgHlFAhqX+1/qntOPs+COqngg0ng7rQcJh337d5MiTxx3c
FoisaQbz8KxSX39lODwj3idCZ3jU4YtIL1FnQUi6OnRnr+3t6x74EMIBA3GqaUIL
QboCeArZRK2X4oiYUVxRqAX0SlPg/W/Nne093dffl8IMEaFcH6NSGqoIX4eTyF8P
bCi+BS9rkxQQ+M/ZozYdBvxqCV9GNLXj4LUQngLS7w9l4kDHyolP8siMjzBAwynh
gRsMy76b0b6pae0eKp7XZMxCG0+J0F9vr26mhP2/LNka951nXQC3T7B4GNxZhlC2
OtLyd37isezn44OlUUwbL90Dz/S5IRBlLuKgLnIsM7xaX/jq0IRhYlhfLFcNZ8FR
lGbzEtbrclhudQDRsg8rV4w7CwqlKo6eLXbRNPRekCLcEm9AvSCe4kzf4F9Upy9y
xkJUUovAo70zFDLbPXbeYxPpDj1LKNpSNi56bhdLRdHEtQGV+FEmM2harqCntBgM
OAcQvRRJ39hyoRqYpuyZBCnYoRx7DapM9uEjt6Y53b6VFQF9WsEuALNSyfroIUts
bP9TNc7/OoFcCT2qWccTa0BecS1ieEzWCrcMPD8ufQcSdkuS+4JiiVckxd9ktD9D
pJclHCJW0TmmEo5MrJo7pM9AcMy/8jRC1q4JiAs8Y/LjM1yzIZtKAxzIRbsclvEN
QdHPW7y90xrbuIe0dRMd3iSS8ws2NSW6Pcd+nHSwPFzbag9T2etzE+aviqAQTnsg
ljb93omI41LbmSog/JZt1fKNz91lYr+0estQ2uhpcw3xZWVD7/QvZ+yt/C4mG5qS
jzo6TD103NbqQ3128WTdqso2aPwJUSj40zW9HyjbyyUdFYLja5yEUNKljge6hqjb
Kz3eHON8WTHBYV+hGkcfT8s87sUueYeJaaWCFS+8OCWjio9Q65Q4/I4RTd4cJkLw
iV36Mouj1Qs4Z6XGYOvifFPsXs1tegtQEOhmnVOtawZrnFkkc94WvYHr7vrP8ztb
MyJqhfzu6F8BaZbqZWpK+s/iY5HUCYHtjP4N304qdNcKN+bMn+Hzhkaz3CrDxnYU
qOWyHp7Y0If3czbpkXAQ6jkbkxqnG9kn3rQHQHSpK+JIheFW21ZQdytdx1ztSIL9
iVdT9BUYSdC8QdnS1cEAfUU5gybUss6KEXuoetugnHn/C7SQTIGSvXfHXTPiX4wR
pnpFg52SyIe0mUV1eTtwvJbZQ045/ZXcasbiwywBb9mdhrTc1pR+sYx3ksNd2MYe
He87ImW02RgzMQF6+ED8HpoklK679TPJZ9+j6pmSdsd1WOsVoUO30p9TBl0X6CGU
W6thPYmZux1Ooza9HHsn3pS/JLsgNvl4CcpoBsOjpQdl1+jn6Z5KJgEegSJ+psm6
nNO25edakJCnKCxF0s4hSm5Qjdsyw/LAk4QtPfrB6nnNNIaK4SbJM02H6uP8KKDy
YQqsb1B1mcvW7Btahxpqrp6pmhYSoLPlcZo6KfNou/HAVe4zKIlHXKnHqGglB6zx
Ex1EWReDBieNiD9IgWBWsYYJLFgILxTv/3tV4VRj3j2pAa0v7ekzAjMF+1rTzpIQ
ugIC1JHo6bmWBP9GoUYeaXTnHxdVmejwY/UY3nLL5SitxUO6lf8Zh6qLviqgtNUP
bn+Qq2UE0xtRTm2RY2/IjTdA8416PNMUwsmZe3TZ+CtpjezHeCAk97nTr+lWwJa1
9+2XpL+zlZ5ZLvjxkl+XXE/p0PWkjkJcV7ji43knhcfEhQi/EncCUpEyPQ13i4+s
1VDW5U1BQWQrJ4+PJ1HHkWiMywxWNnFEeRypyjwByvT4KxBRvFySusqMf0tGr/jT
JZSlXyhmCBol3n+1UNVsv4Ia4Bxa1D+0d7UrUtYuOZlG2fBbhMIga3O+lAoNULog
msGQVjXh4mjIrbEEtHVrORNjMaTNq8gaiL8hqksOl/wgKoyHr7DMZ3My7/idG+gx
treOjsRSB5DKO9iCdMBXan2mgTg8Il6kiqu+dmCTPJi2KFmldceuWD2JNuAcEiBr
kbtin17YNqG+3I/UW9teHwIBwaHHSJQ8eoASFvE8SOW6SEiOnMLtzuShtIYh6/+Y
kc+wUsdroRVoSGKouWOUUGePq1BWNXXN7G+v8ELxy84AmRzseKrfdIc2nw07TsLI
5Wut2V+bk0gFkj9GPeEgWHDJGAQVjZPmxWFXnIMwhmPhHDMLwmVZYvLjZvuADS9/
ELAwp0um6EgjJE+lFdFkKKSOcFJ0hIm15RdiZif6Nh0vvPA3vndUYXZhtnOYoRnJ
416Zc+t/6ES/Zc/EfBwlkRJl1HP0sCkylt6RCyCxJsTpWIV6o4uOP515RbUIu4hW
cIi31Vx7OAtC+EmZ+5VSitwiroqES4RYADG0nh191Qh29U1YWXXstTmmULwIJrJj
b99VPloZyKDdnBL/9X+waBuN69fRN4xTLY+yC2W6p+r3C/NZo2Dr08HQOO+lFMUa
xpScsRPZ0lX9maNv81fOI7xWNvYmdPGB2EaaWG21WI48H1P/BtUHohRgLndTQ+cg
Cz8PjccRdDAJjRhqoAR4QgqLlWcIRkfCJHKDXc0EdYgbjevX0TeMUy2Psgtluqfq
ACDgXS5zEpBSsN0DT0e15+ZPEXicadF3mHAexBMaDfeEu8z3KcIDNhwyNu7M1qEz
PB9T/wbVB6IUYC53U0PnIHkyzWd1liKmrRKaT544H67V0Rrxh4qi1S+aGkoOyTUY
aOTY+72U98jKwao7W+R2hvq4wIVxT2BTou7tdK54z5JzClbsB6yLU+UuoPOAN/QG
pdaUysCKlKKqI1+yBeWhZTEWOqjNMXt7ca2L/M19gcKWHc7XUKX1FL1MrzIPlNVG
KnGApOQAXadSCZ5vBGOd5Rl/CiSl/lO9Wtwtu5edDxLRQn/9Deb/45OMxYOWmUIw
pw4n3WoI1uoIimFEvfoNQzgyEWapa2KymWbm1SYzNV/Rhd61MwXVPd2sE9YOsrJn
5WrRWcXPKNHH6n37xKlgIaTIDxPZ0CMK2XqRyjgwo/SI+Op6S8BMr4Ua8qOknvTz
G43r19E3jFMtj7ILZbqn6qBHvWJ3rtpL9DDl245fObdIIfdCe+8U3vFo9F+sq/yt
lMWzm1L1MQEorOUlIE4ywAUay6pgW+RVjSTthYtZH0x/cJnZVxwLMRnKx953NESB
5VPL+Fze+ULk5mBxgWFB48e/t/9MplHfMtQiSY8OvQENj85QzetB3j/YLaQMCCqi
P04rg0+M+O3XfjxXXVeswonzSoCOAhsW7gjBLOxQBNILnircMXHoiAY5IOwwmYJU
NjGR9pSrVqEZvsduuZw7/WU+m55C92NAl0pWLBw7UuhuMaxMfg8861Mx3SAUovtR
lywXWOcPdZKCoN8Am6/hoW6cp30ivXltCTnOIXbGq8MAHhqncZbIOlRUM4F6O4Xi
j/3VqAM1xWc2n9VWGLAzVtstCJ+l6pdtz6xVUVsL28yE+CSInEc2v5T3+5LbojOk
BlDjYON2rdN2fsl+t+w0kWUdjTf0F0Lhs7qmQpJRFX/Y1JFb9Tm1pqgpSSauU6Rd
+MOZv097p8RowadI4rJdHhGDdkK4VkNhRoYehYpyvNN4T4ayUEamzEnBmMqNVuQk
JWn9KxpbBAxg8Ua2m+dqTCPsb7XKNlNJ32YkvyJFsM768IALM278PqMzbiIfrYnS
P69XFnqTHSFTvk2JPo+/Rof0zEPozSlV40+vkY1qVpLWHOHSW59z3Vycu85S0E/p
iQBDnyhItOXqzhtIvAtf5KcvxZvHnQC+LfMTTwsYcpRHvctZCWHiqSujhISeOJuk
t8Ppw2ljb/zSl3CfF9XY19LTN5tK3LfE3dgK2FDzQE+7kplOOnWBKv/c8jmEmjnh
95UiU15Hzp5yta5uvJ/6ZGAEZxQkheedyQl4CnC8RZbxz7dIm/+qTuMH0/pxFAbz
msGQVjXh4mjIrbEEtHVrOS9C6iBUcJS4QAvNPTYKNM6KslD5wQtWa1YwtwTK/t+1
qOHUYIQku1unPH8cwiWw/OeIkWEPQzTr2tWFYn5Rgqj2D+P0rj1m5ju6m+aAioVf
pKQaYX46+VVlLfl48HLuNNVdqcKr871D4v51YqJ9xjr1bxeuvmPb7Y1b/6dZ+c9X
eEt8Gz1Szi7ck4qP+TJAZrs0h+JHMDLOhYCj2GwbHX776LICU1+I8w1e/hgjf4Hq
TW3YR9/Sc3CxzMh7BaslK5TbB/oDdU41Lskg84rxkvFDMz2EcLg4OYScVao326KH
zRs6sYK+y6UIlnXFeu2lIHLX5gg/1U+i1du8r4taN05FkwiJCtXTRLt4goaMTOmY
ntWRjCyRFqx+wUXTDdmLWmEapuPS0qGSvsRKTv+nR3fg286A6XN1yRLDOq3+tJrs
ks/bMlTmUUlNTopWy4qxnnKcggTF2l5bXh4RTpLp1qt+tdSYYESYb7rZUxSiWVu5
hUHHYvDZtsPWyfzM6cEiYKSOcFJ0hIm15RdiZif6Nh0vvPA3vndUYXZhtnOYoRnJ
416Zc+t/6ES/Zc/EfBwlkRJl1HP0sCkylt6RCyCxJsTpWIV6o4uOP515RbUIu4hW
cIi31Vx7OAtC+EmZ+5VSivHccwVZSnFRLBKTgd5HfS3mIOTEpAY+k9RqAH1GasX9
9wu9VReeN/HHsMvnHA5P+n82qR5lx4IKTNg0FqyGrNhHaPXRXRctCvoKHRyjpWom
QRJr2hmWBIm6x/Qhzqt1bfpM+19m6/5iiEX04hZaj25J5vzvgk1SeyXUXiQvlWbi
/kEppnytjrst5gCeYCWnRkOAvM2FxYd/zOKX0WzOadD6/A+dkoHCz0GSoOOXj7nm
K/ef78nmHWbxPBbDIgJQFzJDAt/xjyt6CVPxRVjP7LAeuUherIYcyOPVepSLYyjB
OA1URRHvxu+WfV6CZwXJLEl460NmqjeNXdyru0grFdOn5G54COVPLf7qC+LfYv+M
gQuwy+5cLGp+0ZAwYS2g9vXand8wtHPMHyMItoRXimX2eK0vjUdPmpe9IaXNZ8Cn
j9aUR0RNxhTxdQ6V4QarCDaoFDHbjDbclqNhhyFGfQnb45VizeZqUIazW3RBJzbD
J/PSY7oEwYo2kkO/HLr40ro8GYXzHaJjYd2bjUT7feKij+fFU9TRUJvH8HgugjXi
rsmqDmG/UwG0lipcAL87g8vtwnvQPb2f5Nflhi6hqiTIW9smh9lAf5qvKrBi6dNU
BlDjYON2rdN2fsl+t+w0kXuLkq/bw6gbzhjItZy7imgBwwSBdeZK/G2BAmyBOQrd
if/BUPISrT7eH939KDU1vZHR+w6qSOy0Z/Mk6EIIgOehcfxHMMLBVSXH7IDA9qwp
cvkzTquU94bZmREyuXMIC3ZTHlkT6T4hRLl5UAnnfCqd95vnj7VRUIRvSHIaitCX
YuLmx4cv16YEwIdtN1ZWqX8DbSjbYDeC24mVUxAdmuAQE+eJKt8ffYVxIsC8uiwq
e4uSr9vDqBvOGMi1nLuKaNWbZwPZzR/j/+jKbfTfLSBNAsTky1A733lVhtk2KlVA
T/BNTsPKICXwoxJ/jV38i84evLrfx4nu1LfNed+X/scllKVfKGYIGiXef7VQ1Wy/
WxyfvF2jZWGjPSpB6j9o0ywlb56yxHhKJ5IP4TcYkJggpOJx3w7V6gwQx4AMDzQF
MluQ2UY+N6dsNMM5snipwX9hiehzfiGAHdh7cEKQuIkCdj5clClEJQ4TvsWPoS7Z
oVBpCxuNuTFoogkhBTrlHXkhgUEtOsw5rIppnbCi3U5mh/VKkzWH+zKHMXJsfKNj
Os90yjRvzftPqmaPCnYVCOHmT+EkOZ6pVK++jtoSWXlcgy3mI5hBXVgBmaloAyzB
ofCwuQyr5RxjLVcTBjp3K8pFdCPHESvHKQFyXcQJXw94osQa05/7ovjKtkc9Geb8
vXz9YKq3nCaSbFCgWKQiVaFQaQsbjbkxaKIJIQU65R3D4gsuwEPEuT0nubZMcBQm
qA4NjDfdIqMKlw8Xkn9oDk+iXSfm0vIXy4isuVH7vZTxqMcSzbc1JVqbe9ux6wkJ
Nxz1vGjCSctbEIPlTxKsr6F4EZ/JTV5/lp2GpaFQzqozZr2X/kod/bOfMKVeX5FI
jT0GcuoNk+RP4a1bHAZ2jyEFQZelbiCvgZq0ssNj1/03CjM/BwrZKzHlwu9KH1sp
2g5dxX4aGL2r/p93HQGxUvMK4v+8wajGJxEjxpgh48uUSoJxBv6b4XKz03oxxqkc
agfcavnnAl+wOAuae727A3KDXkfqNExSffnklc/kyilrHzpj1stRuCyee3QJfXaZ
qVJ/5gMOY6NKUVrDq8gbFLNwgHO86uqRaqt4t98PQ81xxCW6ZWRdJCvmUQ+A7o+o
zsrsqYVh1qj6frqSvg4buZIaW3+j3MhR6hyeBSuskdIrEscblFpkG3mw1/50bAXe
RK0HlIY/g5zIB6siDg/HOlETwz+Mlj6sxAwtvGTeCrGODkCA7sCjj8Ni/fU90P6O
fYEV8+yoSHd+L07nAGGMk9zqD/VRxla0go7THM6N7zTPwWSpbFLprNgti3MFnRgR
VlpxZvy3+0wcVnOGoRZRDZoTNTQiaO4lUs6A/FKWFo7ZS1oi+qhegXDIumpeQJ2i
bYl10rzRhtHMXwZD8ykpDb1xdbD5Z0HEA1l6vxByRugFoxFEtUKB3wK8rnm+2VLm
yIG27TN6ZMOts5NIyQeMS78AUTHMB4fUBZsYH1qXsd4v36jMYvgeOdvoXoQxXWhz
6/H1+b4cw22AIvilIILoHyzaqCAMz39Ix2EeYWl3CrUgCxjvSpL082cYoS8Q2rIJ
oMoHafGktmAbWtIeFP0BmPdMWN2VTvV8H0oKrK5E/am1zzPguctEYxNF2j7MyiVj
vYsDKb7+vQoyE56ZjQBVtRJ2S5L7gmKJVyTF32S0P0MVl4mtfdfaf7Sk6jP6zL+j
tUF76rPE0PHRCTAPtLtOthQ5PPWllJ+82anoe8hUSUzcJnb1IpI2X2+ppc5H2OUD
LvEfsrubWWr5Hq9quimxjHUnyU+hFnll0gYGKV526VXx0CK4BUIfG2Ih6WeC8bzK
5XzeCsXEujtsboyqgaUvOzwXdgVYWHRVUZucQWaPi11ET9fzyn04H2aZeiwK38DE
Sa6x9/n3JMtju25p0WCKIUssghb4foKYJCenI4Cj2yNyT4jHu5Hr5gOXG/zEvVvs
qcflBFv0jeIk2z4BUnBoGU0uXjh525zDOaoD+EIIUPxtiXXSvNGG0cxfBkPzKSkN
F6vS8XelklUXw3LRgdGXlnm8hPgdKdhBzT8yygZxMsm3yrKkpiWyB0E+ErYEpdUj
5ZZ47jVBsMyDUswbjJ6DezgYkfCxeC0EjJjhG3Mp/LKdzcG7aPpZCHvQ4KjEWvnE
w+ILLsBDxLk9J7m2THAUJqgODYw33SKjCpcPF5J/aA4B4NCJS6Z6Jnw9zM046msa
nSvNHnrc3ueUC6XPWTwKFjcc9bxowknLWxCD5U8SrK+heBGfyU1ef5adhqWhUM6q
M2a9l/5KHf2znzClXl+RSI09BnLqDZPkT+GtWxwGdo9edf5Z2wFgrwrU/jw0Xxip
xx+eisY9LflAfm9M4i6HchcC1xXUPbCObE2DJryemdWYKJ92a+Pe0m4ZHG2GBNLw
vx3DueTvXuBgARV/FEBJf82Ph0iVdPDa8dDmtA3rF9hyg15H6jRMUn355JXP5Mop
qWbkNdxgmnu05hZ2S8F3t2IuP81jky63Zsomv0wDe/mcZWq+WI1xI76L86hBDYRM
ccQlumVkXSQr5lEPgO6PqM7K7KmFYdao+n66kr4OG7mSGlt/o9zIUeocngUrrJHS
Y/FstUi1NejcOVO6tYpBpWDbnpqz8VrSNa+tgC2Aq+R37IReDRFDJ39c8CQyNlJ0
pIWt5OatIGEBSuC8aLSkO8WKOrC0y91JtMgpzgy+GkjG41CB4wbJHBPR8kbUm3mB
rftYC7Q4PAvJ9yGdNarO1DYneqIotOr/s4VEnZyH9bgNaRYtdM9ZdTKyoXLnl0en
gXDxFtK5M1dLn/KDff7kirGA+SDdKcY0PtK9Anc2+nZpBisnlCR0selUUavqWYlD
QYa8dEycrmeVN3eZrF+mrbAnDojqpPpORRP0thQPe1x8gFBGF83thqRGRW/YGw9P
CS3+yUCG31Qne1/qj7zPXTQgfC6v3lPM/9CgDRieheaTOgyINidug6WqnigFmIlk
vLbBMqB+djaUDYf1a81xx32rI/GY1UanhbQcc+paj9Dv3MhwMh6Ey9aEClKgSNg2
sR5srSg58UWJEmetl3ppaX7hSOjgaz/Rc/0+JKWX42txp46uKwlH93BqI5ePQ0Kb
KdSNAF6oLAfTsrg3jO2x2aYh8iI7+UXHxEfyFutBDw+nIRP2oCe1v8FHzEjX/0X4
Se6TGnFaP2RD4YxE4qZR3QBPiWBlRZgVpGJ5VsCtDSjeM35L3S6QzCYRx+ljGrVd
KpxGyjYI1Vr3vCeETpZDUvujhJwo4LRuf61CeOsF7+PCoPpGxMx1wWy+I7C00/Ed
WgfMVWEZ+vuSSdjVW06Qr+Gt2Fl15/qJiNptntm7SM+x+LjlTLDzdAwCjAs21zLJ
ghfgqgHCCQdoWskgwjtROSvz2f8G8mhVqKyHFpGFdT9jEgVIRuHIamPEvQQbHSjj
vLbBMqB+djaUDYf1a81xx32rI/GY1UanhbQcc+paj9Dv3MhwMh6Ey9aEClKgSNg2
Uynv9QXTkKn31+jXZxylun7hSOjgaz/Rc/0+JKWX42txp46uKwlH93BqI5ePQ0Kb
KdSNAF6oLAfTsrg3jO2x2e2dxCRoYLziGeQCWZdcGLiB6nvotAMPsb8NWXE8Pdvs
Bcmr/3dUJhVkMYsqoEVjsSZelKg2pehyV2ULe1jiW0ZzPPt74QO9kOEFPVNViYFL
ZvP3VoN4XdXYYGAwF1F1MnlJ1ofKEIWyRzzgRkSBF1BSHzcVBEQhGcc61Z4/ZAq7
z3n6XnB8KczU4CdgA0B1U8LEmr3LPf1/Acg8cRy2WOO3e81v3LW6I5WGtwtfh8BI
WwIC+A45AhhBHaG6K5FabRJK3UifkoAYvB/+WPPmdQ0Dx0gI0eoDcE50fw/SWI2I
2DSyzxUwfqJ21yRoKOAM78a0nVD473FZJKn8weyvhPlOHA0slsZ6DuyyDpcfMQcK
ALNyB5grRTr24vej/onJmOIKy41rFi+Di2fFIb9hpK4wH7CtpGQgsrTl6gg266wE
zc+lvJJg1nXA0YnIzXSstC5fJGkHlOpU12ejVVqmTAmMRCMcy5LPBXDhbvzRtPto
00/W0KWTAfGNMyCyYgeBCrjWcJfEKQdk63YyIS5RbFSsiGWdTmfMc3wvGF7QqglY
gD1kCZhrvB3Mtzg+L1ag700DCMPmkhyFb0dvZHv+TXfH6oOFfc78GydWjACVetjs
NTQncReY9Jp3PlV1cxYqS2VD9iF8SIzvoAxzeaNozIkafYIVvyFKLWKXRXCVvbkV
Vgl8JAVCza/9iJvsCkCYFPgqX1T/yWFdtCduh397DlaUVxXRRt5CEg9i5IqYU8xK
vKasbv7VfbCqbQhUTWDaIk28d+zmKMCPfO+Ysve16j6H3enLmc2LHMFphzP+fQf2
MsWwnm/OdT3UaEtT6a01lk+2qZ7Oqtd0+G3ZddPxyl2dX5TteEKF4i6XlKtjM8Y+
hw76jKBrHl6micSb1krVX4WZU6c03uhslC2SirYP68yOF3ma+u7sghCjr4sy81aa
SidG+yjxtcn3FWCpFx2cZI+uoxPZGS+xlhjL0kemEmBhuelrq3TZ3pbvRpR3nF5c
Gx8iSnQRJiFO0h3n5xZRQGbz91aDeF3V2GBgMBdRdTJ5SdaHyhCFskc84EZEgRdQ
4Jc0MS2EZhdlcUGcGWMY8zNu/SzYjUy/EPNBcUfWTdEojJpRhrH/UtbcO7rY2dqt
g1t+xsEf6nw//vu/Lyp9ehsVKzTZI5pR4AXB544wx7LQ4dtYfLyuGPT/ggtXm6xZ
MLw9HMWE0c1V2WXtNmdFJ8q8BeqVPO9p2AffJbMl0xQ80OACBSUV/OjlJdY1kSbP
UvMGvbX7REJZuMMS1wYY92DuwFlsSKtNoDaIqqjg4UWJMKRrNN05WE73HIO2Iw42
2qYuE7XaDHLB7lly04b40rl2PU553M43B1ZWsbzqtgLU53i7PlZR04jrItVDBJ1y
C7GCiCALNa1twzXB+RU+vsb+XodwoFmQ1xJaN0i+ybWOA/qw+g7o0Zw70dRvfkTz
Se6TGnFaP2RD4YxE4qZR3c3Q4w5x3wYBVFZWxtAvq7OTw7DScTGlYoWryldgPhpf
KpxGyjYI1Vr3vCeETpZDUvujhJwo4LRuf61CeOsF7+PCoPpGxMx1wWy+I7C00/Ed
WgfMVWEZ+vuSSdjVW06Qr+Gt2Fl15/qJiNptntm7SM9E3iycc69+ALUCbnB1Je0h
hezziFBI7F7SViV+pYeACaRDyXA7+kMo+rd4FmEOI83qUtJZxmOG9QWPUNnnYIZa
qNyanqq1hEC/GOxqA3rXc23dI3zb9Kg2r1lymIHc8/g8KVIyS6T64FMJHENCHTFJ
O+eH/Z8YeWQVisRqOfp84J0NTSjoBKie+i0t0RQmGKxPPB6CXiXzTWY5uporhsjk
3zXDEHH3zkvXUEFlDhCjewB19rxWCkXl+OlvEArwj09TUTQjWJNTpotZ38DmtZdS
LMdvPieGUGUBhyUrPDZBEkNUGssLvWxf7KrzgRQxVKBs308e80LRWdsc9WO8z0qU
yZR7VNxVNgrL6wjgDTHpP3pXJPUJZmp6KF8zbjjGmJhqTgmbrAMKabnc0+QrPHOM
gveMD1vxGmWcNMN2LtLfhSB9KrZ4elG1DW68I9OUvoycDUsUuVj6g2BGeTx/QJwY
hdo6QKvOLPFJRjRAYDrk04Bi2OYc8WpXWygQLQxgDeFwPCVxWMOueLhO29rf+tuv
+wbZg18jWSn3wfTrU5TUuT0vth5HVV+hkz02H4IveiLPVorMl9L22uy1sgM2MxRr
PhF8jkDab8nDTP86Cq9TDLKYSOCD9TIPMcwHEfqQW65ama1dmNnBFZ3JAokfMfwc
Ez8GZh8QCAzfG7UCr7yfSq3OgRKaQOhKygzapHGOJc8S4s2ayaJdxW3auZhEbwKN
HS4a6JULvt9owP75GyjCudOgKo7S99H04Ci+AD5j7lWEtg+CLaq7A3KRHlzm3GGp
dyo24LqJMorpMefjySxxk3STOhfczcHBn8FOC9AfIqlyID7p+fnmlVHsuLajnT8I
zQ7Tm5OBRjxccaKp20BGK2ev7e3rHvgQwgEDcappQgt0HaBjp0wpM9SZ0uFEU3ks
7KDWfdYvx9T7PnmbBRxlPMktiWnvDceI9GRPNEG6HhrwO5CImPbKLVWYnwXALsb0
8MZqJbRZTXBrlv4OlijbGb5tiMQOivsaswVxjQaq11hjEgVIRuHIamPEvQQbHSjj
vLbBMqB+djaUDYf1a81xx5LasZ7Oj9MNJKeP4Ex+nKDhnFNu3kk5QjtuZYfAg868
HrG8BT/PzZozDNqu4iofBM95+l5wfCnM1OAnYANAdVOU7csBeVvrNBBm7/+EyjPl
sALxXSU0EtIp6biBikmww1sCAvgOOQIYQR2huiuRWm0SSt1In5KAGLwf/ljz5nUN
A8dICNHqA3BOdH8P0liNiNg0ss8VMH6idtckaCjgDO/GtJ1Q+O9xWSSp/MHsr4T5
ThwNLJbGeg7ssg6XHzEHCgCzcgeYK0U69uL3o/6JyZjiCsuNaxYvg4tnxSG/YaSu
MB+wraRkILK05eoINuusBM3PpbySYNZ1wNGJyM10rLQuXyRpB5TqVNdno1VapkwJ
jEQjHMuSzwVw4W780bT7aNNP1tClkwHxjTMgsmIHgQoblFUs/NGCpi4Y7TRWewMI
P0teWehvwyx7nFJmOOPwGoA9ZAmYa7wdzLc4Pi9WoO9NAwjD5pIchW9Hb2R7/k13
x+qDhX3O/BsnVowAlXrY7DU0J3EXmPSadz5VdXMWKktlQ/YhfEiM76AMc3mjaMyJ
Gn2CFb8hSi1il0Vwlb25FVYJfCQFQs2v/Yib7ApAmBT4Kl9U/8lhXbQnbod/ew5W
lFcV0UbeQhIPYuSKmFPMSrymrG7+1X2wqm0IVE1g2iJNvHfs5ijAj3zvmLL3teo+
h93py5nNixzBaYcz/n0H9jLFsJ5vznU91GhLU+mtNZbLcVjhOhKTvI3ys3Vd3fs5
ikKG8rKOIcq+E234LhdEMocO+oygax5eponEm9ZK1V+FmVOnNN7obJQtkoq2D+vM
jhd5mvru7IIQo6+LMvNWmoO5zsU/qQMmG7j3G/yfMxHnqwJQyrj1Ydw6wg6VgjRD
YQRoYgIB/xywMupZSZX/IYlhDxvlCA78k0KMti706bu3DCMyFhL9gLvz7SCw4Quk
iLSUIS98wRGZb9COaw2iqIpChvKyjiHKvhNt+C4XRDLNpWUmvscdm4IwAnKEhrsh
HbJ2+IopKiV7pSHJmW20yq7MuK1PRc6Eg0Le7LMrHa7U53i7PlZR04jrItVDBJ1y
C7GCiCALNa1twzXB+RU+vsb+XodwoFmQ1xJaN0i+ybWOA/qw+g7o0Zw70dRvfkTz
Se6TGnFaP2RD4YxE4qZR3QFaSwzNtGJ6W2EkhwUjZTUp1I0AXqgsB9OyuDeM7bHZ
3dh6nBueRDcq2/1xVK1vgulyZdu8sYIZsTXcjI7IamNjcDUFOTms+uFeo/9Sbbw/
Vfq4ScBKqBWMB8ZqQHFAnfKrMjYk09lJBcf4Lr+ky0fE67LoFShyptNZKKeg83ys
TNyIq8rOjqCbfY7MzOKQyTUZhrOlwWdlxDf0vCivuvItCVWHUcRfENhek2k6Kwa+
MDOB5+cyn5yPJQAquJy+C2T9QzVmluPZlUpjkramBp5TUTQjWJNTpotZ38DmtZdS
5pib2JyvJCeRb1HN93DRzwjfNowf+fGtAB331Hs/yz7fGcbaqOxjADIyJs2mgRX+
YH9GcUL+bWTY/pVdVDDb9scfnorGPS35QH5vTOIuh3JtpYrdBNEFOQjghALy21JI
FUuGLCs+Jg67v1Uc9yQHqOy9r2xQNjFB2baZYqshOz6cRnaR+P21vZ+DmxPjESFQ
7Xnxu8r5wisp+AXPjWeAQHTS5amPqe17T7vLocunO+voNFFdbTi/GvyU5bRtznrW
ugIC1JHo6bmWBP9GoUYeaSXsQ7M6LTfe0eMKGs2/BDvkpjxCZKjix3bOiEPIOePj
l3yvIw/AYd0j9LtHL5bujdcaOM2sgheNDMF66yixjm70fBQ2GVYeSF0SG9Fkk1z/
KNP20HHcd8OJEjkxqTczdDhJnvl+K7Iye3MXOflOaWM7V+PZ63VmDcfvbE7LzQfy
M6EATnBuBjU+TighMK5oyuWQaEIpMc7F7xpuTgapnH5h1nTY62KK5+tsJyJJlax8
ugIC1JHo6bmWBP9GoUYeaUPYJzczSw66WS4bPQU0iwHPnOFcp4aCN6B6ug08pqbB
+Dj3lqS9eRsFucZBt8EBEHvdwO9P5fLgOunHChY9YO7wgJ/K0SfAp5CSmeV7nLoQ
9dbgSj9s/mGqL4TKfrcQwR+z5Vja/5AxuX9aGu4391qlc1pCVKjgCbn4DhDnxlIu
5PCvWFig7qKpIU1U+CdULdLixab/xhlqSU1dVxDJZU7ZysHW7ss7VzWO6hONC13T
ObVrMceMd5dfpjp+U2xZQvR8FDYZVh5IXRIb0WSTXP8o0/bQcdx3w4kSOTGpNzN0
OEme+X4rsjJ7cxc5+U5pYztX49nrdWYNx+9sTsvNB/KIqSkvdvhG7X4y5l96fM+F
5ZBoQikxzsXvGm5OBqmcfgNnbka+yVxOxm4lWxA/h+s5iZYUlDV0c54kfZQCmh1U
Q9gnNzNLDrpZLhs9BTSLAc+c4VynhoI3oHq6DTympsH4OPeWpL15GwW5xkG3wQEQ
e93A70/l8uA66ccKFj1g7vCAn8rRJ8CnkJKZ5XucuhD11uBKP2z+YaovhMp+txDB
GLN5h8a1Z1qWP+zb+E2WydCTnLQVEdHBSBhi7xfOzHjk8K9YWKDuoqkhTVT4J1Qt
0uLFpv/GGWpJTV1XEMllTtnKwdbuyztXNY7qE40LXdNSb3D6rdEHZPXtwb7xjd/P
9HwUNhlWHkhdEhvRZJNc/yjT9tBx3HfDiRI5Mak3M3Q4SZ75fiuyMntzFzn5Tmlj
O1fj2et1Zg3H72xOy80H8vCfeyHKPG9HOhQXkbt8MnvlkGhCKTHOxe8abk4GqZx+
a5W5IhzZKgfTtkVkWoIAYj8hy7YG1xGFG+N3QIQxiPtD2Cc3M0sOulkuGz0FNIsB
z5zhXKeGgjegeroNPKamwfg495akvXkbBbnGQbfBARB73cDvT+Xy4DrpxwoWPWDu
8ICfytEnwKeQkpnle5y6EPXW4Eo/bP5hqi+Eyn63EMGdDU0o6ASonvotLdEUJhis
TMyQSahP48tj7q298D+xT+Twr1hYoO6iqSFNVPgnVC3S4sWm/8YZaklNXVcQyWVO
2crB1u7LO1c1juoTjQtd0/5bg4Pbwx+cHJLo9dbKzVr/xvgyfQi90vp8B1rhaSSs
FZ1fmpRVpv/woGBNm49Av5MD4IQ/Ml99lYWfe6gDi+sjv1R6Oo3rN1PjL5B1mGqP
jt9UBy6Fk20aV+Fz151W+ppb+OKg0ryoK9fu7CZ7em/1+TsP6L9KOQnQW2DgbFHi
Wm6wBDy4V3g+k+s8e7mqZcCdZNAL5SBfrd94eGcbWO+ZqyW68jUT2tEqEF4FGAr/
8GIRFSQzzABxlfaJmclSXfmD/XAd/L1KTFTekWWyHrIlBSh87xWTCELGWRZ+6iYZ
JTUbRHqKFHqxVmmbwi8YP895+l5wfCnM1OAnYANAdVMrq76wN/AXMkr70S8dnkSv
9BEJes8wXbs9jI6SeLvi97z1FMI0bup6M3PZ9DALiRaYov1jiMaSbS0hRAYfjcSv
egq+LY203kXD/fiOzLp7M5l2Nb2jjidjnGv+wWlLFPc7Z/BFu8EjrhUEkqUSxFEu
oKS9SANwdQSncNrhDJLEZrGpyEFD/EkKdx6Jrq+4tu8rdocV3CKBuPRPX/LLg8hk
yQrVV7AeAjxNuM2MxW8RyvRjhrVhePYgbPyQsVpUBpOnwbDykVcsSmiW2MS/b3Uy
wAtXdrrIFLfok4JpJDiIhgwbWaUJKTmbv0Z7pqXwkMQoPRoNF3gcuPn6SbKarYDt
VBcjC77YsSJxzzdEQ4gGs3RtNNOfzEix5Jax0+5+588k8e3qdj8p1XdS2nsGm6HP
ZMtS6H3t0TkFXq8OFbYCFDDrTlHRt2/SyBgv6tlR9M6Dt07u3wEnTGRIqmGxjt/J
QEy3gA+hxs4IcvhGIK2LwEUIYsWZLdw1YugqjOER5uhAo7uxDTk3SWIWcDxl/QYE
Kbxuhx6TAPlkqfu4PyhiVU+kEASQYoEDVsfj9uqcr5NGkeK/f5d7n3jvLVFQtlBS
ov77sSXWo8WnshY5OlZ239hXF1vWZFJTgnzSQiDRrpVMJ5jzUaRc4cXGInDS8ahm
3MW3WIyMLxmYrGlQTS8P0QpP/piUhXedyQFndMFrjhDoNyiVWLuYCWJapdibshEE
xvbIysRkPEbQmgS6WSSl+gbGDZ1OY7QNbnu40JgJRN7Tz1bJOL3vWvGcqYWQGQb9
ZGTI+ClTgDoJ76ZN+HOPn9QDMwg704Me73xz0zPmSSX3+MQ4pequsBFmuya0FqB+
51Hj8bqaWslxeSG8L/5KI5dnWPt3sN9V9o89K6opm8FkiJhwPJwPCcnCwMHFFrl8
a+OqB9nmywkEoki3C7ni7LqEg8dwEfg49kM3r1zyDdkK+IuUYnqbW5pe6gxrjf7H
rUi3GJ6eedjfe42lOwBUOawoW8S7fSQ8/pWobay6PsxCu13DoP4A51lF74ioYQBk
bBfjNxs7bhMNnQA98SdwkelspbzTjUERkE+zKGnU4aX7BtmDXyNZKffB9OtTlNS5
/phidEk5ORVSi++NLj/bPJdnWPt3sN9V9o89K6opm8F0qpkGeyKFe1hX/xbJB1m7
YiTl0OqBWxXtCiAB0Qc88OJZdMKllN7/2ABfCqDdOkgyb3bCz0d8deBcX6BJ1psD
lKB8zZ1ubvOsdDrLkbG74jRvZdi8nxAlfcf9f8w1waoBWksMzbRielthJIcFI2U1
Nw0MHOeO4+WSKMRGbzMeCCYgMksmQcA7AGTrB7+2Ra/aIlnZTRBajnkNfugmWEiQ
MKE+hdvQiZhqtGjyGpwqLWaOamdTdhrPBv4CUzPyXR9x0CQ8fIovM6cSoBp0fJix
ti/fzZ9htH9i5MY5GLz6Qg==
